// !$*UTF8*$!
{
	archiveVersion = 1;
	classes = {
	};
	objectVersion = 46;
	objects = {
/* Begin PBXBuildFile section */
		0207DA581B56EA530066E2B4 /* Images.xcassets in Resources */ = {isa = PBXBuildFile; fileRef = 0207DA571B56EA530066E2B4 /* Images.xcassets */; };
		1D3623260D0F684500981E51 /* AppDelegate.m in Sources */ = {isa = PBXBuildFile; fileRef = 1D3623250D0F684500981E51 /* AppDelegate.m */; };
		1D60589B0D05DD56006BFB54 /* main.m in Sources */ = {isa = PBXBuildFile; fileRef = 29B97316FDCFA39411CA2CEA /* main.m */; };
		301BF552109A68D80062928A /* libCordova.a in Frameworks */ = {isa = PBXBuildFile; fileRef = 301BF535109A57CC0062928A /* libCordova.a */; };
		302D95F114D2391D003F00A1 /* MainViewController.m in Sources */ = {isa = PBXBuildFile; fileRef = 302D95EF14D2391D003F00A1 /* MainViewController.m */; };
		302D95F214D2391D003F00A1 /* MainViewController.xib in Resources */ = {isa = PBXBuildFile; fileRef = 302D95F014D2391D003F00A1 /* MainViewController.xib */; };
		3047A5121AB8059700498E2A /* build-debug.xcconfig in Resources */ = {isa = PBXBuildFile; fileRef = 3047A50F1AB8059700498E2A /* build-debug.xcconfig */; };
		3047A5131AB8059700498E2A /* build-release.xcconfig in Resources */ = {isa = PBXBuildFile; fileRef = 3047A5101AB8059700498E2A /* build-release.xcconfig */; };
		3047A5141AB8059700498E2A /* build.xcconfig in Resources */ = {isa = PBXBuildFile; fileRef = 3047A5111AB8059700498E2A /* build.xcconfig */; };
		44B5AC39F7A54AD98459D71C /* AppVersion.m in Sources */ = {isa = PBXBuildFile; fileRef = 710399C6ED0D40D590D8DFF8 /* AppVersion.m */; };
		2F8AE074BB0C4773817A378E /* RareloopAppVersion.m in Sources */ = {isa = PBXBuildFile; fileRef = AA8EAE2A719D4E7C82C0AA70 /* RareloopAppVersion.m */; };
		D3B0F418B99E4DF7A0C5339C /* UIImage+CropScaleOrientation.m in Sources */ = {isa = PBXBuildFile; fileRef = 24E28F850F5E4CDB9CBA974D /* UIImage+CropScaleOrientation.m */; };
		78E61A46BE4B4F54983523A1 /* CDVCamera.m in Sources */ = {isa = PBXBuildFile; fileRef = 9475A4C5B37E44758EA9D032 /* CDVCamera.m */; };
		4C414BF8317941A1BD0C55BF /* CDVJpegHeaderWriter.m in Sources */ = {isa = PBXBuildFile; fileRef = A2BE2ABD95464BC5B7651CB0 /* CDVJpegHeaderWriter.m */; };
		2B8CF78523C24ABEB2B7860F /* ImageIO.framework in Frameworks */ = {isa = PBXBuildFile; fileRef = 210C91814AD74FB0805EC6DC /* ImageIO.framework */; settings = {ATTRIBUTES = (Weak, ); }; };
		917E9443F2984885BEA84183 /* CoreLocation.framework in Frameworks */ = {isa = PBXBuildFile; fileRef = CCB2F3AF50C546DBA0365EEA /* CoreLocation.framework */; };
		7CB438BA0DA542139A4A5624 /* AVFoundation.framework in Frameworks */ = {isa = PBXBuildFile; fileRef = A6AC9FCF005D4A59878EB7FF /* AVFoundation.framework */; };
		5E60DC57CAE64F80B0A794C7 /* CDVDevice.m in Sources */ = {isa = PBXBuildFile; fileRef = 1B37186E1081492A808ACE45 /* CDVDevice.m */; };
		8ACE6A8E2B3E45F480C147AD /* CDVFile.m in Sources */ = {isa = PBXBuildFile; fileRef = B34F62C60063487DA41AA7AF /* CDVFile.m */; };
		94E26D8284544AB4914A7554 /* CDVLocalFilesystem.m in Sources */ = {isa = PBXBuildFile; fileRef = 706C15BA3686448CAC313C0F /* CDVLocalFilesystem.m */; };
		C28A4CBE0CDF4146B9549EEC /* CDVAssetLibraryFilesystem.m in Sources */ = {isa = PBXBuildFile; fileRef = E260897CFC7E4241831FBDBC /* CDVAssetLibraryFilesystem.m */; };
		EA01794FECE546F097C85E49 /* FileOpener2.m in Sources */ = {isa = PBXBuildFile; fileRef = 9FF6FDA768434B69B9ABC800 /* FileOpener2.m */; };
		7FD325B191954582A020D5D4 /* CDVFileTransfer.m in Sources */ = {isa = PBXBuildFile; fileRef = 5ADA2BCEBA8F4C838BB5F06E /* CDVFileTransfer.m */; };
		638EFD3CE6674E4CBAEC17C3 /* CDVLocation.m in Sources */ = {isa = PBXBuildFile; fileRef = 39D0CFFEF04448B59ECA60DB /* CDVLocation.m */; };
		7483279B4132458AA2595E46 /* CDVConnection.m in Sources */ = {isa = PBXBuildFile; fileRef = D1603E8568564EC2A68444C7 /* CDVConnection.m */; };
		302AF47918C64C208DF80E04 /* CDVReachability.m in Sources */ = {isa = PBXBuildFile; fileRef = 1DBBA1A18F1E4D1F911B6FBF /* CDVReachability.m */; };
		D394C359BD454781894AED62 /* SystemConfiguration.framework in Frameworks */ = {isa = PBXBuildFile; fileRef = E6762F5FABFD42B4954FBA9D /* SystemConfiguration.framework */; settings = {ATTRIBUTES = (Weak, ); }; };
		CC2EF911B92345919F8F127A /* CoreTelephony.framework in Frameworks */ = {isa = PBXBuildFile; fileRef = 4EB70D3A22D34140A7045B2D /* CoreTelephony.framework */; };
		E7E8BCCACCC443E791BBE719 /* CDVSplashScreen.m in Sources */ = {isa = PBXBuildFile; fileRef = D3C9B58CE29647E3B3BA1774 /* CDVSplashScreen.m */; };
		022A957150844C7EB64C6FA0 /* CDVViewController+SplashScreen.m in Sources */ = {isa = PBXBuildFile; fileRef = BA5E9042CB634BEC82887DE6 /* CDVViewController+SplashScreen.m */; };
		2361C7B718054FF29D0E4622 /* SSZipArchive.m in Sources */ = {isa = PBXBuildFile; fileRef = C4729D0B35B74B8CB5430BAC /* SSZipArchive.m */; };
		8A065A4BAE574D6196C23983 /* zip.c in Resources */ = {isa = PBXBuildFile; fileRef = 063C04DB02D04033AB736A92 /* zip.c */; };
		E97CEC869AA44D31A25B58E5 /* unzip.c in Resources */ = {isa = PBXBuildFile; fileRef = 19B3283FC82E491B8030C9A5 /* unzip.c */; };
		E13872C250B34EC38199AFBF /* ioapi.c in Resources */ = {isa = PBXBuildFile; fileRef = 68138ADA25344E98A428A620 /* ioapi.c */; };
		9B386EC77B71442183E4D746 /* crypt.c in Resources */ = {isa = PBXBuildFile; fileRef = 25DDFD8AF7294823B4951263 /* crypt.c */; };
		7194C190E6404FB1BB51FFA5 /* ioapi_buf.c in Resources */ = {isa = PBXBuildFile; fileRef = 6A437CF9FFD54503AB9D3158 /* ioapi_buf.c */; };
		9C305D16B5784786AC6E80F7 /* ioapi_mem.c in Resources */ = {isa = PBXBuildFile; fileRef = FBC9AC7382A344ACBC754EA4 /* ioapi_mem.c */; };
		EF09F1A915B44B058F397CF6 /* minishared.c in Resources */ = {isa = PBXBuildFile; fileRef = 5C244E51DF704AE8A45BD3D0 /* minishared.c */; };
		0B03417D73A4442DA58D5CB4 /* aes_ni.c in Resources */ = {isa = PBXBuildFile; fileRef = 5286DE76EBCC4BC29FBFCA82 /* aes_ni.c */; };
		AFEB39CB608743318AEB53E9 /* aescrypt.c in Resources */ = {isa = PBXBuildFile; fileRef = 2A97FFAD23E54BE48E02C19D /* aescrypt.c */; };
		E3A06174C7A847369E08A343 /* aeskey.c in Resources */ = {isa = PBXBuildFile; fileRef = E592684AD6284BA58FE062E9 /* aeskey.c */; };
		DE25AA5016ED42E1B9DADB46 /* aestab.c in Resources */ = {isa = PBXBuildFile; fileRef = 82A4B7DCAAA14B51B735BDD0 /* aestab.c */; };
		B3D8269BB8D04D2F91E50109 /* fileenc.c in Resources */ = {isa = PBXBuildFile; fileRef = 48E81FEE361E42B6931DAAD5 /* fileenc.c */; };
		786B9D338F7A433C853803BB /* hmac.c in Resources */ = {isa = PBXBuildFile; fileRef = 72A6F9239C8C493C80A61381 /* hmac.c */; };
		BC55451EAB8347DA8B170EE3 /* prng.c in Resources */ = {isa = PBXBuildFile; fileRef = 9486E8A97FFA4745896DF23A /* prng.c */; };
		80BDD890A46E4821B55CE488 /* pwd2key.c in Resources */ = {isa = PBXBuildFile; fileRef = 1A3BF00DE5624C1E9EE29CF6 /* pwd2key.c */; };
		1F4652E3E743444B96BA227E /* sha1.c in Resources */ = {isa = PBXBuildFile; fileRef = A68C5E1FD9AF49E8BB6A2960 /* sha1.c */; };
		69A518094E864C18A9D8E480 /* libz.dylib in Frameworks */ = {isa = PBXBuildFile; fileRef = 0DBCD762A30E4392A8661C63 /* libz.dylib */; };
		B3234F4EDB9D4394A3511EC9 /* SQLitePlugin.m in Sources */ = {isa = PBXBuildFile; fileRef = 833C5E5FBF854C7E91AA0CA3 /* SQLitePlugin.m */; };
		9641518555DA4F529B75CE2F /* PSPDFThreadSafeMutableDictionary.m in Sources */ = {isa = PBXBuildFile; fileRef = 07CAC5DFA82E4AE8B9B64A81 /* PSPDFThreadSafeMutableDictionary.m */; settings = {COMPILER_FLAGS = "-w"; }; };
		3247931303814EE9BFCA8E6B /* sqlite3.c in Resources */ = {isa = PBXBuildFile; fileRef = F281297720884E25963511AE /* sqlite3.c */; settings = {COMPILER_FLAGS = "-w -DSQLITE_THREADSAFE=1 -DSQLITE_DEFAULT_SYNCHRONOUS=3 -DSQLITE_DEFAULT_MEMSTATUS=0 -DSQLITE_OMIT_DECLTYPE -DSQLITE_OMIT_DEPRECATED -DSQLITE_OMIT_PROGRESS_CALLBACK -DSQLITE_OMIT_SHARED_CACHE -DSQLITE_TEMP_STORE=2 -DSQLITE_OMIT_LOAD_EXTENSION -DSQLITE_ENABLE_FTS3 -DSQLITE_ENABLE_FTS3_PARENTHESIS -DSQLITE_ENABLE_FTS4 -DSQLITE_ENABLE_RTREE -DSQLITE_DEFAULT_PAGE_SIZE=1024 -DSQLITE_DEFAULT_CACHE_SIZE=2000"; }; };
/* End PBXBuildFile section */

/* Begin PBXContainerItemProxy section */
		301BF534109A57CC0062928A /* PBXContainerItemProxy */ = {
			isa = PBXContainerItemProxy;
			containerPortal = 301BF52D109A57CC0062928A /* CordovaLib.xcodeproj */;
			proxyType = 2;
			remoteGlobalIDString = D2AAC07E0554694100DB518D;
			remoteInfo = CordovaLib;
		};
		301BF550109A68C00062928A /* PBXContainerItemProxy */ = {
			isa = PBXContainerItemProxy;
			containerPortal = 301BF52D109A57CC0062928A /* CordovaLib.xcodeproj */;
			proxyType = 1;
			remoteGlobalIDString = D2AAC07D0554694100DB518D;
			remoteInfo = CordovaLib;
		};
/* End PBXContainerItemProxy section */

/* Begin PBXFileReference section */
		0207DA571B56EA530066E2B4 /* Images.xcassets */ = {isa = PBXFileReference; lastKnownFileType = folder.assetcatalog; name = Images.xcassets; path = "ESFA - Enterprise Surveillance Field App/Images.xcassets"; sourceTree = SOURCE_ROOT; };
		1D3623240D0F684500981E51 /* AppDelegate.h */ = {isa = PBXFileReference; fileEncoding = 4; lastKnownFileType = sourcecode.c.h; path = AppDelegate.h; sourceTree = "<group>"; };
		1D3623250D0F684500981E51 /* AppDelegate.m */ = {isa = PBXFileReference; fileEncoding = 4; lastKnownFileType = sourcecode.c.objc; path = AppDelegate.m; sourceTree = "<group>"; };
		1D6058910D05DD3D006BFB54 /* ESFA - Enterprise Surveillance Field App.app */ = {isa = PBXFileReference; explicitFileType = wrapper.application; includeInIndex = 0; path = "ESFA - Enterprise Surveillance Field App.app"; sourceTree = BUILT_PRODUCTS_DIR; };
		29B97316FDCFA39411CA2CEA /* main.m */ = {isa = PBXFileReference; fileEncoding = 4; lastKnownFileType = sourcecode.c.objc; path = main.m; sourceTree = "<group>"; };
		301BF52D109A57CC0062928A /* CordovaLib.xcodeproj */ = {isa = PBXFileReference; lastKnownFileType = "wrapper.pb-project"; name = CordovaLib.xcodeproj; path = CordovaLib/CordovaLib.xcodeproj; sourceTree = "<group>"; };
		301BF56E109A69640062928A /* www */ = {isa = PBXFileReference; lastKnownFileType = folder; path = www; sourceTree = SOURCE_ROOT; };
		302D95EE14D2391D003F00A1 /* MainViewController.h */ = {isa = PBXFileReference; fileEncoding = 4; lastKnownFileType = sourcecode.c.h; path = MainViewController.h; sourceTree = "<group>"; };
		302D95EF14D2391D003F00A1 /* MainViewController.m */ = {isa = PBXFileReference; fileEncoding = 4; lastKnownFileType = sourcecode.c.objc; path = MainViewController.m; sourceTree = "<group>"; };
		302D95F014D2391D003F00A1 /* MainViewController.xib */ = {isa = PBXFileReference; fileEncoding = 4; lastKnownFileType = file.xib; path = MainViewController.xib; sourceTree = "<group>"; };
		3047A50F1AB8059700498E2A /* build-debug.xcconfig */ = {isa = PBXFileReference; fileEncoding = 4; lastKnownFileType = text.xcconfig; name = "build-debug.xcconfig"; path = cordova/build-debug.xcconfig; sourceTree = SOURCE_ROOT; };
		3047A5101AB8059700498E2A /* build-release.xcconfig */ = {isa = PBXFileReference; fileEncoding = 4; lastKnownFileType = text.xcconfig; name = "build-release.xcconfig"; path = cordova/build-release.xcconfig; sourceTree = SOURCE_ROOT; };
		3047A5111AB8059700498E2A /* build.xcconfig */ = {isa = PBXFileReference; fileEncoding = 4; lastKnownFileType = text.xcconfig; name = build.xcconfig; path = cordova/build.xcconfig; sourceTree = SOURCE_ROOT; };
		32CA4F630368D1EE00C91783 /* ESFA - Enterprise Surveillance Field App-Prefix.pch */ = {isa = PBXFileReference; fileEncoding = 4; lastKnownFileType = sourcecode.c.h; path = "ESFA - Enterprise Surveillance Field App-Prefix.pch"; sourceTree = "<group>"; };
		8D1107310486CEB800E47090 /* ESFA - Enterprise Surveillance Field App-Info.plist */ = {isa = PBXFileReference; fileEncoding = 4; lastKnownFileType = text.plist.xml; name = "ESFA - Enterprise Surveillance Field App-Info.plist"; path = "ESFA - Enterprise Surveillance Field App/ESFA - Enterprise Surveillance Field App-Info.plist"; plistStructureDefinitionIdentifier = "com.apple.xcode.plist.structure-definition.iphone.info-plist"; sourceTree = SOURCE_ROOT; };
		EB87FDF31871DA8E0020F90C /* www */ = {isa = PBXFileReference; lastKnownFileType = folder; name = www; path = ../../www; sourceTree = "<group>"; };
		EB87FDF41871DAF40020F90C /* config.xml */ = {isa = PBXFileReference; lastKnownFileType = text.xml; name = config.xml; path = ../../config.xml; sourceTree = "<group>"; };
		F840E1F0165FE0F500CFE078 /* config.xml */ = {isa = PBXFileReference; lastKnownFileType = text.xml; name = config.xml; path = "ESFA - Enterprise Surveillance Field App/config.xml"; sourceTree = "<group>"; };
		ED33DF2A687741AEAF9F8254 /* Bridging-Header.h */ = {isa = PBXFileReference; fileEncoding = 4; lastKnownFileType = sourcecode.c.h; name = "Bridging-Header.h"; path = "Bridging-Header.h"; sourceTree = "<group>"; };
		710399C6ED0D40D590D8DFF8 /* AppVersion.m */ = {isa = PBXFileReference; name = "AppVersion.m"; path = "cordova-plugin-app-version/AppVersion.m"; sourceTree = "<group>"; fileEncoding = 4; lastKnownFileType = sourcecode.c.objc; explicitFileType = undefined; includeInIndex = 0; };
		D32565030F364718B80F5FE6 /* AppVersion.h */ = {isa = PBXFileReference; name = "AppVersion.h"; path = "cordova-plugin-app-version/AppVersion.h"; sourceTree = "<group>"; fileEncoding = 4; lastKnownFileType = sourcecode.c.h; explicitFileType = undefined; includeInIndex = 0; };
		AA8EAE2A719D4E7C82C0AA70 /* RareloopAppVersion.m */ = {isa = PBXFileReference; name = "RareloopAppVersion.m"; path = "cordova-plugin-appversion/RareloopAppVersion.m"; sourceTree = "<group>"; fileEncoding = 4; lastKnownFileType = sourcecode.c.objc; explicitFileType = undefined; includeInIndex = 0; };
		152EC8500B4647CAA2682732 /* RareloopAppVersion.h */ = {isa = PBXFileReference; name = "RareloopAppVersion.h"; path = "cordova-plugin-appversion/RareloopAppVersion.h"; sourceTree = "<group>"; fileEncoding = 4; lastKnownFileType = sourcecode.c.h; explicitFileType = undefined; includeInIndex = 0; };
		24E28F850F5E4CDB9CBA974D /* UIImage+CropScaleOrientation.m */ = {isa = PBXFileReference; name = "UIImage+CropScaleOrientation.m"; path = "cordova-plugin-camera/UIImage+CropScaleOrientation.m"; sourceTree = "<group>"; fileEncoding = 4; lastKnownFileType = sourcecode.c.objc; explicitFileType = undefined; includeInIndex = 0; };
		9475A4C5B37E44758EA9D032 /* CDVCamera.m */ = {isa = PBXFileReference; name = "CDVCamera.m"; path = "cordova-plugin-camera/CDVCamera.m"; sourceTree = "<group>"; fileEncoding = 4; lastKnownFileType = sourcecode.c.objc; explicitFileType = undefined; includeInIndex = 0; };
		A2BE2ABD95464BC5B7651CB0 /* CDVJpegHeaderWriter.m */ = {isa = PBXFileReference; name = "CDVJpegHeaderWriter.m"; path = "cordova-plugin-camera/CDVJpegHeaderWriter.m"; sourceTree = "<group>"; fileEncoding = 4; lastKnownFileType = sourcecode.c.objc; explicitFileType = undefined; includeInIndex = 0; };
		8A2CD9352F4B4E3FBA8DE774 /* UIImage+CropScaleOrientation.h */ = {isa = PBXFileReference; name = "UIImage+CropScaleOrientation.h"; path = "cordova-plugin-camera/UIImage+CropScaleOrientation.h"; sourceTree = "<group>"; fileEncoding = 4; lastKnownFileType = sourcecode.c.h; explicitFileType = undefined; includeInIndex = 0; };
		B4A49C468F2141BFBB9C3DE3 /* CDVCamera.h */ = {isa = PBXFileReference; name = "CDVCamera.h"; path = "cordova-plugin-camera/CDVCamera.h"; sourceTree = "<group>"; fileEncoding = 4; lastKnownFileType = sourcecode.c.h; explicitFileType = undefined; includeInIndex = 0; };
		6006BDEB835B4F908A242D3E /* CDVJpegHeaderWriter.h */ = {isa = PBXFileReference; name = "CDVJpegHeaderWriter.h"; path = "cordova-plugin-camera/CDVJpegHeaderWriter.h"; sourceTree = "<group>"; fileEncoding = 4; lastKnownFileType = sourcecode.c.h; explicitFileType = undefined; includeInIndex = 0; };
		6C7AE60BC9E1414B8E59B034 /* CDVExif.h */ = {isa = PBXFileReference; name = "CDVExif.h"; path = "cordova-plugin-camera/CDVExif.h"; sourceTree = "<group>"; fileEncoding = 4; lastKnownFileType = sourcecode.c.h; explicitFileType = undefined; includeInIndex = 0; };
		210C91814AD74FB0805EC6DC /* ImageIO.framework */ = {isa = PBXFileReference; name = "ImageIO.framework"; path = "System/Library/Frameworks/ImageIO.framework"; sourceTree = SDKROOT; fileEncoding = undefined; lastKnownFileType = wrapper.framework; explicitFileType = undefined; includeInIndex = 0; };
		CCB2F3AF50C546DBA0365EEA /* CoreLocation.framework */ = {isa = PBXFileReference; name = "CoreLocation.framework"; path = "System/Library/Frameworks/CoreLocation.framework"; sourceTree = SDKROOT; fileEncoding = undefined; lastKnownFileType = wrapper.framework; explicitFileType = undefined; includeInIndex = 0; };
		A6AC9FCF005D4A59878EB7FF /* AVFoundation.framework */ = {isa = PBXFileReference; name = "AVFoundation.framework"; path = "System/Library/Frameworks/AVFoundation.framework"; sourceTree = SDKROOT; fileEncoding = undefined; lastKnownFileType = wrapper.framework; explicitFileType = undefined; includeInIndex = 0; };
		1B37186E1081492A808ACE45 /* CDVDevice.m */ = {isa = PBXFileReference; name = "CDVDevice.m"; path = "cordova-plugin-device/CDVDevice.m"; sourceTree = "<group>"; fileEncoding = 4; lastKnownFileType = sourcecode.c.objc; explicitFileType = undefined; includeInIndex = 0; };
		EDD0C01C777D43E181E5F81F /* CDVDevice.h */ = {isa = PBXFileReference; name = "CDVDevice.h"; path = "cordova-plugin-device/CDVDevice.h"; sourceTree = "<group>"; fileEncoding = 4; lastKnownFileType = sourcecode.c.h; explicitFileType = undefined; includeInIndex = 0; };
		B34F62C60063487DA41AA7AF /* CDVFile.m */ = {isa = PBXFileReference; name = "CDVFile.m"; path = "cordova-plugin-file/CDVFile.m"; sourceTree = "<group>"; fileEncoding = 4; lastKnownFileType = sourcecode.c.objc; explicitFileType = undefined; includeInIndex = 0; };
		706C15BA3686448CAC313C0F /* CDVLocalFilesystem.m */ = {isa = PBXFileReference; name = "CDVLocalFilesystem.m"; path = "cordova-plugin-file/CDVLocalFilesystem.m"; sourceTree = "<group>"; fileEncoding = 4; lastKnownFileType = sourcecode.c.objc; explicitFileType = undefined; includeInIndex = 0; };
		E260897CFC7E4241831FBDBC /* CDVAssetLibraryFilesystem.m */ = {isa = PBXFileReference; name = "CDVAssetLibraryFilesystem.m"; path = "cordova-plugin-file/CDVAssetLibraryFilesystem.m"; sourceTree = "<group>"; fileEncoding = 4; lastKnownFileType = sourcecode.c.objc; explicitFileType = undefined; includeInIndex = 0; };
		5E7B6E764BA94D80A29DEA9C /* CDVFile.h */ = {isa = PBXFileReference; name = "CDVFile.h"; path = "cordova-plugin-file/CDVFile.h"; sourceTree = "<group>"; fileEncoding = 4; lastKnownFileType = sourcecode.c.h; explicitFileType = undefined; includeInIndex = 0; };
		D2F6694002DE48F0B498AD2C /* CDVLocalFilesystem.h */ = {isa = PBXFileReference; name = "CDVLocalFilesystem.h"; path = "cordova-plugin-file/CDVLocalFilesystem.h"; sourceTree = "<group>"; fileEncoding = 4; lastKnownFileType = sourcecode.c.h; explicitFileType = undefined; includeInIndex = 0; };
		4D6AD76C441A4667AFE9E6FB /* CDVAssetLibraryFilesystem.h */ = {isa = PBXFileReference; name = "CDVAssetLibraryFilesystem.h"; path = "cordova-plugin-file/CDVAssetLibraryFilesystem.h"; sourceTree = "<group>"; fileEncoding = 4; lastKnownFileType = sourcecode.c.h; explicitFileType = undefined; includeInIndex = 0; };
		9FF6FDA768434B69B9ABC800 /* FileOpener2.m */ = {isa = PBXFileReference; name = "FileOpener2.m"; path = "cordova-plugin-file-opener2/FileOpener2.m"; sourceTree = "<group>"; fileEncoding = 4; lastKnownFileType = sourcecode.c.objc; explicitFileType = undefined; includeInIndex = 0; };
		40A8CC4A5B374732B8C89020 /* FileOpener2.h */ = {isa = PBXFileReference; name = "FileOpener2.h"; path = "cordova-plugin-file-opener2/FileOpener2.h"; sourceTree = "<group>"; fileEncoding = 4; lastKnownFileType = sourcecode.c.h; explicitFileType = undefined; includeInIndex = 0; };
		5ADA2BCEBA8F4C838BB5F06E /* CDVFileTransfer.m */ = {isa = PBXFileReference; name = "CDVFileTransfer.m"; path = "cordova-plugin-file-transfer/CDVFileTransfer.m"; sourceTree = "<group>"; fileEncoding = 4; lastKnownFileType = sourcecode.c.objc; explicitFileType = undefined; includeInIndex = 0; };
		E9EB76EB87114C0582042BB6 /* CDVFileTransfer.h */ = {isa = PBXFileReference; name = "CDVFileTransfer.h"; path = "cordova-plugin-file-transfer/CDVFileTransfer.h"; sourceTree = "<group>"; fileEncoding = 4; lastKnownFileType = sourcecode.c.h; explicitFileType = undefined; includeInIndex = 0; };
		39D0CFFEF04448B59ECA60DB /* CDVLocation.m */ = {isa = PBXFileReference; name = "CDVLocation.m"; path = "cordova-plugin-geolocation/CDVLocation.m"; sourceTree = "<group>"; fileEncoding = 4; lastKnownFileType = sourcecode.c.objc; explicitFileType = undefined; includeInIndex = 0; };
		184C6E04DED14278992D8FAA /* CDVLocation.h */ = {isa = PBXFileReference; name = "CDVLocation.h"; path = "cordova-plugin-geolocation/CDVLocation.h"; sourceTree = "<group>"; fileEncoding = 4; lastKnownFileType = sourcecode.c.h; explicitFileType = undefined; includeInIndex = 0; };
		D1603E8568564EC2A68444C7 /* CDVConnection.m */ = {isa = PBXFileReference; name = "CDVConnection.m"; path = "cordova-plugin-network-information/CDVConnection.m"; sourceTree = "<group>"; fileEncoding = 4; lastKnownFileType = sourcecode.c.objc; explicitFileType = undefined; includeInIndex = 0; };
		1DBBA1A18F1E4D1F911B6FBF /* CDVReachability.m */ = {isa = PBXFileReference; name = "CDVReachability.m"; path = "cordova-plugin-network-information/CDVReachability.m"; sourceTree = "<group>"; fileEncoding = 4; lastKnownFileType = sourcecode.c.objc; explicitFileType = undefined; includeInIndex = 0; };
		B28AC9E8BF0E48199DC2908F /* CDVConnection.h */ = {isa = PBXFileReference; name = "CDVConnection.h"; path = "cordova-plugin-network-information/CDVConnection.h"; sourceTree = "<group>"; fileEncoding = 4; lastKnownFileType = sourcecode.c.h; explicitFileType = undefined; includeInIndex = 0; };
		E59E80FDDBFB41FCA969279D /* CDVReachability.h */ = {isa = PBXFileReference; name = "CDVReachability.h"; path = "cordova-plugin-network-information/CDVReachability.h"; sourceTree = "<group>"; fileEncoding = 4; lastKnownFileType = sourcecode.c.h; explicitFileType = undefined; includeInIndex = 0; };
		E6762F5FABFD42B4954FBA9D /* SystemConfiguration.framework */ = {isa = PBXFileReference; name = "SystemConfiguration.framework"; path = "System/Library/Frameworks/SystemConfiguration.framework"; sourceTree = SDKROOT; fileEncoding = undefined; lastKnownFileType = wrapper.framework; explicitFileType = undefined; includeInIndex = 0; };
		4EB70D3A22D34140A7045B2D /* CoreTelephony.framework */ = {isa = PBXFileReference; name = "CoreTelephony.framework"; path = "System/Library/Frameworks/CoreTelephony.framework"; sourceTree = SDKROOT; fileEncoding = undefined; lastKnownFileType = wrapper.framework; explicitFileType = undefined; includeInIndex = 0; };
		D3C9B58CE29647E3B3BA1774 /* CDVSplashScreen.m */ = {isa = PBXFileReference; name = "CDVSplashScreen.m"; path = "cordova-plugin-splashscreen/CDVSplashScreen.m"; sourceTree = "<group>"; fileEncoding = 4; lastKnownFileType = sourcecode.c.objc; explicitFileType = undefined; includeInIndex = 0; };
		BA5E9042CB634BEC82887DE6 /* CDVViewController+SplashScreen.m */ = {isa = PBXFileReference; name = "CDVViewController+SplashScreen.m"; path = "cordova-plugin-splashscreen/CDVViewController+SplashScreen.m"; sourceTree = "<group>"; fileEncoding = 4; lastKnownFileType = sourcecode.c.objc; explicitFileType = undefined; includeInIndex = 0; };
		B740EF8809DF4CA48D645CF2 /* CDVSplashScreen.h */ = {isa = PBXFileReference; name = "CDVSplashScreen.h"; path = "cordova-plugin-splashscreen/CDVSplashScreen.h"; sourceTree = "<group>"; fileEncoding = 4; lastKnownFileType = sourcecode.c.h; explicitFileType = undefined; includeInIndex = 0; };
		B41DCCA228B540BAB9E98975 /* CDVViewController+SplashScreen.h */ = {isa = PBXFileReference; name = "CDVViewController+SplashScreen.h"; path = "cordova-plugin-splashscreen/CDVViewController+SplashScreen.h"; sourceTree = "<group>"; fileEncoding = 4; lastKnownFileType = sourcecode.c.h; explicitFileType = undefined; includeInIndex = 0; };
		C4729D0B35B74B8CB5430BAC /* SSZipArchive.m */ = {isa = PBXFileReference; name = "SSZipArchive.m"; path = "cordova-plugin-zip/SSZipArchive.m"; sourceTree = "<group>"; fileEncoding = 4; lastKnownFileType = sourcecode.c.objc; explicitFileType = undefined; includeInIndex = 0; };
		063C04DB02D04033AB736A92 /* zip.c */ = {isa = PBXFileReference; name = "zip.c"; path = "cordova-plugin-zip/Plugins/minizip/zip.c"; sourceTree = "<group>"; fileEncoding = undefined; lastKnownFileType = unknown; explicitFileType = undefined; includeInIndex = 0; };
		19B3283FC82E491B8030C9A5 /* unzip.c */ = {isa = PBXFileReference; name = "unzip.c"; path = "cordova-plugin-zip/Plugins/minizip/unzip.c"; sourceTree = "<group>"; fileEncoding = undefined; lastKnownFileType = unknown; explicitFileType = undefined; includeInIndex = 0; };
		68138ADA25344E98A428A620 /* ioapi.c */ = {isa = PBXFileReference; name = "ioapi.c"; path = "cordova-plugin-zip/Plugins/minizip/ioapi.c"; sourceTree = "<group>"; fileEncoding = undefined; lastKnownFileType = unknown; explicitFileType = undefined; includeInIndex = 0; };
		25DDFD8AF7294823B4951263 /* crypt.c */ = {isa = PBXFileReference; name = "crypt.c"; path = "cordova-plugin-zip/Plugins/minizip/crypt.c"; sourceTree = "<group>"; fileEncoding = undefined; lastKnownFileType = unknown; explicitFileType = undefined; includeInIndex = 0; };
		6A437CF9FFD54503AB9D3158 /* ioapi_buf.c */ = {isa = PBXFileReference; name = "ioapi_buf.c"; path = "cordova-plugin-zip/Plugins/minizip/ioapi_buf.c"; sourceTree = "<group>"; fileEncoding = undefined; lastKnownFileType = unknown; explicitFileType = undefined; includeInIndex = 0; };
		FBC9AC7382A344ACBC754EA4 /* ioapi_mem.c */ = {isa = PBXFileReference; name = "ioapi_mem.c"; path = "cordova-plugin-zip/Plugins/minizip/ioapi_mem.c"; sourceTree = "<group>"; fileEncoding = undefined; lastKnownFileType = unknown; explicitFileType = undefined; includeInIndex = 0; };
		5C244E51DF704AE8A45BD3D0 /* minishared.c */ = {isa = PBXFileReference; name = "minishared.c"; path = "cordova-plugin-zip/Plugins/minizip/minishared.c"; sourceTree = "<group>"; fileEncoding = undefined; lastKnownFileType = unknown; explicitFileType = undefined; includeInIndex = 0; };
		5286DE76EBCC4BC29FBFCA82 /* aes_ni.c */ = {isa = PBXFileReference; name = "aes_ni.c"; path = "cordova-plugin-zip/Plugins/aes/aes_ni.c"; sourceTree = "<group>"; fileEncoding = undefined; lastKnownFileType = unknown; explicitFileType = undefined; includeInIndex = 0; };
		2A97FFAD23E54BE48E02C19D /* aescrypt.c */ = {isa = PBXFileReference; name = "aescrypt.c"; path = "cordova-plugin-zip/Plugins/aes/aescrypt.c"; sourceTree = "<group>"; fileEncoding = undefined; lastKnownFileType = unknown; explicitFileType = undefined; includeInIndex = 0; };
		E592684AD6284BA58FE062E9 /* aeskey.c */ = {isa = PBXFileReference; name = "aeskey.c"; path = "cordova-plugin-zip/Plugins/aes/aeskey.c"; sourceTree = "<group>"; fileEncoding = undefined; lastKnownFileType = unknown; explicitFileType = undefined; includeInIndex = 0; };
		82A4B7DCAAA14B51B735BDD0 /* aestab.c */ = {isa = PBXFileReference; name = "aestab.c"; path = "cordova-plugin-zip/Plugins/aes/aestab.c"; sourceTree = "<group>"; fileEncoding = undefined; lastKnownFileType = unknown; explicitFileType = undefined; includeInIndex = 0; };
		48E81FEE361E42B6931DAAD5 /* fileenc.c */ = {isa = PBXFileReference; name = "fileenc.c"; path = "cordova-plugin-zip/Plugins/aes/fileenc.c"; sourceTree = "<group>"; fileEncoding = undefined; lastKnownFileType = unknown; explicitFileType = undefined; includeInIndex = 0; };
		72A6F9239C8C493C80A61381 /* hmac.c */ = {isa = PBXFileReference; name = "hmac.c"; path = "cordova-plugin-zip/Plugins/aes/hmac.c"; sourceTree = "<group>"; fileEncoding = undefined; lastKnownFileType = unknown; explicitFileType = undefined; includeInIndex = 0; };
		9486E8A97FFA4745896DF23A /* prng.c */ = {isa = PBXFileReference; name = "prng.c"; path = "cordova-plugin-zip/Plugins/aes/prng.c"; sourceTree = "<group>"; fileEncoding = undefined; lastKnownFileType = unknown; explicitFileType = undefined; includeInIndex = 0; };
		1A3BF00DE5624C1E9EE29CF6 /* pwd2key.c */ = {isa = PBXFileReference; name = "pwd2key.c"; path = "cordova-plugin-zip/Plugins/aes/pwd2key.c"; sourceTree = "<group>"; fileEncoding = undefined; lastKnownFileType = unknown; explicitFileType = undefined; includeInIndex = 0; };
		A68C5E1FD9AF49E8BB6A2960 /* sha1.c */ = {isa = PBXFileReference; name = "sha1.c"; path = "cordova-plugin-zip/Plugins/aes/sha1.c"; sourceTree = "<group>"; fileEncoding = undefined; lastKnownFileType = unknown; explicitFileType = undefined; includeInIndex = 0; };
		44A0502462A040E9BE85933A /* SSZipArchive.h */ = {isa = PBXFileReference; name = "SSZipArchive.h"; path = "cordova-plugin-zip/SSZipArchive.h"; sourceTree = "<group>"; fileEncoding = 4; lastKnownFileType = sourcecode.c.h; explicitFileType = undefined; includeInIndex = 0; };
		648C4F85CE2F4842B9F9FD80 /* SSZipCommon.h */ = {isa = PBXFileReference; name = "SSZipCommon.h"; path = "cordova-plugin-zip/SSZipCommon.h"; sourceTree = "<group>"; fileEncoding = 4; lastKnownFileType = sourcecode.c.h; explicitFileType = undefined; includeInIndex = 0; };
		CB3A74180C1C4EC695776DB4 /* ZipArchive.h */ = {isa = PBXFileReference; name = "ZipArchive.h"; path = "cordova-plugin-zip/ZipArchive.h"; sourceTree = "<group>"; fileEncoding = 4; lastKnownFileType = sourcecode.c.h; explicitFileType = undefined; includeInIndex = 0; };
		809C2F5547EF4AF588F9FCAD /* zip.h */ = {isa = PBXFileReference; name = "zip.h"; path = "cordova-plugin-zip/Plugins/minizip/zip.h"; sourceTree = "<group>"; fileEncoding = 4; lastKnownFileType = sourcecode.c.h; explicitFileType = undefined; includeInIndex = 0; };
		F73DC323876C4CB0B6C47EAC /* unzip.h */ = {isa = PBXFileReference; name = "unzip.h"; path = "cordova-plugin-zip/Plugins/minizip/unzip.h"; sourceTree = "<group>"; fileEncoding = 4; lastKnownFileType = sourcecode.c.h; explicitFileType = undefined; includeInIndex = 0; };
		2452C86402164EA9818B1009 /* ioapi.h */ = {isa = PBXFileReference; name = "ioapi.h"; path = "cordova-plugin-zip/Plugins/minizip/ioapi.h"; sourceTree = "<group>"; fileEncoding = 4; lastKnownFileType = sourcecode.c.h; explicitFileType = undefined; includeInIndex = 0; };
		338533EDE72449738EF7CDBA /* crypt.h */ = {isa = PBXFileReference; name = "crypt.h"; path = "cordova-plugin-zip/Plugins/minizip/crypt.h"; sourceTree = "<group>"; fileEncoding = 4; lastKnownFileType = sourcecode.c.h; explicitFileType = undefined; includeInIndex = 0; };
		C5B21C2A932C4BFABCABED58 /* ioapi_buf.h */ = {isa = PBXFileReference; name = "ioapi_buf.h"; path = "cordova-plugin-zip/Plugins/minizip/ioapi_buf.h"; sourceTree = "<group>"; fileEncoding = 4; lastKnownFileType = sourcecode.c.h; explicitFileType = undefined; includeInIndex = 0; };
		A5553C5FE62547E888D62C6D /* ioapi_mem.h */ = {isa = PBXFileReference; name = "ioapi_mem.h"; path = "cordova-plugin-zip/Plugins/minizip/ioapi_mem.h"; sourceTree = "<group>"; fileEncoding = 4; lastKnownFileType = sourcecode.c.h; explicitFileType = undefined; includeInIndex = 0; };
		158DF5E75B7B4C5E839C8B6A /* minishared.h */ = {isa = PBXFileReference; name = "minishared.h"; path = "cordova-plugin-zip/Plugins/minizip/minishared.h"; sourceTree = "<group>"; fileEncoding = 4; lastKnownFileType = sourcecode.c.h; explicitFileType = undefined; includeInIndex = 0; };
		8AAE80825B2C49FAB03AC6BE /* aes.h */ = {isa = PBXFileReference; name = "aes.h"; path = "cordova-plugin-zip/Plugins/aes/aes.h"; sourceTree = "<group>"; fileEncoding = 4; lastKnownFileType = sourcecode.c.h; explicitFileType = undefined; includeInIndex = 0; };
		78AD8B9F84F847A5B39F5B4D /* aes_ni.h */ = {isa = PBXFileReference; name = "aes_ni.h"; path = "cordova-plugin-zip/Plugins/aes/aes_ni.h"; sourceTree = "<group>"; fileEncoding = 4; lastKnownFileType = sourcecode.c.h; explicitFileType = undefined; includeInIndex = 0; };
		298727739ABC4A4F89B1DB3D /* aesopt.h */ = {isa = PBXFileReference; name = "aesopt.h"; path = "cordova-plugin-zip/Plugins/aes/aesopt.h"; sourceTree = "<group>"; fileEncoding = 4; lastKnownFileType = sourcecode.c.h; explicitFileType = undefined; includeInIndex = 0; };
		805B28EABE1943418364DF85 /* aestab.h */ = {isa = PBXFileReference; name = "aestab.h"; path = "cordova-plugin-zip/Plugins/aes/aestab.h"; sourceTree = "<group>"; fileEncoding = 4; lastKnownFileType = sourcecode.c.h; explicitFileType = undefined; includeInIndex = 0; };
		5B961F8845BB40A9A88DB829 /* brg_endian.h */ = {isa = PBXFileReference; name = "brg_endian.h"; path = "cordova-plugin-zip/Plugins/aes/brg_endian.h"; sourceTree = "<group>"; fileEncoding = 4; lastKnownFileType = sourcecode.c.h; explicitFileType = undefined; includeInIndex = 0; };
		10C2C237E58D4758AF34918C /* brg_types.h */ = {isa = PBXFileReference; name = "brg_types.h"; path = "cordova-plugin-zip/Plugins/aes/brg_types.h"; sourceTree = "<group>"; fileEncoding = 4; lastKnownFileType = sourcecode.c.h; explicitFileType = undefined; includeInIndex = 0; };
		F39599782AB349ECAF63DECB /* fileenc.h */ = {isa = PBXFileReference; name = "fileenc.h"; path = "cordova-plugin-zip/Plugins/aes/fileenc.h"; sourceTree = "<group>"; fileEncoding = 4; lastKnownFileType = sourcecode.c.h; explicitFileType = undefined; includeInIndex = 0; };
		424E7CDAAC5B40F1BCF4BB7C /* hmac.h */ = {isa = PBXFileReference; name = "hmac.h"; path = "cordova-plugin-zip/Plugins/aes/hmac.h"; sourceTree = "<group>"; fileEncoding = 4; lastKnownFileType = sourcecode.c.h; explicitFileType = undefined; includeInIndex = 0; };
		D2862AE5279141E5BC4B8AC7 /* prng.h */ = {isa = PBXFileReference; name = "prng.h"; path = "cordova-plugin-zip/Plugins/aes/prng.h"; sourceTree = "<group>"; fileEncoding = 4; lastKnownFileType = sourcecode.c.h; explicitFileType = undefined; includeInIndex = 0; };
		4DD005FCF19B433D90971BE1 /* pwd2key.h */ = {isa = PBXFileReference; name = "pwd2key.h"; path = "cordova-plugin-zip/Plugins/aes/pwd2key.h"; sourceTree = "<group>"; fileEncoding = 4; lastKnownFileType = sourcecode.c.h; explicitFileType = undefined; includeInIndex = 0; };
		8B6F2C6CC24F4F86B0382F6E /* sha1.h */ = {isa = PBXFileReference; name = "sha1.h"; path = "cordova-plugin-zip/Plugins/aes/sha1.h"; sourceTree = "<group>"; fileEncoding = 4; lastKnownFileType = sourcecode.c.h; explicitFileType = undefined; includeInIndex = 0; };
		0DBCD762A30E4392A8661C63 /* libz.dylib */ = {isa = PBXFileReference; name = "libz.dylib"; path = "usr/lib/libz.dylib"; sourceTree = SDKROOT; fileEncoding = undefined; lastKnownFileType = compiled.mach-o.dylib; explicitFileType = undefined; includeInIndex = 0; };
		833C5E5FBF854C7E91AA0CA3 /* SQLitePlugin.m */ = {isa = PBXFileReference; name = "SQLitePlugin.m"; path = "cordova-sqlite-storage/SQLitePlugin.m"; sourceTree = "<group>"; fileEncoding = 4; lastKnownFileType = sourcecode.c.objc; explicitFileType = undefined; includeInIndex = 0; };
		07CAC5DFA82E4AE8B9B64A81 /* PSPDFThreadSafeMutableDictionary.m */ = {isa = PBXFileReference; name = "PSPDFThreadSafeMutableDictionary.m"; path = "cordova-sqlite-storage/PSPDFThreadSafeMutableDictionary.m"; sourceTree = "<group>"; fileEncoding = 4; lastKnownFileType = sourcecode.c.objc; explicitFileType = undefined; includeInIndex = 0; };
		F281297720884E25963511AE /* sqlite3.c */ = {isa = PBXFileReference; name = "sqlite3.c"; path = "cordova-sqlite-storage/sqlite3.c"; sourceTree = "<group>"; fileEncoding = undefined; lastKnownFileType = unknown; explicitFileType = undefined; includeInIndex = 0; };
		46D68B70FC404A3C8BF96030 /* SQLitePlugin.h */ = {isa = PBXFileReference; name = "SQLitePlugin.h"; path = "cordova-sqlite-storage/SQLitePlugin.h"; sourceTree = "<group>"; fileEncoding = 4; lastKnownFileType = sourcecode.c.h; explicitFileType = undefined; includeInIndex = 0; };
		F1E5C1A19E1C46478FB31433 /* PSPDFThreadSafeMutableDictionary.h */ = {isa = PBXFileReference; name = "PSPDFThreadSafeMutableDictionary.h"; path = "cordova-sqlite-storage/PSPDFThreadSafeMutableDictionary.h"; sourceTree = "<group>"; fileEncoding = 4; lastKnownFileType = sourcecode.c.h; explicitFileType = undefined; includeInIndex = 0; };
		02FF484AF4D446D5B9EDE282 /* sqlite3.h */ = {isa = PBXFileReference; name = "sqlite3.h"; path = "cordova-sqlite-storage/sqlite3.h"; sourceTree = "<group>"; fileEncoding = 4; lastKnownFileType = sourcecode.c.h; explicitFileType = undefined; includeInIndex = 0; };
/* End PBXFileReference section */

/* Begin PBXFrameworksBuildPhase section */
		1D60588F0D05DD3D006BFB54 /* Frameworks */ = {
			isa = PBXFrameworksBuildPhase;
			buildActionMask = 2147483647;
			files = (
				301BF552109A68D80062928A /* libCordova.a in Frameworks */,
				2B8CF78523C24ABEB2B7860F /* ImageIO.framework in Frameworks */,
				917E9443F2984885BEA84183 /* CoreLocation.framework in Frameworks */,
				7CB438BA0DA542139A4A5624 /* AVFoundation.framework in Frameworks */,
				D394C359BD454781894AED62 /* SystemConfiguration.framework in Frameworks */,
				CC2EF911B92345919F8F127A /* CoreTelephony.framework in Frameworks */,
				69A518094E864C18A9D8E480 /* libz.dylib in Frameworks */,
			);
			runOnlyForDeploymentPostprocessing = 0;
		};
/* End PBXFrameworksBuildPhase section */

/* Begin PBXGroup section */
		080E96DDFE201D6D7F000001 /* Classes */ = {
			isa = PBXGroup;
			children = (
				302D95EE14D2391D003F00A1 /* MainViewController.h */,
				302D95EF14D2391D003F00A1 /* MainViewController.m */,
				302D95F014D2391D003F00A1 /* MainViewController.xib */,
				1D3623240D0F684500981E51 /* AppDelegate.h */,
				1D3623250D0F684500981E51 /* AppDelegate.m */,
			);
			name = Classes;
			path = "ESFA - Enterprise Surveillance Field App/Classes";
			sourceTree = SOURCE_ROOT;
		};
		19C28FACFE9D520D11CA2CBB /* Products */ = {
			isa = PBXGroup;
			children = (
				1D6058910D05DD3D006BFB54 /* ESFA - Enterprise Surveillance Field App.app */,
			);
			name = Products;
			sourceTree = "<group>";
		};
		29B97314FDCFA39411CA2CEA /* CustomTemplate */ = {
			isa = PBXGroup;
			children = (
				EB87FDF41871DAF40020F90C /* config.xml */,
				EB87FDF31871DA8E0020F90C /* www */,
				EB87FDF11871DA420020F90C /* Staging */,
				301BF52D109A57CC0062928A /* CordovaLib.xcodeproj */,
				080E96DDFE201D6D7F000001 /* Classes */,
				307C750510C5A3420062BCA9 /* Plugins */,
				29B97315FDCFA39411CA2CEA /* Other Sources */,
				29B97317FDCFA39411CA2CEA /* Resources */,
				29B97323FDCFA39411CA2CEA /* Frameworks */,
				19C28FACFE9D520D11CA2CBB /* Products */,
			);
			name = CustomTemplate;
			sourceTree = "<group>";
		};
		29B97315FDCFA39411CA2CEA /* Other Sources */ = {
			isa = PBXGroup;
			children = (
				32CA4F630368D1EE00C91783 /* ESFA - Enterprise Surveillance Field App-Prefix.pch */,
				29B97316FDCFA39411CA2CEA /* main.m */,
				ED33DF2A687741AEAF9F8254 /* Bridging-Header.h */,
			);
			name = "Other Sources";
			path = "ESFA - Enterprise Surveillance Field App";
			sourceTree = "<group>";
		};
		29B97317FDCFA39411CA2CEA /* Resources */ = {
			isa = PBXGroup;
			children = (
				0207DA571B56EA530066E2B4 /* Images.xcassets */,
				3047A50E1AB8057F00498E2A /* config */,
				8D1107310486CEB800E47090 /* ESFA - Enterprise Surveillance Field App-Info.plist */,
			);
			name = Resources;
			path = "ESFA - Enterprise Surveillance Field App/Resources";
			sourceTree = "<group>";
		};
		29B97323FDCFA39411CA2CEA /* Frameworks */ = {
			isa = PBXGroup;
			children = (
				210C91814AD74FB0805EC6DC /* ImageIO.framework */,
				CCB2F3AF50C546DBA0365EEA /* CoreLocation.framework */,
				A6AC9FCF005D4A59878EB7FF /* AVFoundation.framework */,
				E6762F5FABFD42B4954FBA9D /* SystemConfiguration.framework */,
				4EB70D3A22D34140A7045B2D /* CoreTelephony.framework */,
				0DBCD762A30E4392A8661C63 /* libz.dylib */,
			);
			name = Frameworks;
			sourceTree = "<group>";
		};
		301BF52E109A57CC0062928A /* Products */ = {
			isa = PBXGroup;
			children = (
				301BF535109A57CC0062928A /* libCordova.a */,
			);
			name = Products;
			sourceTree = "<group>";
		};
		3047A50E1AB8057F00498E2A /* config */ = {
			isa = PBXGroup;
			children = (
				3047A50F1AB8059700498E2A /* build-debug.xcconfig */,
				3047A5101AB8059700498E2A /* build-release.xcconfig */,
				3047A5111AB8059700498E2A /* build.xcconfig */,
			);
			name = config;
			sourceTree = "<group>";
		};
		307C750510C5A3420062BCA9 /* Plugins */ = {
			isa = PBXGroup;
			children = (
				710399C6ED0D40D590D8DFF8 /* AppVersion.m */,
				D32565030F364718B80F5FE6 /* AppVersion.h */,
				AA8EAE2A719D4E7C82C0AA70 /* RareloopAppVersion.m */,
				152EC8500B4647CAA2682732 /* RareloopAppVersion.h */,
				24E28F850F5E4CDB9CBA974D /* UIImage+CropScaleOrientation.m */,
				9475A4C5B37E44758EA9D032 /* CDVCamera.m */,
				A2BE2ABD95464BC5B7651CB0 /* CDVJpegHeaderWriter.m */,
				8A2CD9352F4B4E3FBA8DE774 /* UIImage+CropScaleOrientation.h */,
				B4A49C468F2141BFBB9C3DE3 /* CDVCamera.h */,
				6006BDEB835B4F908A242D3E /* CDVJpegHeaderWriter.h */,
				6C7AE60BC9E1414B8E59B034 /* CDVExif.h */,
				1B37186E1081492A808ACE45 /* CDVDevice.m */,
				EDD0C01C777D43E181E5F81F /* CDVDevice.h */,
				B34F62C60063487DA41AA7AF /* CDVFile.m */,
				706C15BA3686448CAC313C0F /* CDVLocalFilesystem.m */,
				E260897CFC7E4241831FBDBC /* CDVAssetLibraryFilesystem.m */,
				5E7B6E764BA94D80A29DEA9C /* CDVFile.h */,
				D2F6694002DE48F0B498AD2C /* CDVLocalFilesystem.h */,
				4D6AD76C441A4667AFE9E6FB /* CDVAssetLibraryFilesystem.h */,
				9FF6FDA768434B69B9ABC800 /* FileOpener2.m */,
				40A8CC4A5B374732B8C89020 /* FileOpener2.h */,
				5ADA2BCEBA8F4C838BB5F06E /* CDVFileTransfer.m */,
				E9EB76EB87114C0582042BB6 /* CDVFileTransfer.h */,
				39D0CFFEF04448B59ECA60DB /* CDVLocation.m */,
				184C6E04DED14278992D8FAA /* CDVLocation.h */,
				D1603E8568564EC2A68444C7 /* CDVConnection.m */,
				1DBBA1A18F1E4D1F911B6FBF /* CDVReachability.m */,
				B28AC9E8BF0E48199DC2908F /* CDVConnection.h */,
				E59E80FDDBFB41FCA969279D /* CDVReachability.h */,
				D3C9B58CE29647E3B3BA1774 /* CDVSplashScreen.m */,
				BA5E9042CB634BEC82887DE6 /* CDVViewController+SplashScreen.m */,
				B740EF8809DF4CA48D645CF2 /* CDVSplashScreen.h */,
				B41DCCA228B540BAB9E98975 /* CDVViewController+SplashScreen.h */,
				C4729D0B35B74B8CB5430BAC /* SSZipArchive.m */,
				063C04DB02D04033AB736A92 /* zip.c */,
				19B3283FC82E491B8030C9A5 /* unzip.c */,
				68138ADA25344E98A428A620 /* ioapi.c */,
				25DDFD8AF7294823B4951263 /* crypt.c */,
				6A437CF9FFD54503AB9D3158 /* ioapi_buf.c */,
				FBC9AC7382A344ACBC754EA4 /* ioapi_mem.c */,
				5C244E51DF704AE8A45BD3D0 /* minishared.c */,
				5286DE76EBCC4BC29FBFCA82 /* aes_ni.c */,
				2A97FFAD23E54BE48E02C19D /* aescrypt.c */,
				E592684AD6284BA58FE062E9 /* aeskey.c */,
				82A4B7DCAAA14B51B735BDD0 /* aestab.c */,
				48E81FEE361E42B6931DAAD5 /* fileenc.c */,
				72A6F9239C8C493C80A61381 /* hmac.c */,
				9486E8A97FFA4745896DF23A /* prng.c */,
				1A3BF00DE5624C1E9EE29CF6 /* pwd2key.c */,
				A68C5E1FD9AF49E8BB6A2960 /* sha1.c */,
				44A0502462A040E9BE85933A /* SSZipArchive.h */,
				648C4F85CE2F4842B9F9FD80 /* SSZipCommon.h */,
				CB3A74180C1C4EC695776DB4 /* ZipArchive.h */,
				809C2F5547EF4AF588F9FCAD /* zip.h */,
				F73DC323876C4CB0B6C47EAC /* unzip.h */,
				2452C86402164EA9818B1009 /* ioapi.h */,
				338533EDE72449738EF7CDBA /* crypt.h */,
				C5B21C2A932C4BFABCABED58 /* ioapi_buf.h */,
				A5553C5FE62547E888D62C6D /* ioapi_mem.h */,
				158DF5E75B7B4C5E839C8B6A /* minishared.h */,
				8AAE80825B2C49FAB03AC6BE /* aes.h */,
				78AD8B9F84F847A5B39F5B4D /* aes_ni.h */,
				298727739ABC4A4F89B1DB3D /* aesopt.h */,
				805B28EABE1943418364DF85 /* aestab.h */,
				5B961F8845BB40A9A88DB829 /* brg_endian.h */,
				10C2C237E58D4758AF34918C /* brg_types.h */,
				F39599782AB349ECAF63DECB /* fileenc.h */,
				424E7CDAAC5B40F1BCF4BB7C /* hmac.h */,
				D2862AE5279141E5BC4B8AC7 /* prng.h */,
				4DD005FCF19B433D90971BE1 /* pwd2key.h */,
				8B6F2C6CC24F4F86B0382F6E /* sha1.h */,
				833C5E5FBF854C7E91AA0CA3 /* SQLitePlugin.m */,
				07CAC5DFA82E4AE8B9B64A81 /* PSPDFThreadSafeMutableDictionary.m */,
				F281297720884E25963511AE /* sqlite3.c */,
				46D68B70FC404A3C8BF96030 /* SQLitePlugin.h */,
				F1E5C1A19E1C46478FB31433 /* PSPDFThreadSafeMutableDictionary.h */,
				02FF484AF4D446D5B9EDE282 /* sqlite3.h */,
			);
			name = Plugins;
			path = "ESFA - Enterprise Surveillance Field App/Plugins";
			sourceTree = SOURCE_ROOT;
		};
		EB87FDF11871DA420020F90C /* Staging */ = {
			isa = PBXGroup;
			children = (
				F840E1F0165FE0F500CFE078 /* config.xml */,
				301BF56E109A69640062928A /* www */,
			);
			name = Staging;
			sourceTree = "<group>";
		};
/* End PBXGroup section */

/* Begin PBXNativeTarget section */
		1D6058900D05DD3D006BFB54 /* ESFA - Enterprise Surveillance Field App */ = {
			isa = PBXNativeTarget;
			buildConfigurationList = 1D6058960D05DD3E006BFB54 /* Build configuration list for PBXNativeTarget "ESFA - Enterprise Surveillance Field App" */;
			buildPhases = (
				304B58A110DAC018002A0835 /* Copy www directory */,
				1D60588D0D05DD3D006BFB54 /* Resources */,
				1D60588E0D05DD3D006BFB54 /* Sources */,
				1D60588F0D05DD3D006BFB54 /* Frameworks */,
			);
			buildRules = (
			);
			dependencies = (
				301BF551109A68C00062928A /* PBXTargetDependency */,
			);
			name = "ESFA - Enterprise Surveillance Field App";
			productName = "ESFA - Enterprise Surveillance Field App";
			productReference = 1D6058910D05DD3D006BFB54 /* ESFA - Enterprise Surveillance Field App.app */;
			productType = "com.apple.product-type.application";
		};
/* End PBXNativeTarget section */

/* Begin PBXProject section */
		29B97313FDCFA39411CA2CEA /* Project object */ = {
			isa = PBXProject;
			attributes = {
				LastUpgradeCheck = 510;
			};
			buildConfigurationList = C01FCF4E08A954540054247B /* Build configuration list for PBXProject "__NON-CLI__" */;
			compatibilityVersion = "Xcode 3.2";
			developmentRegion = English;
			hasScannedForEncodings = 1;
			mainGroup = 29B97314FDCFA39411CA2CEA /* CustomTemplate */;
			projectDirPath = "";
			projectReferences = (
				{
					ProductGroup = 301BF52E109A57CC0062928A /* Products */;
					ProjectRef = 301BF52D109A57CC0062928A /* CordovaLib.xcodeproj */;
				},
			);
			projectRoot = "";
			targets = (
				1D6058900D05DD3D006BFB54 /* ESFA - Enterprise Surveillance Field App */,
			);
		};
/* End PBXProject section */

/* Begin PBXReferenceProxy section */
		301BF535109A57CC0062928A /* libCordova.a */ = {
			isa = PBXReferenceProxy;
			fileType = archive.ar;
			path = libCordova.a;
			remoteRef = 301BF534109A57CC0062928A /* PBXContainerItemProxy */;
			sourceTree = BUILT_PRODUCTS_DIR;
		};
/* End PBXReferenceProxy section */

/* Begin PBXResourcesBuildPhase section */
		1D60588D0D05DD3D006BFB54 /* Resources */ = {
			isa = PBXResourcesBuildPhase;
			buildActionMask = 2147483647;
			files = (
				302D95F214D2391D003F00A1 /* MainViewController.xib in Resources */,
				0207DA581B56EA530066E2B4 /* Images.xcassets in Resources */,
			);
			runOnlyForDeploymentPostprocessing = 0;
		};
/* End PBXResourcesBuildPhase section */

/* Begin PBXShellScriptBuildPhase section */
		304B58A110DAC018002A0835 /* Copy www directory */ = {
			isa = PBXShellScriptBuildPhase;
			buildActionMask = 2147483647;
			files = (
			);
			inputPaths = (
			);
			name = "Copy www directory";
			outputPaths = (
			);
			runOnlyForDeploymentPostprocessing = 0;
			shellPath = /bin/sh;
			shellScript = "NODEJS_PATH=/usr/local/bin; NVM_NODE_PATH=~/.nvm/versions/node/`nvm version 2>/dev/null`/bin; N_NODE_PATH=`find /usr/local/n/versions/node/* -maxdepth 0 -type d 2>/dev/null | tail -1`/bin; XCODE_NODE_PATH=`xcode-select --print-path`/usr/share/xcs/Node/bin; PATH=$NODEJS_PATH:$NVM_NODE_PATH:$N_NODE_PATH:$XCODE_NODE_PATH:$PATH && node cordova/lib/copy-www-build-step.js";
			showEnvVarsInLog = 0;
		};
/* End PBXShellScriptBuildPhase section */

/* Begin PBXSourcesBuildPhase section */
		1D60588E0D05DD3D006BFB54 /* Sources */ = {
			isa = PBXSourcesBuildPhase;
			buildActionMask = 2147483647;
			files = (
				1D60589B0D05DD56006BFB54 /* main.m in Sources */,
				1D3623260D0F684500981E51 /* AppDelegate.m in Sources */,
				302D95F114D2391D003F00A1 /* MainViewController.m in Sources */,
				44B5AC39F7A54AD98459D71C /* AppVersion.m in Sources */,
				2F8AE074BB0C4773817A378E /* RareloopAppVersion.m in Sources */,
				D3B0F418B99E4DF7A0C5339C /* UIImage+CropScaleOrientation.m in Sources */,
				78E61A46BE4B4F54983523A1 /* CDVCamera.m in Sources */,
				4C414BF8317941A1BD0C55BF /* CDVJpegHeaderWriter.m in Sources */,
				5E60DC57CAE64F80B0A794C7 /* CDVDevice.m in Sources */,
				8ACE6A8E2B3E45F480C147AD /* CDVFile.m in Sources */,
				94E26D8284544AB4914A7554 /* CDVLocalFilesystem.m in Sources */,
				C28A4CBE0CDF4146B9549EEC /* CDVAssetLibraryFilesystem.m in Sources */,
				EA01794FECE546F097C85E49 /* FileOpener2.m in Sources */,
				7FD325B191954582A020D5D4 /* CDVFileTransfer.m in Sources */,
				638EFD3CE6674E4CBAEC17C3 /* CDVLocation.m in Sources */,
				7483279B4132458AA2595E46 /* CDVConnection.m in Sources */,
				302AF47918C64C208DF80E04 /* CDVReachability.m in Sources */,
				E7E8BCCACCC443E791BBE719 /* CDVSplashScreen.m in Sources */,
				022A957150844C7EB64C6FA0 /* CDVViewController+SplashScreen.m in Sources */,
				2361C7B718054FF29D0E4622 /* SSZipArchive.m in Sources */,
				8A065A4BAE574D6196C23983 /* zip.c in Resources */,
				E97CEC869AA44D31A25B58E5 /* unzip.c in Resources */,
				E13872C250B34EC38199AFBF /* ioapi.c in Resources */,
				9B386EC77B71442183E4D746 /* crypt.c in Resources */,
				7194C190E6404FB1BB51FFA5 /* ioapi_buf.c in Resources */,
				9C305D16B5784786AC6E80F7 /* ioapi_mem.c in Resources */,
				EF09F1A915B44B058F397CF6 /* minishared.c in Resources */,
				0B03417D73A4442DA58D5CB4 /* aes_ni.c in Resources */,
				AFEB39CB608743318AEB53E9 /* aescrypt.c in Resources */,
				E3A06174C7A847369E08A343 /* aeskey.c in Resources */,
				DE25AA5016ED42E1B9DADB46 /* aestab.c in Resources */,
				B3D8269BB8D04D2F91E50109 /* fileenc.c in Resources */,
				786B9D338F7A433C853803BB /* hmac.c in Resources */,
				BC55451EAB8347DA8B170EE3 /* prng.c in Resources */,
				80BDD890A46E4821B55CE488 /* pwd2key.c in Resources */,
				1F4652E3E743444B96BA227E /* sha1.c in Resources */,
				B3234F4EDB9D4394A3511EC9 /* SQLitePlugin.m in Sources */,
				9641518555DA4F529B75CE2F /* PSPDFThreadSafeMutableDictionary.m in Sources */,
				3247931303814EE9BFCA8E6B /* sqlite3.c in Resources */,
			);
			runOnlyForDeploymentPostprocessing = 0;
		};
/* End PBXSourcesBuildPhase section */

/* Begin PBXTargetDependency section */
		301BF551109A68C00062928A /* PBXTargetDependency */ = {
			isa = PBXTargetDependency;
			name = CordovaLib;
			targetProxy = 301BF550109A68C00062928A /* PBXContainerItemProxy */;
		};
/* End PBXTargetDependency section */

/* Begin XCBuildConfiguration section */
		1D6058940D05DD3E006BFB54 /* Debug */ = {
			isa = XCBuildConfiguration;
			baseConfigurationReference = 3047A50F1AB8059700498E2A /* build-debug.xcconfig */;
			buildSettings = {
				ALWAYS_SEARCH_USER_PATHS = NO;
				ASSETCATALOG_COMPILER_APPICON_NAME = AppIcon;
				ASSETCATALOG_COMPILER_LAUNCHIMAGE_NAME = LaunchImage;
				CLANG_ENABLE_MODULES = YES;
				CLANG_ENABLE_OBJC_ARC = YES;
				COPY_PHASE_STRIP = NO;
				GCC_DYNAMIC_NO_PIC = NO;
				GCC_OPTIMIZATION_LEVEL = 0;
				GCC_PRECOMPILE_PREFIX_HEADER = YES;
				GCC_PREFIX_HEADER = "ESFA - Enterprise Surveillance Field App/ESFA - Enterprise Surveillance Field App-Prefix.pch";
				GCC_THUMB_SUPPORT = NO;
				GCC_VERSION = "";
				INFOPLIST_FILE = "ESFA - Enterprise Surveillance Field App/ESFA - Enterprise Surveillance Field App-Info.plist";
				LD_RUNPATH_SEARCH_PATHS = "@executable_path/Frameworks";
				PRODUCT_NAME = "ESFA - Enterprise Surveillance Field App";
				IPHONEOS_DEPLOYMENT_TARGET = 11.4;
			};
			name = Debug;
		};
		1D6058950D05DD3E006BFB54 /* Release */ = {
			isa = XCBuildConfiguration;
			baseConfigurationReference = 3047A5101AB8059700498E2A /* build-release.xcconfig */;
			buildSettings = {
				ALWAYS_SEARCH_USER_PATHS = NO;
				ASSETCATALOG_COMPILER_APPICON_NAME = AppIcon;
				ASSETCATALOG_COMPILER_LAUNCHIMAGE_NAME = LaunchImage;
				CLANG_ENABLE_MODULES = YES;
				CLANG_ENABLE_OBJC_ARC = YES;
				COPY_PHASE_STRIP = YES;
				GCC_PRECOMPILE_PREFIX_HEADER = YES;
				GCC_PREFIX_HEADER = "ESFA - Enterprise Surveillance Field App/ESFA - Enterprise Surveillance Field App-Prefix.pch";
				GCC_THUMB_SUPPORT = NO;
				GCC_VERSION = "";
				INFOPLIST_FILE = "ESFA - Enterprise Surveillance Field App/ESFA - Enterprise Surveillance Field App-Info.plist";
				PRODUCT_NAME = "ESFA - Enterprise Surveillance Field App";
				IPHONEOS_DEPLOYMENT_TARGET = 11.4;
			};
			name = Release;
		};
		C01FCF4F08A954540054247B /* Debug */ = {
			isa = XCBuildConfiguration;
			baseConfigurationReference = 3047A5111AB8059700498E2A /* build.xcconfig */;
			buildSettings = {
				CLANG_ENABLE_MODULES = YES;
				CLANG_ENABLE_OBJC_ARC = YES;
				CLANG_WARN_BOOL_CONVERSION = YES;
				CLANG_WARN_CONSTANT_CONVERSION = YES;
				CLANG_WARN_EMPTY_BODY = YES;
				CLANG_WARN_ENUM_CONVERSION = YES;
				CLANG_WARN_INT_CONVERSION = YES;
				CLANG_WARN__DUPLICATE_METHOD_MATCH = YES;
				GCC_C_LANGUAGE_STANDARD = c99;
				GCC_THUMB_SUPPORT = NO;
				GCC_VERSION = "";
				GCC_WARN_ABOUT_RETURN_TYPE = YES;
				GCC_WARN_UNDECLARED_SELECTOR = YES;
				GCC_WARN_UNINITIALIZED_AUTOS = YES;
				GCC_WARN_UNUSED_FUNCTION = YES;
				GCC_WARN_UNUSED_VARIABLE = YES;
				ONLY_ACTIVE_ARCH = YES;
				SDKROOT = iphoneos;
				SKIP_INSTALL = NO;
				IPHONEOS_DEPLOYMENT_TARGET = 11.4;
			};
			name = Debug;
		};
		C01FCF5008A954540054247B /* Release */ = {
			isa = XCBuildConfiguration;
			baseConfigurationReference = 3047A5111AB8059700498E2A /* build.xcconfig */;
			buildSettings = {
				CLANG_ENABLE_MODULES = YES;
				CLANG_ENABLE_OBJC_ARC = YES;
				CLANG_WARN_BOOL_CONVERSION = YES;
				CLANG_WARN_CONSTANT_CONVERSION = YES;
				CLANG_WARN_EMPTY_BODY = YES;
				CLANG_WARN_ENUM_CONVERSION = YES;
				CLANG_WARN_INT_CONVERSION = YES;
				CLANG_WARN__DUPLICATE_METHOD_MATCH = YES;
				GCC_C_LANGUAGE_STANDARD = c99;
				GCC_THUMB_SUPPORT = NO;
				GCC_VERSION = "";
				GCC_WARN_ABOUT_RETURN_TYPE = YES;
				GCC_WARN_UNDECLARED_SELECTOR = YES;
				GCC_WARN_UNINITIALIZED_AUTOS = YES;
				GCC_WARN_UNUSED_FUNCTION = YES;
				GCC_WARN_UNUSED_VARIABLE = YES;
				SDKROOT = iphoneos;
				SKIP_INSTALL = NO;
				IPHONEOS_DEPLOYMENT_TARGET = 11.4;
			};
			name = Release;
		};
/* End XCBuildConfiguration section */

/* Begin XCConfigurationList section */
		1D6058960D05DD3E006BFB54 /* Build configuration list for PBXNativeTarget "ESFA - Enterprise Surveillance Field App" */ = {
			isa = XCConfigurationList;
			buildConfigurations = (
				1D6058940D05DD3E006BFB54 /* Debug */,
				1D6058950D05DD3E006BFB54 /* Release */,
			);
			defaultConfigurationIsVisible = 0;
			defaultConfigurationName = Release;
		};
		C01FCF4E08A954540054247B /* Build configuration list for PBXProject "__NON-CLI__" */ = {
			isa = XCConfigurationList;
			buildConfigurations = (
				C01FCF4F08A954540054247B /* Debug */,
				C01FCF5008A954540054247B /* Release */,
			);
			defaultConfigurationIsVisible = 0;
			defaultConfigurationName = Release;
		};
/* End XCConfigurationList section */
	};
	rootObject = 29B97313FDCFA39411CA2CEA /* Project object */;
}
