// !$*UTF8*$!
{
	archiveVersion = 1;
	classes = {
	};
	objectVersion = 46;
	objects = {
/* Begin PBXBuildFile section */
		0207DA581B56EA530066E2B4 /* Images.xcassets in Resources */ = {isa = PBXBuildFile; fileRef = 0207DA571B56EA530066E2B4 /* Images.xcassets */; };
		1D3623260D0F684500981E51 /* AppDelegate.m in Sources */ = {isa = PBXBuildFile; fileRef = 1D3623250D0F684500981E51 /* AppDelegate.m */; };
		1D60589B0D05DD56006BFB54 /* main.m in Sources */ = {isa = PBXBuildFile; fileRef = 29B97316FDCFA39411CA2CEA /* main.m */; };
		301BF552109A68D80062928A /* libCordova.a in Frameworks */ = {isa = PBXBuildFile; fileRef = 301BF535109A57CC0062928A /* libCordova.a */; };
		302D95F114D2391D003F00A1 /* MainViewController.m in Sources */ = {isa = PBXBuildFile; fileRef = 302D95EF14D2391D003F00A1 /* MainViewController.m */; };
		302D95F214D2391D003F00A1 /* MainViewController.xib in Resources */ = {isa = PBXBuildFile; fileRef = 302D95F014D2391D003F00A1 /* MainViewController.xib */; };
		3047A5121AB8059700498E2A /* build-debug.xcconfig in Resources */ = {isa = PBXBuildFile; fileRef = 3047A50F1AB8059700498E2A /* build-debug.xcconfig */; };
		3047A5131AB8059700498E2A /* build-release.xcconfig in Resources */ = {isa = PBXBuildFile; fileRef = 3047A5101AB8059700498E2A /* build-release.xcconfig */; };
		3047A5141AB8059700498E2A /* build.xcconfig in Resources */ = {isa = PBXBuildFile; fileRef = 3047A5111AB8059700498E2A /* build.xcconfig */; };
		E56A1A70734E46D9B04BEA26 /* AppVersion.m in Sources */ = {isa = PBXBuildFile; fileRef = 4E9279C0DCAC46EBAB5AE690 /* AppVersion.m */; };
		952E1DCB026149DB96C6A1CE /* RareloopAppVersion.m in Sources */ = {isa = PBXBuildFile; fileRef = C113B2CBE7AF4747BB208057 /* RareloopAppVersion.m */; };
		69BC641406E143BCB238DA8A /* UIImage+CropScaleOrientation.m in Sources */ = {isa = PBXBuildFile; fileRef = 7FC3FCDB5BD342B78ADFE5BB /* UIImage+CropScaleOrientation.m */; };
		44D0EC22FFDB469D983A3DCC /* CDVCamera.m in Sources */ = {isa = PBXBuildFile; fileRef = 702DAAEC0C844E9989F93173 /* CDVCamera.m */; };
		FFA6B43A36FA4315A6F34E01 /* CDVJpegHeaderWriter.m in Sources */ = {isa = PBXBuildFile; fileRef = 32F7F99FE75243F29AB45CC3 /* CDVJpegHeaderWriter.m */; };
		BFEBD493A9764B85B46711DA /* ImageIO.framework in Frameworks */ = {isa = PBXBuildFile; fileRef = C059A0C973594AA685B18AF3 /* ImageIO.framework */; settings = {ATTRIBUTES = (Weak, ); }; };
		FA446095675844189D592C55 /* CoreLocation.framework in Frameworks */ = {isa = PBXBuildFile; fileRef = 43AEA7337C5541439241B18E /* CoreLocation.framework */; };
		CABBF8E6ACBD4D7CA867828A /* AVFoundation.framework in Frameworks */ = {isa = PBXBuildFile; fileRef = 9020CAF018064617A9B2674B /* AVFoundation.framework */; };
		B50D18A3705841AA9C65EA55 /* CDVDevice.m in Sources */ = {isa = PBXBuildFile; fileRef = 0118FADEBA894AEDB5D39700 /* CDVDevice.m */; };
		847BADEDD2DB4A84A124F5D7 /* CDVFile.m in Sources */ = {isa = PBXBuildFile; fileRef = 8DEAE31128294C3083053928 /* CDVFile.m */; };
		ABB2679A73154BC1BFA5582E /* CDVLocalFilesystem.m in Sources */ = {isa = PBXBuildFile; fileRef = 1FF24F6E1F45417085F5653C /* CDVLocalFilesystem.m */; };
		00975DD76DD448FBA017AF67 /* CDVAssetLibraryFilesystem.m in Sources */ = {isa = PBXBuildFile; fileRef = 45FF3B0C4477447F950A63AA /* CDVAssetLibraryFilesystem.m */; };
		1C3933F2199444A4AED98023 /* FileOpener2.m in Sources */ = {isa = PBXBuildFile; fileRef = 7ADF8B79C04D4977B7C71B6D /* FileOpener2.m */; };
		B2AFBC5ECB7F432296132046 /* CDVFileTransfer.m in Sources */ = {isa = PBXBuildFile; fileRef = E0945F18CE144428B35556F4 /* CDVFileTransfer.m */; };
		05A91DDDA97B4E2EB4D85267 /* CDVLocation.m in Sources */ = {isa = PBXBuildFile; fileRef = 94BB2DC28FC243F4A5AC05C3 /* CDVLocation.m */; };
		DDF4431B5A114959B9D87065 /* CDVConnection.m in Sources */ = {isa = PBXBuildFile; fileRef = 533D08026AB0427D812FAF37 /* CDVConnection.m */; };
		77F167F98037423880EB72D6 /* CDVReachability.m in Sources */ = {isa = PBXBuildFile; fileRef = 3BCF67CC78244D06865741ED /* CDVReachability.m */; };
		474C79AA1CE94413820E4834 /* SystemConfiguration.framework in Frameworks */ = {isa = PBXBuildFile; fileRef = 1D522F73C1FD42A494228BE3 /* SystemConfiguration.framework */; settings = {ATTRIBUTES = (Weak, ); }; };
		0D295D83F6F349AF82C3BBA2 /* CoreTelephony.framework in Frameworks */ = {isa = PBXBuildFile; fileRef = AD6F4BB40DD74025AEC8ADA7 /* CoreTelephony.framework */; };
		EFBAB0BE47314FDF882B9C8B /* CDVSplashScreen.m in Sources */ = {isa = PBXBuildFile; fileRef = 86DFAF8251E84AD58F254F72 /* CDVSplashScreen.m */; };
		76F142123CC44E5A9033E9D2 /* CDVViewController+SplashScreen.m in Sources */ = {isa = PBXBuildFile; fileRef = 9CE6563921F448FD8516825D /* CDVViewController+SplashScreen.m */; };
		9C273A2AB4AD411792E7D5AB /* SSZipArchive.m in Sources */ = {isa = PBXBuildFile; fileRef = 2C049654256F435B8F9871C0 /* SSZipArchive.m */; };
		C4395AEA2C5E4658927CB1AC /* zip.c in Resources */ = {isa = PBXBuildFile; fileRef = 3CB3DD989932468581F096B8 /* zip.c */; };
		D4276F8ADC2C413483F492C1 /* unzip.c in Resources */ = {isa = PBXBuildFile; fileRef = E0471259577F49EBBD13DC91 /* unzip.c */; };
		C8C67C8143EB4C948CFBCB5C /* ioapi.c in Resources */ = {isa = PBXBuildFile; fileRef = F7FFF2DBF52541529D386A33 /* ioapi.c */; };
		5BBD95D2713B4A4E90F1E7F8 /* crypt.c in Resources */ = {isa = PBXBuildFile; fileRef = 248AB21BAB614ACEA9BFC5D4 /* crypt.c */; };
		459900EC40834EF08DFEBCAB /* ioapi_buf.c in Resources */ = {isa = PBXBuildFile; fileRef = 5A59AE92725C4FB68F019FF5 /* ioapi_buf.c */; };
		32327D69EBE144DA9C53D651 /* ioapi_mem.c in Resources */ = {isa = PBXBuildFile; fileRef = 2C4F5CCB31C7488591E9F6C9 /* ioapi_mem.c */; };
		BB4166AABB6B4FA38247AA3E /* minishared.c in Resources */ = {isa = PBXBuildFile; fileRef = F3C65F9E9B574FD4BBAC2D97 /* minishared.c */; };
		F1227FF3B0CF4A6B9D4338D5 /* aes_ni.c in Resources */ = {isa = PBXBuildFile; fileRef = 6A642945A6E84B4EB57BA0B5 /* aes_ni.c */; };
		A5F0FDD399D7406489CCBF4B /* aescrypt.c in Resources */ = {isa = PBXBuildFile; fileRef = 2025B45FB4BB45D4988F9A06 /* aescrypt.c */; };
		842E223164504CD2AB6DE4E5 /* aeskey.c in Resources */ = {isa = PBXBuildFile; fileRef = 525A87163D924EE5825808DE /* aeskey.c */; };
		97EFD735805F4CF58C77EF61 /* aestab.c in Resources */ = {isa = PBXBuildFile; fileRef = 8141D8D7401E4F50B3B7B44E /* aestab.c */; };
		F16CCC1D559B4FA6A9E35577 /* fileenc.c in Resources */ = {isa = PBXBuildFile; fileRef = 26A7272C0D3142B182A0234F /* fileenc.c */; };
		A627284449174782ADBAB668 /* hmac.c in Resources */ = {isa = PBXBuildFile; fileRef = 887F837BC4F344ED8DFEE730 /* hmac.c */; };
		F97FACEB290845EC8D331442 /* prng.c in Resources */ = {isa = PBXBuildFile; fileRef = D3E7B2CD1B154DFFB8306357 /* prng.c */; };
		C610A40FEDB24BA784FB8CFE /* pwd2key.c in Resources */ = {isa = PBXBuildFile; fileRef = 5260F2649A9B41BD9F2AFFE6 /* pwd2key.c */; };
		4B0F7DC78826472B9F18E084 /* sha1.c in Resources */ = {isa = PBXBuildFile; fileRef = A1BB2593F4924921B2A95D3C /* sha1.c */; };
		2DEE2D9E20674DC7ACDFC2E1 /* libz.dylib in Frameworks */ = {isa = PBXBuildFile; fileRef = C6F5CFDACA3A4FB0AEC18FD3 /* libz.dylib */; };
		2FC0F6B7446E49AF8B15D696 /* SQLitePlugin.m in Sources */ = {isa = PBXBuildFile; fileRef = 67A5DEE5C5734DB0B044A43B /* SQLitePlugin.m */; };
		349847798A60447D8DE50838 /* PSPDFThreadSafeMutableDictionary.m in Sources */ = {isa = PBXBuildFile; fileRef = 3FB5C53C0DEB4D44B10DE17E /* PSPDFThreadSafeMutableDictionary.m */; settings = {COMPILER_FLAGS = "-w"; }; };
		39A51CB946254DED831381F3 /* sqlite3.c in Resources */ = {isa = PBXBuildFile; fileRef = 5AB72199A4F8446B8D92DA49 /* sqlite3.c */; settings = {COMPILER_FLAGS = "-w -DSQLITE_THREADSAFE=1 -DSQLITE_DEFAULT_SYNCHRONOUS=3 -DSQLITE_DEFAULT_MEMSTATUS=0 -DSQLITE_OMIT_DECLTYPE -DSQLITE_OMIT_DEPRECATED -DSQLITE_OMIT_PROGRESS_CALLBACK -DSQLITE_OMIT_SHARED_CACHE -DSQLITE_TEMP_STORE=2 -DSQLITE_OMIT_LOAD_EXTENSION -DSQLITE_ENABLE_FTS3 -DSQLITE_ENABLE_FTS3_PARENTHESIS -DSQLITE_ENABLE_FTS4 -DSQLITE_ENABLE_RTREE -DSQLITE_DEFAULT_PAGE_SIZE=1024 -DSQLITE_DEFAULT_CACHE_SIZE=2000"; }; };
/* End PBXBuildFile section */

/* Begin PBXContainerItemProxy section */
		301BF534109A57CC0062928A /* PBXContainerItemProxy */ = {
			isa = PBXContainerItemProxy;
			containerPortal = 301BF52D109A57CC0062928A /* CordovaLib.xcodeproj */;
			proxyType = 2;
			remoteGlobalIDString = D2AAC07E0554694100DB518D;
			remoteInfo = CordovaLib;
		};
		301BF550109A68C00062928A /* PBXContainerItemProxy */ = {
			isa = PBXContainerItemProxy;
			containerPortal = 301BF52D109A57CC0062928A /* CordovaLib.xcodeproj */;
			proxyType = 1;
			remoteGlobalIDString = D2AAC07D0554694100DB518D;
			remoteInfo = CordovaLib;
		};
/* End PBXContainerItemProxy section */

/* Begin PBXFileReference section */
		0207DA571B56EA530066E2B4 /* Images.xcassets */ = {isa = PBXFileReference; lastKnownFileType = folder.assetcatalog; name = Images.xcassets; path = "ESFA - Enterprise Surveillance Field App/Images.xcassets"; sourceTree = SOURCE_ROOT; };
		1D3623240D0F684500981E51 /* AppDelegate.h */ = {isa = PBXFileReference; fileEncoding = 4; lastKnownFileType = sourcecode.c.h; path = AppDelegate.h; sourceTree = "<group>"; };
		1D3623250D0F684500981E51 /* AppDelegate.m */ = {isa = PBXFileReference; fileEncoding = 4; lastKnownFileType = sourcecode.c.objc; path = AppDelegate.m; sourceTree = "<group>"; };
		1D6058910D05DD3D006BFB54 /* ESFA - Enterprise Surveillance Field App.app */ = {isa = PBXFileReference; explicitFileType = wrapper.application; includeInIndex = 0; path = "ESFA - Enterprise Surveillance Field App.app"; sourceTree = BUILT_PRODUCTS_DIR; };
		29B97316FDCFA39411CA2CEA /* main.m */ = {isa = PBXFileReference; fileEncoding = 4; lastKnownFileType = sourcecode.c.objc; path = main.m; sourceTree = "<group>"; };
		301BF52D109A57CC0062928A /* CordovaLib.xcodeproj */ = {isa = PBXFileReference; lastKnownFileType = "wrapper.pb-project"; name = CordovaLib.xcodeproj; path = CordovaLib/CordovaLib.xcodeproj; sourceTree = "<group>"; };
		301BF56E109A69640062928A /* www */ = {isa = PBXFileReference; lastKnownFileType = folder; path = www; sourceTree = SOURCE_ROOT; };
		302D95EE14D2391D003F00A1 /* MainViewController.h */ = {isa = PBXFileReference; fileEncoding = 4; lastKnownFileType = sourcecode.c.h; path = MainViewController.h; sourceTree = "<group>"; };
		302D95EF14D2391D003F00A1 /* MainViewController.m */ = {isa = PBXFileReference; fileEncoding = 4; lastKnownFileType = sourcecode.c.objc; path = MainViewController.m; sourceTree = "<group>"; };
		302D95F014D2391D003F00A1 /* MainViewController.xib */ = {isa = PBXFileReference; fileEncoding = 4; lastKnownFileType = file.xib; path = MainViewController.xib; sourceTree = "<group>"; };
		3047A50F1AB8059700498E2A /* build-debug.xcconfig */ = {isa = PBXFileReference; fileEncoding = 4; lastKnownFileType = text.xcconfig; name = "build-debug.xcconfig"; path = cordova/build-debug.xcconfig; sourceTree = SOURCE_ROOT; };
		3047A5101AB8059700498E2A /* build-release.xcconfig */ = {isa = PBXFileReference; fileEncoding = 4; lastKnownFileType = text.xcconfig; name = "build-release.xcconfig"; path = cordova/build-release.xcconfig; sourceTree = SOURCE_ROOT; };
		3047A5111AB8059700498E2A /* build.xcconfig */ = {isa = PBXFileReference; fileEncoding = 4; lastKnownFileType = text.xcconfig; name = build.xcconfig; path = cordova/build.xcconfig; sourceTree = SOURCE_ROOT; };
		32CA4F630368D1EE00C91783 /* ESFA - Enterprise Surveillance Field App-Prefix.pch */ = {isa = PBXFileReference; fileEncoding = 4; lastKnownFileType = sourcecode.c.h; path = "ESFA - Enterprise Surveillance Field App-Prefix.pch"; sourceTree = "<group>"; };
		8D1107310486CEB800E47090 /* ESFA - Enterprise Surveillance Field App-Info.plist */ = {isa = PBXFileReference; fileEncoding = 4; lastKnownFileType = text.plist.xml; name = "ESFA - Enterprise Surveillance Field App-Info.plist"; path = "ESFA - Enterprise Surveillance Field App/ESFA - Enterprise Surveillance Field App-Info.plist"; plistStructureDefinitionIdentifier = "com.apple.xcode.plist.structure-definition.iphone.info-plist"; sourceTree = SOURCE_ROOT; };
		EB87FDF31871DA8E0020F90C /* www */ = {isa = PBXFileReference; lastKnownFileType = folder; name = www; path = ../../www; sourceTree = "<group>"; };
		EB87FDF41871DAF40020F90C /* config.xml */ = {isa = PBXFileReference; lastKnownFileType = text.xml; name = config.xml; path = ../../config.xml; sourceTree = "<group>"; };
		F840E1F0165FE0F500CFE078 /* config.xml */ = {isa = PBXFileReference; lastKnownFileType = text.xml; name = config.xml; path = "ESFA - Enterprise Surveillance Field App/config.xml"; sourceTree = "<group>"; };
		ED33DF2A687741AEAF9F8254 /* Bridging-Header.h */ = {isa = PBXFileReference; fileEncoding = 4; lastKnownFileType = sourcecode.c.h; name = "Bridging-Header.h"; path = "Bridging-Header.h"; sourceTree = "<group>"; };
		4E9279C0DCAC46EBAB5AE690 /* AppVersion.m */ = {isa = PBXFileReference; name = "AppVersion.m"; path = "cordova-plugin-app-version/AppVersion.m"; sourceTree = "<group>"; fileEncoding = 4; lastKnownFileType = sourcecode.c.objc; explicitFileType = undefined; includeInIndex = 0; };
		E9191377A5AF4E7A8ECF8D21 /* AppVersion.h */ = {isa = PBXFileReference; name = "AppVersion.h"; path = "cordova-plugin-app-version/AppVersion.h"; sourceTree = "<group>"; fileEncoding = 4; lastKnownFileType = sourcecode.c.h; explicitFileType = undefined; includeInIndex = 0; };
		C113B2CBE7AF4747BB208057 /* RareloopAppVersion.m */ = {isa = PBXFileReference; name = "RareloopAppVersion.m"; path = "cordova-plugin-appversion/RareloopAppVersion.m"; sourceTree = "<group>"; fileEncoding = 4; lastKnownFileType = sourcecode.c.objc; explicitFileType = undefined; includeInIndex = 0; };
		03C6AAFE95764DB18D699113 /* RareloopAppVersion.h */ = {isa = PBXFileReference; name = "RareloopAppVersion.h"; path = "cordova-plugin-appversion/RareloopAppVersion.h"; sourceTree = "<group>"; fileEncoding = 4; lastKnownFileType = sourcecode.c.h; explicitFileType = undefined; includeInIndex = 0; };
		7FC3FCDB5BD342B78ADFE5BB /* UIImage+CropScaleOrientation.m */ = {isa = PBXFileReference; name = "UIImage+CropScaleOrientation.m"; path = "cordova-plugin-camera/UIImage+CropScaleOrientation.m"; sourceTree = "<group>"; fileEncoding = 4; lastKnownFileType = sourcecode.c.objc; explicitFileType = undefined; includeInIndex = 0; };
		702DAAEC0C844E9989F93173 /* CDVCamera.m */ = {isa = PBXFileReference; name = "CDVCamera.m"; path = "cordova-plugin-camera/CDVCamera.m"; sourceTree = "<group>"; fileEncoding = 4; lastKnownFileType = sourcecode.c.objc; explicitFileType = undefined; includeInIndex = 0; };
		32F7F99FE75243F29AB45CC3 /* CDVJpegHeaderWriter.m */ = {isa = PBXFileReference; name = "CDVJpegHeaderWriter.m"; path = "cordova-plugin-camera/CDVJpegHeaderWriter.m"; sourceTree = "<group>"; fileEncoding = 4; lastKnownFileType = sourcecode.c.objc; explicitFileType = undefined; includeInIndex = 0; };
		60D00AE6CBD74210943BBA4B /* UIImage+CropScaleOrientation.h */ = {isa = PBXFileReference; name = "UIImage+CropScaleOrientation.h"; path = "cordova-plugin-camera/UIImage+CropScaleOrientation.h"; sourceTree = "<group>"; fileEncoding = 4; lastKnownFileType = sourcecode.c.h; explicitFileType = undefined; includeInIndex = 0; };
		4777687D76DC4B699868E029 /* CDVCamera.h */ = {isa = PBXFileReference; name = "CDVCamera.h"; path = "cordova-plugin-camera/CDVCamera.h"; sourceTree = "<group>"; fileEncoding = 4; lastKnownFileType = sourcecode.c.h; explicitFileType = undefined; includeInIndex = 0; };
		101E0842A1714F3CA874B5DB /* CDVJpegHeaderWriter.h */ = {isa = PBXFileReference; name = "CDVJpegHeaderWriter.h"; path = "cordova-plugin-camera/CDVJpegHeaderWriter.h"; sourceTree = "<group>"; fileEncoding = 4; lastKnownFileType = sourcecode.c.h; explicitFileType = undefined; includeInIndex = 0; };
		13D2A592D1C74217A39C2072 /* CDVExif.h */ = {isa = PBXFileReference; name = "CDVExif.h"; path = "cordova-plugin-camera/CDVExif.h"; sourceTree = "<group>"; fileEncoding = 4; lastKnownFileType = sourcecode.c.h; explicitFileType = undefined; includeInIndex = 0; };
		C059A0C973594AA685B18AF3 /* ImageIO.framework */ = {isa = PBXFileReference; name = "ImageIO.framework"; path = "System/Library/Frameworks/ImageIO.framework"; sourceTree = SDKROOT; fileEncoding = undefined; lastKnownFileType = wrapper.framework; explicitFileType = undefined; includeInIndex = 0; };
		43AEA7337C5541439241B18E /* CoreLocation.framework */ = {isa = PBXFileReference; name = "CoreLocation.framework"; path = "System/Library/Frameworks/CoreLocation.framework"; sourceTree = SDKROOT; fileEncoding = undefined; lastKnownFileType = wrapper.framework; explicitFileType = undefined; includeInIndex = 0; };
		9020CAF018064617A9B2674B /* AVFoundation.framework */ = {isa = PBXFileReference; name = "AVFoundation.framework"; path = "System/Library/Frameworks/AVFoundation.framework"; sourceTree = SDKROOT; fileEncoding = undefined; lastKnownFileType = wrapper.framework; explicitFileType = undefined; includeInIndex = 0; };
		0118FADEBA894AEDB5D39700 /* CDVDevice.m */ = {isa = PBXFileReference; name = "CDVDevice.m"; path = "cordova-plugin-device/CDVDevice.m"; sourceTree = "<group>"; fileEncoding = 4; lastKnownFileType = sourcecode.c.objc; explicitFileType = undefined; includeInIndex = 0; };
		BA6CF0053EC34456946DB4F4 /* CDVDevice.h */ = {isa = PBXFileReference; name = "CDVDevice.h"; path = "cordova-plugin-device/CDVDevice.h"; sourceTree = "<group>"; fileEncoding = 4; lastKnownFileType = sourcecode.c.h; explicitFileType = undefined; includeInIndex = 0; };
		8DEAE31128294C3083053928 /* CDVFile.m */ = {isa = PBXFileReference; name = "CDVFile.m"; path = "cordova-plugin-file/CDVFile.m"; sourceTree = "<group>"; fileEncoding = 4; lastKnownFileType = sourcecode.c.objc; explicitFileType = undefined; includeInIndex = 0; };
		1FF24F6E1F45417085F5653C /* CDVLocalFilesystem.m */ = {isa = PBXFileReference; name = "CDVLocalFilesystem.m"; path = "cordova-plugin-file/CDVLocalFilesystem.m"; sourceTree = "<group>"; fileEncoding = 4; lastKnownFileType = sourcecode.c.objc; explicitFileType = undefined; includeInIndex = 0; };
		45FF3B0C4477447F950A63AA /* CDVAssetLibraryFilesystem.m */ = {isa = PBXFileReference; name = "CDVAssetLibraryFilesystem.m"; path = "cordova-plugin-file/CDVAssetLibraryFilesystem.m"; sourceTree = "<group>"; fileEncoding = 4; lastKnownFileType = sourcecode.c.objc; explicitFileType = undefined; includeInIndex = 0; };
		A83E8B489E0A45779D86EB57 /* CDVFile.h */ = {isa = PBXFileReference; name = "CDVFile.h"; path = "cordova-plugin-file/CDVFile.h"; sourceTree = "<group>"; fileEncoding = 4; lastKnownFileType = sourcecode.c.h; explicitFileType = undefined; includeInIndex = 0; };
		E80ED66C327946CFB7D2D310 /* CDVLocalFilesystem.h */ = {isa = PBXFileReference; name = "CDVLocalFilesystem.h"; path = "cordova-plugin-file/CDVLocalFilesystem.h"; sourceTree = "<group>"; fileEncoding = 4; lastKnownFileType = sourcecode.c.h; explicitFileType = undefined; includeInIndex = 0; };
		2EE04C137B6B4BE0992984D6 /* CDVAssetLibraryFilesystem.h */ = {isa = PBXFileReference; name = "CDVAssetLibraryFilesystem.h"; path = "cordova-plugin-file/CDVAssetLibraryFilesystem.h"; sourceTree = "<group>"; fileEncoding = 4; lastKnownFileType = sourcecode.c.h; explicitFileType = undefined; includeInIndex = 0; };
		7ADF8B79C04D4977B7C71B6D /* FileOpener2.m */ = {isa = PBXFileReference; name = "FileOpener2.m"; path = "cordova-plugin-file-opener2/FileOpener2.m"; sourceTree = "<group>"; fileEncoding = 4; lastKnownFileType = sourcecode.c.objc; explicitFileType = undefined; includeInIndex = 0; };
		358CF32A1C1840B5AB232B0D /* FileOpener2.h */ = {isa = PBXFileReference; name = "FileOpener2.h"; path = "cordova-plugin-file-opener2/FileOpener2.h"; sourceTree = "<group>"; fileEncoding = 4; lastKnownFileType = sourcecode.c.h; explicitFileType = undefined; includeInIndex = 0; };
		E0945F18CE144428B35556F4 /* CDVFileTransfer.m */ = {isa = PBXFileReference; name = "CDVFileTransfer.m"; path = "cordova-plugin-file-transfer/CDVFileTransfer.m"; sourceTree = "<group>"; fileEncoding = 4; lastKnownFileType = sourcecode.c.objc; explicitFileType = undefined; includeInIndex = 0; };
		761A5E1508FC4812A955F78D /* CDVFileTransfer.h */ = {isa = PBXFileReference; name = "CDVFileTransfer.h"; path = "cordova-plugin-file-transfer/CDVFileTransfer.h"; sourceTree = "<group>"; fileEncoding = 4; lastKnownFileType = sourcecode.c.h; explicitFileType = undefined; includeInIndex = 0; };
		94BB2DC28FC243F4A5AC05C3 /* CDVLocation.m */ = {isa = PBXFileReference; name = "CDVLocation.m"; path = "cordova-plugin-geolocation/CDVLocation.m"; sourceTree = "<group>"; fileEncoding = 4; lastKnownFileType = sourcecode.c.objc; explicitFileType = undefined; includeInIndex = 0; };
		22344B43358F4D2AB639FD45 /* CDVLocation.h */ = {isa = PBXFileReference; name = "CDVLocation.h"; path = "cordova-plugin-geolocation/CDVLocation.h"; sourceTree = "<group>"; fileEncoding = 4; lastKnownFileType = sourcecode.c.h; explicitFileType = undefined; includeInIndex = 0; };
		533D08026AB0427D812FAF37 /* CDVConnection.m */ = {isa = PBXFileReference; name = "CDVConnection.m"; path = "cordova-plugin-network-information/CDVConnection.m"; sourceTree = "<group>"; fileEncoding = 4; lastKnownFileType = sourcecode.c.objc; explicitFileType = undefined; includeInIndex = 0; };
		3BCF67CC78244D06865741ED /* CDVReachability.m */ = {isa = PBXFileReference; name = "CDVReachability.m"; path = "cordova-plugin-network-information/CDVReachability.m"; sourceTree = "<group>"; fileEncoding = 4; lastKnownFileType = sourcecode.c.objc; explicitFileType = undefined; includeInIndex = 0; };
		F278212C40B54EAD800EC7C1 /* CDVConnection.h */ = {isa = PBXFileReference; name = "CDVConnection.h"; path = "cordova-plugin-network-information/CDVConnection.h"; sourceTree = "<group>"; fileEncoding = 4; lastKnownFileType = sourcecode.c.h; explicitFileType = undefined; includeInIndex = 0; };
		957C9F566AFA49C094C6383C /* CDVReachability.h */ = {isa = PBXFileReference; name = "CDVReachability.h"; path = "cordova-plugin-network-information/CDVReachability.h"; sourceTree = "<group>"; fileEncoding = 4; lastKnownFileType = sourcecode.c.h; explicitFileType = undefined; includeInIndex = 0; };
		1D522F73C1FD42A494228BE3 /* SystemConfiguration.framework */ = {isa = PBXFileReference; name = "SystemConfiguration.framework"; path = "System/Library/Frameworks/SystemConfiguration.framework"; sourceTree = SDKROOT; fileEncoding = undefined; lastKnownFileType = wrapper.framework; explicitFileType = undefined; includeInIndex = 0; };
		AD6F4BB40DD74025AEC8ADA7 /* CoreTelephony.framework */ = {isa = PBXFileReference; name = "CoreTelephony.framework"; path = "System/Library/Frameworks/CoreTelephony.framework"; sourceTree = SDKROOT; fileEncoding = undefined; lastKnownFileType = wrapper.framework; explicitFileType = undefined; includeInIndex = 0; };
		86DFAF8251E84AD58F254F72 /* CDVSplashScreen.m */ = {isa = PBXFileReference; name = "CDVSplashScreen.m"; path = "cordova-plugin-splashscreen/CDVSplashScreen.m"; sourceTree = "<group>"; fileEncoding = 4; lastKnownFileType = sourcecode.c.objc; explicitFileType = undefined; includeInIndex = 0; };
		9CE6563921F448FD8516825D /* CDVViewController+SplashScreen.m */ = {isa = PBXFileReference; name = "CDVViewController+SplashScreen.m"; path = "cordova-plugin-splashscreen/CDVViewController+SplashScreen.m"; sourceTree = "<group>"; fileEncoding = 4; lastKnownFileType = sourcecode.c.objc; explicitFileType = undefined; includeInIndex = 0; };
		2BA1A1D03720483F87E5DDEF /* CDVSplashScreen.h */ = {isa = PBXFileReference; name = "CDVSplashScreen.h"; path = "cordova-plugin-splashscreen/CDVSplashScreen.h"; sourceTree = "<group>"; fileEncoding = 4; lastKnownFileType = sourcecode.c.h; explicitFileType = undefined; includeInIndex = 0; };
		3FE703E4B73942E39E1208BF /* CDVViewController+SplashScreen.h */ = {isa = PBXFileReference; name = "CDVViewController+SplashScreen.h"; path = "cordova-plugin-splashscreen/CDVViewController+SplashScreen.h"; sourceTree = "<group>"; fileEncoding = 4; lastKnownFileType = sourcecode.c.h; explicitFileType = undefined; includeInIndex = 0; };
		2C049654256F435B8F9871C0 /* SSZipArchive.m */ = {isa = PBXFileReference; name = "SSZipArchive.m"; path = "cordova-plugin-zip/SSZipArchive.m"; sourceTree = "<group>"; fileEncoding = 4; lastKnownFileType = sourcecode.c.objc; explicitFileType = undefined; includeInIndex = 0; };
		3CB3DD989932468581F096B8 /* zip.c */ = {isa = PBXFileReference; name = "zip.c"; path = "cordova-plugin-zip/Plugins/minizip/zip.c"; sourceTree = "<group>"; fileEncoding = undefined; lastKnownFileType = unknown; explicitFileType = undefined; includeInIndex = 0; };
		E0471259577F49EBBD13DC91 /* unzip.c */ = {isa = PBXFileReference; name = "unzip.c"; path = "cordova-plugin-zip/Plugins/minizip/unzip.c"; sourceTree = "<group>"; fileEncoding = undefined; lastKnownFileType = unknown; explicitFileType = undefined; includeInIndex = 0; };
		F7FFF2DBF52541529D386A33 /* ioapi.c */ = {isa = PBXFileReference; name = "ioapi.c"; path = "cordova-plugin-zip/Plugins/minizip/ioapi.c"; sourceTree = "<group>"; fileEncoding = undefined; lastKnownFileType = unknown; explicitFileType = undefined; includeInIndex = 0; };
		248AB21BAB614ACEA9BFC5D4 /* crypt.c */ = {isa = PBXFileReference; name = "crypt.c"; path = "cordova-plugin-zip/Plugins/minizip/crypt.c"; sourceTree = "<group>"; fileEncoding = undefined; lastKnownFileType = unknown; explicitFileType = undefined; includeInIndex = 0; };
		5A59AE92725C4FB68F019FF5 /* ioapi_buf.c */ = {isa = PBXFileReference; name = "ioapi_buf.c"; path = "cordova-plugin-zip/Plugins/minizip/ioapi_buf.c"; sourceTree = "<group>"; fileEncoding = undefined; lastKnownFileType = unknown; explicitFileType = undefined; includeInIndex = 0; };
		2C4F5CCB31C7488591E9F6C9 /* ioapi_mem.c */ = {isa = PBXFileReference; name = "ioapi_mem.c"; path = "cordova-plugin-zip/Plugins/minizip/ioapi_mem.c"; sourceTree = "<group>"; fileEncoding = undefined; lastKnownFileType = unknown; explicitFileType = undefined; includeInIndex = 0; };
		F3C65F9E9B574FD4BBAC2D97 /* minishared.c */ = {isa = PBXFileReference; name = "minishared.c"; path = "cordova-plugin-zip/Plugins/minizip/minishared.c"; sourceTree = "<group>"; fileEncoding = undefined; lastKnownFileType = unknown; explicitFileType = undefined; includeInIndex = 0; };
		6A642945A6E84B4EB57BA0B5 /* aes_ni.c */ = {isa = PBXFileReference; name = "aes_ni.c"; path = "cordova-plugin-zip/Plugins/aes/aes_ni.c"; sourceTree = "<group>"; fileEncoding = undefined; lastKnownFileType = unknown; explicitFileType = undefined; includeInIndex = 0; };
		2025B45FB4BB45D4988F9A06 /* aescrypt.c */ = {isa = PBXFileReference; name = "aescrypt.c"; path = "cordova-plugin-zip/Plugins/aes/aescrypt.c"; sourceTree = "<group>"; fileEncoding = undefined; lastKnownFileType = unknown; explicitFileType = undefined; includeInIndex = 0; };
		525A87163D924EE5825808DE /* aeskey.c */ = {isa = PBXFileReference; name = "aeskey.c"; path = "cordova-plugin-zip/Plugins/aes/aeskey.c"; sourceTree = "<group>"; fileEncoding = undefined; lastKnownFileType = unknown; explicitFileType = undefined; includeInIndex = 0; };
		8141D8D7401E4F50B3B7B44E /* aestab.c */ = {isa = PBXFileReference; name = "aestab.c"; path = "cordova-plugin-zip/Plugins/aes/aestab.c"; sourceTree = "<group>"; fileEncoding = undefined; lastKnownFileType = unknown; explicitFileType = undefined; includeInIndex = 0; };
		26A7272C0D3142B182A0234F /* fileenc.c */ = {isa = PBXFileReference; name = "fileenc.c"; path = "cordova-plugin-zip/Plugins/aes/fileenc.c"; sourceTree = "<group>"; fileEncoding = undefined; lastKnownFileType = unknown; explicitFileType = undefined; includeInIndex = 0; };
		887F837BC4F344ED8DFEE730 /* hmac.c */ = {isa = PBXFileReference; name = "hmac.c"; path = "cordova-plugin-zip/Plugins/aes/hmac.c"; sourceTree = "<group>"; fileEncoding = undefined; lastKnownFileType = unknown; explicitFileType = undefined; includeInIndex = 0; };
		D3E7B2CD1B154DFFB8306357 /* prng.c */ = {isa = PBXFileReference; name = "prng.c"; path = "cordova-plugin-zip/Plugins/aes/prng.c"; sourceTree = "<group>"; fileEncoding = undefined; lastKnownFileType = unknown; explicitFileType = undefined; includeInIndex = 0; };
		5260F2649A9B41BD9F2AFFE6 /* pwd2key.c */ = {isa = PBXFileReference; name = "pwd2key.c"; path = "cordova-plugin-zip/Plugins/aes/pwd2key.c"; sourceTree = "<group>"; fileEncoding = undefined; lastKnownFileType = unknown; explicitFileType = undefined; includeInIndex = 0; };
		A1BB2593F4924921B2A95D3C /* sha1.c */ = {isa = PBXFileReference; name = "sha1.c"; path = "cordova-plugin-zip/Plugins/aes/sha1.c"; sourceTree = "<group>"; fileEncoding = undefined; lastKnownFileType = unknown; explicitFileType = undefined; includeInIndex = 0; };
		2F9C8DAC24FC4114B3DABF32 /* SSZipArchive.h */ = {isa = PBXFileReference; name = "SSZipArchive.h"; path = "cordova-plugin-zip/SSZipArchive.h"; sourceTree = "<group>"; fileEncoding = 4; lastKnownFileType = sourcecode.c.h; explicitFileType = undefined; includeInIndex = 0; };
		55C6E22BF06545FE9FD13B54 /* SSZipCommon.h */ = {isa = PBXFileReference; name = "SSZipCommon.h"; path = "cordova-plugin-zip/SSZipCommon.h"; sourceTree = "<group>"; fileEncoding = 4; lastKnownFileType = sourcecode.c.h; explicitFileType = undefined; includeInIndex = 0; };
		DB5E7559D4FF4E01A471C414 /* ZipArchive.h */ = {isa = PBXFileReference; name = "ZipArchive.h"; path = "cordova-plugin-zip/ZipArchive.h"; sourceTree = "<group>"; fileEncoding = 4; lastKnownFileType = sourcecode.c.h; explicitFileType = undefined; includeInIndex = 0; };
		389C5493A78843E48A516AC2 /* zip.h */ = {isa = PBXFileReference; name = "zip.h"; path = "cordova-plugin-zip/Plugins/minizip/zip.h"; sourceTree = "<group>"; fileEncoding = 4; lastKnownFileType = sourcecode.c.h; explicitFileType = undefined; includeInIndex = 0; };
		AA0A62769B7B41C29A51C71E /* unzip.h */ = {isa = PBXFileReference; name = "unzip.h"; path = "cordova-plugin-zip/Plugins/minizip/unzip.h"; sourceTree = "<group>"; fileEncoding = 4; lastKnownFileType = sourcecode.c.h; explicitFileType = undefined; includeInIndex = 0; };
		73359A3EF1194A3D990BBF6E /* ioapi.h */ = {isa = PBXFileReference; name = "ioapi.h"; path = "cordova-plugin-zip/Plugins/minizip/ioapi.h"; sourceTree = "<group>"; fileEncoding = 4; lastKnownFileType = sourcecode.c.h; explicitFileType = undefined; includeInIndex = 0; };
		5237A068747345699EB32D3D /* crypt.h */ = {isa = PBXFileReference; name = "crypt.h"; path = "cordova-plugin-zip/Plugins/minizip/crypt.h"; sourceTree = "<group>"; fileEncoding = 4; lastKnownFileType = sourcecode.c.h; explicitFileType = undefined; includeInIndex = 0; };
		B91670DA6755466BA2154F2C /* ioapi_buf.h */ = {isa = PBXFileReference; name = "ioapi_buf.h"; path = "cordova-plugin-zip/Plugins/minizip/ioapi_buf.h"; sourceTree = "<group>"; fileEncoding = 4; lastKnownFileType = sourcecode.c.h; explicitFileType = undefined; includeInIndex = 0; };
		DCFF010984C44F4EBFBBF77A /* ioapi_mem.h */ = {isa = PBXFileReference; name = "ioapi_mem.h"; path = "cordova-plugin-zip/Plugins/minizip/ioapi_mem.h"; sourceTree = "<group>"; fileEncoding = 4; lastKnownFileType = sourcecode.c.h; explicitFileType = undefined; includeInIndex = 0; };
		F771AD1B974E4878891E447D /* minishared.h */ = {isa = PBXFileReference; name = "minishared.h"; path = "cordova-plugin-zip/Plugins/minizip/minishared.h"; sourceTree = "<group>"; fileEncoding = 4; lastKnownFileType = sourcecode.c.h; explicitFileType = undefined; includeInIndex = 0; };
		08C97488A6EB4107881620B6 /* aes.h */ = {isa = PBXFileReference; name = "aes.h"; path = "cordova-plugin-zip/Plugins/aes/aes.h"; sourceTree = "<group>"; fileEncoding = 4; lastKnownFileType = sourcecode.c.h; explicitFileType = undefined; includeInIndex = 0; };
		26F930C67D334FEDA46BB876 /* aes_ni.h */ = {isa = PBXFileReference; name = "aes_ni.h"; path = "cordova-plugin-zip/Plugins/aes/aes_ni.h"; sourceTree = "<group>"; fileEncoding = 4; lastKnownFileType = sourcecode.c.h; explicitFileType = undefined; includeInIndex = 0; };
		EB4CE34F33AF4184A61CB38D /* aesopt.h */ = {isa = PBXFileReference; name = "aesopt.h"; path = "cordova-plugin-zip/Plugins/aes/aesopt.h"; sourceTree = "<group>"; fileEncoding = 4; lastKnownFileType = sourcecode.c.h; explicitFileType = undefined; includeInIndex = 0; };
		11FE47CC1EBE42FDAF79A326 /* aestab.h */ = {isa = PBXFileReference; name = "aestab.h"; path = "cordova-plugin-zip/Plugins/aes/aestab.h"; sourceTree = "<group>"; fileEncoding = 4; lastKnownFileType = sourcecode.c.h; explicitFileType = undefined; includeInIndex = 0; };
		92833FFB97FA4F7DB003BB0F /* brg_endian.h */ = {isa = PBXFileReference; name = "brg_endian.h"; path = "cordova-plugin-zip/Plugins/aes/brg_endian.h"; sourceTree = "<group>"; fileEncoding = 4; lastKnownFileType = sourcecode.c.h; explicitFileType = undefined; includeInIndex = 0; };
		6018003C9AAA43E7ACA1C977 /* brg_types.h */ = {isa = PBXFileReference; name = "brg_types.h"; path = "cordova-plugin-zip/Plugins/aes/brg_types.h"; sourceTree = "<group>"; fileEncoding = 4; lastKnownFileType = sourcecode.c.h; explicitFileType = undefined; includeInIndex = 0; };
		A59242A2191547C58800C354 /* fileenc.h */ = {isa = PBXFileReference; name = "fileenc.h"; path = "cordova-plugin-zip/Plugins/aes/fileenc.h"; sourceTree = "<group>"; fileEncoding = 4; lastKnownFileType = sourcecode.c.h; explicitFileType = undefined; includeInIndex = 0; };
		BED83BF4F7924953AA0965B0 /* hmac.h */ = {isa = PBXFileReference; name = "hmac.h"; path = "cordova-plugin-zip/Plugins/aes/hmac.h"; sourceTree = "<group>"; fileEncoding = 4; lastKnownFileType = sourcecode.c.h; explicitFileType = undefined; includeInIndex = 0; };
		B105E886EB4C4684AF7105FC /* prng.h */ = {isa = PBXFileReference; name = "prng.h"; path = "cordova-plugin-zip/Plugins/aes/prng.h"; sourceTree = "<group>"; fileEncoding = 4; lastKnownFileType = sourcecode.c.h; explicitFileType = undefined; includeInIndex = 0; };
		7BCF63DBC8D6429889776982 /* pwd2key.h */ = {isa = PBXFileReference; name = "pwd2key.h"; path = "cordova-plugin-zip/Plugins/aes/pwd2key.h"; sourceTree = "<group>"; fileEncoding = 4; lastKnownFileType = sourcecode.c.h; explicitFileType = undefined; includeInIndex = 0; };
		DDC2C25B633B4D2E9F4B0309 /* sha1.h */ = {isa = PBXFileReference; name = "sha1.h"; path = "cordova-plugin-zip/Plugins/aes/sha1.h"; sourceTree = "<group>"; fileEncoding = 4; lastKnownFileType = sourcecode.c.h; explicitFileType = undefined; includeInIndex = 0; };
		C6F5CFDACA3A4FB0AEC18FD3 /* libz.dylib */ = {isa = PBXFileReference; name = "libz.dylib"; path = "usr/lib/libz.dylib"; sourceTree = SDKROOT; fileEncoding = undefined; lastKnownFileType = compiled.mach-o.dylib; explicitFileType = undefined; includeInIndex = 0; };
		67A5DEE5C5734DB0B044A43B /* SQLitePlugin.m */ = {isa = PBXFileReference; name = "SQLitePlugin.m"; path = "cordova-sqlite-storage/SQLitePlugin.m"; sourceTree = "<group>"; fileEncoding = 4; lastKnownFileType = sourcecode.c.objc; explicitFileType = undefined; includeInIndex = 0; };
		3FB5C53C0DEB4D44B10DE17E /* PSPDFThreadSafeMutableDictionary.m */ = {isa = PBXFileReference; name = "PSPDFThreadSafeMutableDictionary.m"; path = "cordova-sqlite-storage/PSPDFThreadSafeMutableDictionary.m"; sourceTree = "<group>"; fileEncoding = 4; lastKnownFileType = sourcecode.c.objc; explicitFileType = undefined; includeInIndex = 0; };
		5AB72199A4F8446B8D92DA49 /* sqlite3.c */ = {isa = PBXFileReference; name = "sqlite3.c"; path = "cordova-sqlite-storage/sqlite3.c"; sourceTree = "<group>"; fileEncoding = undefined; lastKnownFileType = unknown; explicitFileType = undefined; includeInIndex = 0; };
		ABB40A1D77D34459B43D566F /* SQLitePlugin.h */ = {isa = PBXFileReference; name = "SQLitePlugin.h"; path = "cordova-sqlite-storage/SQLitePlugin.h"; sourceTree = "<group>"; fileEncoding = 4; lastKnownFileType = sourcecode.c.h; explicitFileType = undefined; includeInIndex = 0; };
		18FE14E0DD8B4737B37C7EF0 /* PSPDFThreadSafeMutableDictionary.h */ = {isa = PBXFileReference; name = "PSPDFThreadSafeMutableDictionary.h"; path = "cordova-sqlite-storage/PSPDFThreadSafeMutableDictionary.h"; sourceTree = "<group>"; fileEncoding = 4; lastKnownFileType = sourcecode.c.h; explicitFileType = undefined; includeInIndex = 0; };
		8E9E16094F3143DD8FF565E9 /* sqlite3.h */ = {isa = PBXFileReference; name = "sqlite3.h"; path = "cordova-sqlite-storage/sqlite3.h"; sourceTree = "<group>"; fileEncoding = 4; lastKnownFileType = sourcecode.c.h; explicitFileType = undefined; includeInIndex = 0; };
/* End PBXFileReference section */

/* Begin PBXFrameworksBuildPhase section */
		1D60588F0D05DD3D006BFB54 /* Frameworks */ = {
			isa = PBXFrameworksBuildPhase;
			buildActionMask = 2147483647;
			files = (
				301BF552109A68D80062928A /* libCordova.a in Frameworks */,
				BFEBD493A9764B85B46711DA /* ImageIO.framework in Frameworks */,
				FA446095675844189D592C55 /* CoreLocation.framework in Frameworks */,
				CABBF8E6ACBD4D7CA867828A /* AVFoundation.framework in Frameworks */,
				474C79AA1CE94413820E4834 /* SystemConfiguration.framework in Frameworks */,
				0D295D83F6F349AF82C3BBA2 /* CoreTelephony.framework in Frameworks */,
				2DEE2D9E20674DC7ACDFC2E1 /* libz.dylib in Frameworks */,
			);
			runOnlyForDeploymentPostprocessing = 0;
		};
/* End PBXFrameworksBuildPhase section */

/* Begin PBXGroup section */
		080E96DDFE201D6D7F000001 /* Classes */ = {
			isa = PBXGroup;
			children = (
				302D95EE14D2391D003F00A1 /* MainViewController.h */,
				302D95EF14D2391D003F00A1 /* MainViewController.m */,
				302D95F014D2391D003F00A1 /* MainViewController.xib */,
				1D3623240D0F684500981E51 /* AppDelegate.h */,
				1D3623250D0F684500981E51 /* AppDelegate.m */,
			);
			name = Classes;
			path = "ESFA - Enterprise Surveillance Field App/Classes";
			sourceTree = SOURCE_ROOT;
		};
		19C28FACFE9D520D11CA2CBB /* Products */ = {
			isa = PBXGroup;
			children = (
				1D6058910D05DD3D006BFB54 /* ESFA - Enterprise Surveillance Field App.app */,
			);
			name = Products;
			sourceTree = "<group>";
		};
		29B97314FDCFA39411CA2CEA /* CustomTemplate */ = {
			isa = PBXGroup;
			children = (
				EB87FDF41871DAF40020F90C /* config.xml */,
				EB87FDF31871DA8E0020F90C /* www */,
				EB87FDF11871DA420020F90C /* Staging */,
				301BF52D109A57CC0062928A /* CordovaLib.xcodeproj */,
				080E96DDFE201D6D7F000001 /* Classes */,
				307C750510C5A3420062BCA9 /* Plugins */,
				29B97315FDCFA39411CA2CEA /* Other Sources */,
				29B97317FDCFA39411CA2CEA /* Resources */,
				29B97323FDCFA39411CA2CEA /* Frameworks */,
				19C28FACFE9D520D11CA2CBB /* Products */,
			);
			name = CustomTemplate;
			sourceTree = "<group>";
		};
		29B97315FDCFA39411CA2CEA /* Other Sources */ = {
			isa = PBXGroup;
			children = (
				32CA4F630368D1EE00C91783 /* ESFA - Enterprise Surveillance Field App-Prefix.pch */,
				29B97316FDCFA39411CA2CEA /* main.m */,
				ED33DF2A687741AEAF9F8254 /* Bridging-Header.h */,
			);
			name = "Other Sources";
			path = "ESFA - Enterprise Surveillance Field App";
			sourceTree = "<group>";
		};
		29B97317FDCFA39411CA2CEA /* Resources */ = {
			isa = PBXGroup;
			children = (
				0207DA571B56EA530066E2B4 /* Images.xcassets */,
				3047A50E1AB8057F00498E2A /* config */,
				8D1107310486CEB800E47090 /* ESFA - Enterprise Surveillance Field App-Info.plist */,
			);
			name = Resources;
			path = "ESFA - Enterprise Surveillance Field App/Resources";
			sourceTree = "<group>";
		};
		29B97323FDCFA39411CA2CEA /* Frameworks */ = {
			isa = PBXGroup;
			children = (
				C059A0C973594AA685B18AF3 /* ImageIO.framework */,
				43AEA7337C5541439241B18E /* CoreLocation.framework */,
				9020CAF018064617A9B2674B /* AVFoundation.framework */,
				1D522F73C1FD42A494228BE3 /* SystemConfiguration.framework */,
				AD6F4BB40DD74025AEC8ADA7 /* CoreTelephony.framework */,
				C6F5CFDACA3A4FB0AEC18FD3 /* libz.dylib */,
			);
			name = Frameworks;
			sourceTree = "<group>";
		};
		301BF52E109A57CC0062928A /* Products */ = {
			isa = PBXGroup;
			children = (
				301BF535109A57CC0062928A /* libCordova.a */,
			);
			name = Products;
			sourceTree = "<group>";
		};
		3047A50E1AB8057F00498E2A /* config */ = {
			isa = PBXGroup;
			children = (
				3047A50F1AB8059700498E2A /* build-debug.xcconfig */,
				3047A5101AB8059700498E2A /* build-release.xcconfig */,
				3047A5111AB8059700498E2A /* build.xcconfig */,
			);
			name = config;
			sourceTree = "<group>";
		};
		307C750510C5A3420062BCA9 /* Plugins */ = {
			isa = PBXGroup;
			children = (
				4E9279C0DCAC46EBAB5AE690 /* AppVersion.m */,
				E9191377A5AF4E7A8ECF8D21 /* AppVersion.h */,
				C113B2CBE7AF4747BB208057 /* RareloopAppVersion.m */,
				03C6AAFE95764DB18D699113 /* RareloopAppVersion.h */,
				7FC3FCDB5BD342B78ADFE5BB /* UIImage+CropScaleOrientation.m */,
				702DAAEC0C844E9989F93173 /* CDVCamera.m */,
				32F7F99FE75243F29AB45CC3 /* CDVJpegHeaderWriter.m */,
				60D00AE6CBD74210943BBA4B /* UIImage+CropScaleOrientation.h */,
				4777687D76DC4B699868E029 /* CDVCamera.h */,
				101E0842A1714F3CA874B5DB /* CDVJpegHeaderWriter.h */,
				13D2A592D1C74217A39C2072 /* CDVExif.h */,
				0118FADEBA894AEDB5D39700 /* CDVDevice.m */,
				BA6CF0053EC34456946DB4F4 /* CDVDevice.h */,
				8DEAE31128294C3083053928 /* CDVFile.m */,
				1FF24F6E1F45417085F5653C /* CDVLocalFilesystem.m */,
				45FF3B0C4477447F950A63AA /* CDVAssetLibraryFilesystem.m */,
				A83E8B489E0A45779D86EB57 /* CDVFile.h */,
				E80ED66C327946CFB7D2D310 /* CDVLocalFilesystem.h */,
				2EE04C137B6B4BE0992984D6 /* CDVAssetLibraryFilesystem.h */,
				7ADF8B79C04D4977B7C71B6D /* FileOpener2.m */,
				358CF32A1C1840B5AB232B0D /* FileOpener2.h */,
				E0945F18CE144428B35556F4 /* CDVFileTransfer.m */,
				761A5E1508FC4812A955F78D /* CDVFileTransfer.h */,
				94BB2DC28FC243F4A5AC05C3 /* CDVLocation.m */,
				22344B43358F4D2AB639FD45 /* CDVLocation.h */,
				533D08026AB0427D812FAF37 /* CDVConnection.m */,
				3BCF67CC78244D06865741ED /* CDVReachability.m */,
				F278212C40B54EAD800EC7C1 /* CDVConnection.h */,
				957C9F566AFA49C094C6383C /* CDVReachability.h */,
				86DFAF8251E84AD58F254F72 /* CDVSplashScreen.m */,
				9CE6563921F448FD8516825D /* CDVViewController+SplashScreen.m */,
				2BA1A1D03720483F87E5DDEF /* CDVSplashScreen.h */,
				3FE703E4B73942E39E1208BF /* CDVViewController+SplashScreen.h */,
				2C049654256F435B8F9871C0 /* SSZipArchive.m */,
				3CB3DD989932468581F096B8 /* zip.c */,
				E0471259577F49EBBD13DC91 /* unzip.c */,
				F7FFF2DBF52541529D386A33 /* ioapi.c */,
				248AB21BAB614ACEA9BFC5D4 /* crypt.c */,
				5A59AE92725C4FB68F019FF5 /* ioapi_buf.c */,
				2C4F5CCB31C7488591E9F6C9 /* ioapi_mem.c */,
				F3C65F9E9B574FD4BBAC2D97 /* minishared.c */,
				6A642945A6E84B4EB57BA0B5 /* aes_ni.c */,
				2025B45FB4BB45D4988F9A06 /* aescrypt.c */,
				525A87163D924EE5825808DE /* aeskey.c */,
				8141D8D7401E4F50B3B7B44E /* aestab.c */,
				26A7272C0D3142B182A0234F /* fileenc.c */,
				887F837BC4F344ED8DFEE730 /* hmac.c */,
				D3E7B2CD1B154DFFB8306357 /* prng.c */,
				5260F2649A9B41BD9F2AFFE6 /* pwd2key.c */,
				A1BB2593F4924921B2A95D3C /* sha1.c */,
				2F9C8DAC24FC4114B3DABF32 /* SSZipArchive.h */,
				55C6E22BF06545FE9FD13B54 /* SSZipCommon.h */,
				DB5E7559D4FF4E01A471C414 /* ZipArchive.h */,
				389C5493A78843E48A516AC2 /* zip.h */,
				AA0A62769B7B41C29A51C71E /* unzip.h */,
				73359A3EF1194A3D990BBF6E /* ioapi.h */,
				5237A068747345699EB32D3D /* crypt.h */,
				B91670DA6755466BA2154F2C /* ioapi_buf.h */,
				DCFF010984C44F4EBFBBF77A /* ioapi_mem.h */,
				F771AD1B974E4878891E447D /* minishared.h */,
				08C97488A6EB4107881620B6 /* aes.h */,
				26F930C67D334FEDA46BB876 /* aes_ni.h */,
				EB4CE34F33AF4184A61CB38D /* aesopt.h */,
				11FE47CC1EBE42FDAF79A326 /* aestab.h */,
				92833FFB97FA4F7DB003BB0F /* brg_endian.h */,
				6018003C9AAA43E7ACA1C977 /* brg_types.h */,
				A59242A2191547C58800C354 /* fileenc.h */,
				BED83BF4F7924953AA0965B0 /* hmac.h */,
				B105E886EB4C4684AF7105FC /* prng.h */,
				7BCF63DBC8D6429889776982 /* pwd2key.h */,
				DDC2C25B633B4D2E9F4B0309 /* sha1.h */,
				67A5DEE5C5734DB0B044A43B /* SQLitePlugin.m */,
				3FB5C53C0DEB4D44B10DE17E /* PSPDFThreadSafeMutableDictionary.m */,
				5AB72199A4F8446B8D92DA49 /* sqlite3.c */,
				ABB40A1D77D34459B43D566F /* SQLitePlugin.h */,
				18FE14E0DD8B4737B37C7EF0 /* PSPDFThreadSafeMutableDictionary.h */,
				8E9E16094F3143DD8FF565E9 /* sqlite3.h */,
			);
			name = Plugins;
			path = "ESFA - Enterprise Surveillance Field App/Plugins";
			sourceTree = SOURCE_ROOT;
		};
		EB87FDF11871DA420020F90C /* Staging */ = {
			isa = PBXGroup;
			children = (
				F840E1F0165FE0F500CFE078 /* config.xml */,
				301BF56E109A69640062928A /* www */,
			);
			name = Staging;
			sourceTree = "<group>";
		};
/* End PBXGroup section */

/* Begin PBXNativeTarget section */
		1D6058900D05DD3D006BFB54 /* ESFA - Enterprise Surveillance Field App */ = {
			isa = PBXNativeTarget;
			buildConfigurationList = 1D6058960D05DD3E006BFB54 /* Build configuration list for PBXNativeTarget "ESFA - Enterprise Surveillance Field App" */;
			buildPhases = (
				304B58A110DAC018002A0835 /* Copy www directory */,
				1D60588D0D05DD3D006BFB54 /* Resources */,
				1D60588E0D05DD3D006BFB54 /* Sources */,
				1D60588F0D05DD3D006BFB54 /* Frameworks */,
			);
			buildRules = (
			);
			dependencies = (
				301BF551109A68C00062928A /* PBXTargetDependency */,
			);
			name = "ESFA - Enterprise Surveillance Field App";
			productName = "ESFA - Enterprise Surveillance Field App";
			productReference = 1D6058910D05DD3D006BFB54 /* ESFA - Enterprise Surveillance Field App.app */;
			productType = "com.apple.product-type.application";
		};
/* End PBXNativeTarget section */

/* Begin PBXProject section */
		29B97313FDCFA39411CA2CEA /* Project object */ = {
			isa = PBXProject;
			attributes = {
				LastUpgradeCheck = 510;
			};
			buildConfigurationList = C01FCF4E08A954540054247B /* Build configuration list for PBXProject "__NON-CLI__" */;
			compatibilityVersion = "Xcode 3.2";
			developmentRegion = English;
			hasScannedForEncodings = 1;
			mainGroup = 29B97314FDCFA39411CA2CEA /* CustomTemplate */;
			projectDirPath = "";
			projectReferences = (
				{
					ProductGroup = 301BF52E109A57CC0062928A /* Products */;
					ProjectRef = 301BF52D109A57CC0062928A /* CordovaLib.xcodeproj */;
				},
			);
			projectRoot = "";
			targets = (
				1D6058900D05DD3D006BFB54 /* ESFA - Enterprise Surveillance Field App */,
			);
		};
/* End PBXProject section */

/* Begin PBXReferenceProxy section */
		301BF535109A57CC0062928A /* libCordova.a */ = {
			isa = PBXReferenceProxy;
			fileType = archive.ar;
			path = libCordova.a;
			remoteRef = 301BF534109A57CC0062928A /* PBXContainerItemProxy */;
			sourceTree = BUILT_PRODUCTS_DIR;
		};
/* End PBXReferenceProxy section */

/* Begin PBXResourcesBuildPhase section */
		1D60588D0D05DD3D006BFB54 /* Resources */ = {
			isa = PBXResourcesBuildPhase;
			buildActionMask = 2147483647;
			files = (
				302D95F214D2391D003F00A1 /* MainViewController.xib in Resources */,
				0207DA581B56EA530066E2B4 /* Images.xcassets in Resources */,
			);
			runOnlyForDeploymentPostprocessing = 0;
		};
/* End PBXResourcesBuildPhase section */

/* Begin PBXShellScriptBuildPhase section */
		304B58A110DAC018002A0835 /* Copy www directory */ = {
			isa = PBXShellScriptBuildPhase;
			buildActionMask = 2147483647;
			files = (
			);
			inputPaths = (
			);
			name = "Copy www directory";
			outputPaths = (
			);
			runOnlyForDeploymentPostprocessing = 0;
			shellPath = /bin/sh;
			shellScript = "NODEJS_PATH=/usr/local/bin; NVM_NODE_PATH=~/.nvm/versions/node/`nvm version 2>/dev/null`/bin; N_NODE_PATH=`find /usr/local/n/versions/node/* -maxdepth 0 -type d 2>/dev/null | tail -1`/bin; XCODE_NODE_PATH=`xcode-select --print-path`/usr/share/xcs/Node/bin; PATH=$NODEJS_PATH:$NVM_NODE_PATH:$N_NODE_PATH:$XCODE_NODE_PATH:$PATH && node cordova/lib/copy-www-build-step.js";
			showEnvVarsInLog = 0;
		};
/* End PBXShellScriptBuildPhase section */

/* Begin PBXSourcesBuildPhase section */
		1D60588E0D05DD3D006BFB54 /* Sources */ = {
			isa = PBXSourcesBuildPhase;
			buildActionMask = 2147483647;
			files = (
				1D60589B0D05DD56006BFB54 /* main.m in Sources */,
				1D3623260D0F684500981E51 /* AppDelegate.m in Sources */,
				302D95F114D2391D003F00A1 /* MainViewController.m in Sources */,
				E56A1A70734E46D9B04BEA26 /* AppVersion.m in Sources */,
				952E1DCB026149DB96C6A1CE /* RareloopAppVersion.m in Sources */,
				69BC641406E143BCB238DA8A /* UIImage+CropScaleOrientation.m in Sources */,
				44D0EC22FFDB469D983A3DCC /* CDVCamera.m in Sources */,
				FFA6B43A36FA4315A6F34E01 /* CDVJpegHeaderWriter.m in Sources */,
				B50D18A3705841AA9C65EA55 /* CDVDevice.m in Sources */,
				847BADEDD2DB4A84A124F5D7 /* CDVFile.m in Sources */,
				ABB2679A73154BC1BFA5582E /* CDVLocalFilesystem.m in Sources */,
				00975DD76DD448FBA017AF67 /* CDVAssetLibraryFilesystem.m in Sources */,
				1C3933F2199444A4AED98023 /* FileOpener2.m in Sources */,
				B2AFBC5ECB7F432296132046 /* CDVFileTransfer.m in Sources */,
				05A91DDDA97B4E2EB4D85267 /* CDVLocation.m in Sources */,
				DDF4431B5A114959B9D87065 /* CDVConnection.m in Sources */,
				77F167F98037423880EB72D6 /* CDVReachability.m in Sources */,
				EFBAB0BE47314FDF882B9C8B /* CDVSplashScreen.m in Sources */,
				76F142123CC44E5A9033E9D2 /* CDVViewController+SplashScreen.m in Sources */,
				9C273A2AB4AD411792E7D5AB /* SSZipArchive.m in Sources */,
				C4395AEA2C5E4658927CB1AC /* zip.c in Resources */,
				D4276F8ADC2C413483F492C1 /* unzip.c in Resources */,
				C8C67C8143EB4C948CFBCB5C /* ioapi.c in Resources */,
				5BBD95D2713B4A4E90F1E7F8 /* crypt.c in Resources */,
				459900EC40834EF08DFEBCAB /* ioapi_buf.c in Resources */,
				32327D69EBE144DA9C53D651 /* ioapi_mem.c in Resources */,
				BB4166AABB6B4FA38247AA3E /* minishared.c in Resources */,
				F1227FF3B0CF4A6B9D4338D5 /* aes_ni.c in Resources */,
				A5F0FDD399D7406489CCBF4B /* aescrypt.c in Resources */,
				842E223164504CD2AB6DE4E5 /* aeskey.c in Resources */,
				97EFD735805F4CF58C77EF61 /* aestab.c in Resources */,
				F16CCC1D559B4FA6A9E35577 /* fileenc.c in Resources */,
				A627284449174782ADBAB668 /* hmac.c in Resources */,
				F97FACEB290845EC8D331442 /* prng.c in Resources */,
				C610A40FEDB24BA784FB8CFE /* pwd2key.c in Resources */,
				4B0F7DC78826472B9F18E084 /* sha1.c in Resources */,
				2FC0F6B7446E49AF8B15D696 /* SQLitePlugin.m in Sources */,
				349847798A60447D8DE50838 /* PSPDFThreadSafeMutableDictionary.m in Sources */,
				39A51CB946254DED831381F3 /* sqlite3.c in Resources */,
			);
			runOnlyForDeploymentPostprocessing = 0;
		};
/* End PBXSourcesBuildPhase section */

/* Begin PBXTargetDependency section */
		301BF551109A68C00062928A /* PBXTargetDependency */ = {
			isa = PBXTargetDependency;
			name = CordovaLib;
			targetProxy = 301BF550109A68C00062928A /* PBXContainerItemProxy */;
		};
/* End PBXTargetDependency section */

/* Begin XCBuildConfiguration section */
		1D6058940D05DD3E006BFB54 /* Debug */ = {
			isa = XCBuildConfiguration;
			baseConfigurationReference = 3047A50F1AB8059700498E2A /* build-debug.xcconfig */;
			buildSettings = {
				ALWAYS_SEARCH_USER_PATHS = NO;
				ASSETCATALOG_COMPILER_APPICON_NAME = AppIcon;
				ASSETCATALOG_COMPILER_LAUNCHIMAGE_NAME = LaunchImage;
				CLANG_ENABLE_MODULES = YES;
				CLANG_ENABLE_OBJC_ARC = YES;
				COPY_PHASE_STRIP = NO;
				GCC_DYNAMIC_NO_PIC = NO;
				GCC_OPTIMIZATION_LEVEL = 0;
				GCC_PRECOMPILE_PREFIX_HEADER = YES;
				GCC_PREFIX_HEADER = "ESFA - Enterprise Surveillance Field App/ESFA - Enterprise Surveillance Field App-Prefix.pch";
				GCC_THUMB_SUPPORT = NO;
				GCC_VERSION = "";
				INFOPLIST_FILE = "ESFA - Enterprise Surveillance Field App/ESFA - Enterprise Surveillance Field App-Info.plist";
				LD_RUNPATH_SEARCH_PATHS = "@executable_path/Frameworks";
				PRODUCT_NAME = "ESFA - Enterprise Surveillance Field App";
				IPHONEOS_DEPLOYMENT_TARGET = 11.4;
			};
			name = Debug;
		};
		1D6058950D05DD3E006BFB54 /* Release */ = {
			isa = XCBuildConfiguration;
			baseConfigurationReference = 3047A5101AB8059700498E2A /* build-release.xcconfig */;
			buildSettings = {
				ALWAYS_SEARCH_USER_PATHS = NO;
				ASSETCATALOG_COMPILER_APPICON_NAME = AppIcon;
				ASSETCATALOG_COMPILER_LAUNCHIMAGE_NAME = LaunchImage;
				CLANG_ENABLE_MODULES = YES;
				CLANG_ENABLE_OBJC_ARC = YES;
				COPY_PHASE_STRIP = YES;
				GCC_PRECOMPILE_PREFIX_HEADER = YES;
				GCC_PREFIX_HEADER = "ESFA - Enterprise Surveillance Field App/ESFA - Enterprise Surveillance Field App-Prefix.pch";
				GCC_THUMB_SUPPORT = NO;
				GCC_VERSION = "";
				INFOPLIST_FILE = "ESFA - Enterprise Surveillance Field App/ESFA - Enterprise Surveillance Field App-Info.plist";
				PRODUCT_NAME = "ESFA - Enterprise Surveillance Field App";
				IPHONEOS_DEPLOYMENT_TARGET = 11.4;
			};
			name = Release;
		};
		C01FCF4F08A954540054247B /* Debug */ = {
			isa = XCBuildConfiguration;
			baseConfigurationReference = 3047A5111AB8059700498E2A /* build.xcconfig */;
			buildSettings = {
				CLANG_ENABLE_MODULES = YES;
				CLANG_ENABLE_OBJC_ARC = YES;
				CLANG_WARN_BOOL_CONVERSION = YES;
				CLANG_WARN_CONSTANT_CONVERSION = YES;
				CLANG_WARN_EMPTY_BODY = YES;
				CLANG_WARN_ENUM_CONVERSION = YES;
				CLANG_WARN_INT_CONVERSION = YES;
				CLANG_WARN__DUPLICATE_METHOD_MATCH = YES;
				GCC_C_LANGUAGE_STANDARD = c99;
				GCC_THUMB_SUPPORT = NO;
				GCC_VERSION = "";
				GCC_WARN_ABOUT_RETURN_TYPE = YES;
				GCC_WARN_UNDECLARED_SELECTOR = YES;
				GCC_WARN_UNINITIALIZED_AUTOS = YES;
				GCC_WARN_UNUSED_FUNCTION = YES;
				GCC_WARN_UNUSED_VARIABLE = YES;
				ONLY_ACTIVE_ARCH = YES;
				SDKROOT = iphoneos;
				SKIP_INSTALL = NO;
				IPHONEOS_DEPLOYMENT_TARGET = 11.4;
			};
			name = Debug;
		};
		C01FCF5008A954540054247B /* Release */ = {
			isa = XCBuildConfiguration;
			baseConfigurationReference = 3047A5111AB8059700498E2A /* build.xcconfig */;
			buildSettings = {
				CLANG_ENABLE_MODULES = YES;
				CLANG_ENABLE_OBJC_ARC = YES;
				CLANG_WARN_BOOL_CONVERSION = YES;
				CLANG_WARN_CONSTANT_CONVERSION = YES;
				CLANG_WARN_EMPTY_BODY = YES;
				CLANG_WARN_ENUM_CONVERSION = YES;
				CLANG_WARN_INT_CONVERSION = YES;
				CLANG_WARN__DUPLICATE_METHOD_MATCH = YES;
				GCC_C_LANGUAGE_STANDARD = c99;
				GCC_THUMB_SUPPORT = NO;
				GCC_VERSION = "";
				GCC_WARN_ABOUT_RETURN_TYPE = YES;
				GCC_WARN_UNDECLARED_SELECTOR = YES;
				GCC_WARN_UNINITIALIZED_AUTOS = YES;
				GCC_WARN_UNUSED_FUNCTION = YES;
				GCC_WARN_UNUSED_VARIABLE = YES;
				SDKROOT = iphoneos;
				SKIP_INSTALL = NO;
				IPHONEOS_DEPLOYMENT_TARGET = 11.4;
			};
			name = Release;
		};
/* End XCBuildConfiguration section */

/* Begin XCConfigurationList section */
		1D6058960D05DD3E006BFB54 /* Build configuration list for PBXNativeTarget "ESFA - Enterprise Surveillance Field App" */ = {
			isa = XCConfigurationList;
			buildConfigurations = (
				1D6058940D05DD3E006BFB54 /* Debug */,
				1D6058950D05DD3E006BFB54 /* Release */,
			);
			defaultConfigurationIsVisible = 0;
			defaultConfigurationName = Release;
		};
		C01FCF4E08A954540054247B /* Build configuration list for PBXProject "__NON-CLI__" */ = {
			isa = XCConfigurationList;
			buildConfigurations = (
				C01FCF4F08A954540054247B /* Debug */,
				C01FCF5008A954540054247B /* Release */,
			);
			defaultConfigurationIsVisible = 0;
			defaultConfigurationName = Release;
		};
/* End XCConfigurationList section */
	};
	rootObject = 29B97313FDCFA39411CA2CEA /* Project object */;
}
