// !$*UTF8*$!
{
	archiveVersion = 1;
	classes = {
	};
	objectVersion = 46;
	objects = {
/* Begin PBXBuildFile section */
		0207DA581B56EA530066E2B4 /* Images.xcassets in Resources */ = {isa = PBXBuildFile; fileRef = 0207DA571B56EA530066E2B4 /* Images.xcassets */; };
		1D3623260D0F684500981E51 /* AppDelegate.m in Sources */ = {isa = PBXBuildFile; fileRef = 1D3623250D0F684500981E51 /* AppDelegate.m */; };
		1D60589B0D05DD56006BFB54 /* main.m in Sources */ = {isa = PBXBuildFile; fileRef = 29B97316FDCFA39411CA2CEA /* main.m */; };
		301BF552109A68D80062928A /* libCordova.a in Frameworks */ = {isa = PBXBuildFile; fileRef = 301BF535109A57CC0062928A /* libCordova.a */; };
		302D95F114D2391D003F00A1 /* MainViewController.m in Sources */ = {isa = PBXBuildFile; fileRef = 302D95EF14D2391D003F00A1 /* MainViewController.m */; };
		302D95F214D2391D003F00A1 /* MainViewController.xib in Resources */ = {isa = PBXBuildFile; fileRef = 302D95F014D2391D003F00A1 /* MainViewController.xib */; };
		3047A5121AB8059700498E2A /* build-debug.xcconfig in Resources */ = {isa = PBXBuildFile; fileRef = 3047A50F1AB8059700498E2A /* build-debug.xcconfig */; };
		3047A5131AB8059700498E2A /* build-release.xcconfig in Resources */ = {isa = PBXBuildFile; fileRef = 3047A5101AB8059700498E2A /* build-release.xcconfig */; };
		3047A5141AB8059700498E2A /* build.xcconfig in Resources */ = {isa = PBXBuildFile; fileRef = 3047A5111AB8059700498E2A /* build.xcconfig */; };
		09D9F4CEA41E42528C002C3B /* AppVersion.m in Sources */ = {isa = PBXBuildFile; fileRef = 9AFE7BDFCFE4435FA02E6C47 /* AppVersion.m */; };
		154BEAD066F443ABA2E72AB2 /* RareloopAppVersion.m in Sources */ = {isa = PBXBuildFile; fileRef = 56719B281BB94254A6581193 /* RareloopAppVersion.m */; };
		8F2DBA354B4D4C368AF3AE0D /* UIImage+CropScaleOrientation.m in Sources */ = {isa = PBXBuildFile; fileRef = 7D64C63BA18C409482FB6438 /* UIImage+CropScaleOrientation.m */; };
		DDF1FC71AC1E46FDBA5751C4 /* CDVCamera.m in Sources */ = {isa = PBXBuildFile; fileRef = EB8814B005CB4F7E8A0B4D69 /* CDVCamera.m */; };
		406F3B68040D4987B27F217B /* CDVJpegHeaderWriter.m in Sources */ = {isa = PBXBuildFile; fileRef = EBBA33CC94BE4301B1AFD714 /* CDVJpegHeaderWriter.m */; };
		94809C54CF9449A180B117C4 /* ImageIO.framework in Frameworks */ = {isa = PBXBuildFile; fileRef = 7F53FBCA82F946E4B65AC382 /* ImageIO.framework */; settings = {ATTRIBUTES = (Weak, ); }; };
		D38B959C98DE435D9EA01CCE /* CoreLocation.framework in Frameworks */ = {isa = PBXBuildFile; fileRef = 4C10E25B2B3B418AAB74FA16 /* CoreLocation.framework */; };
		61AF871AB489478FBC098AD7 /* AVFoundation.framework in Frameworks */ = {isa = PBXBuildFile; fileRef = 920D9B7112FA42DC81BD8AA4 /* AVFoundation.framework */; };
		8D6E6FEE01074345BAF2C762 /* CDVDevice.m in Sources */ = {isa = PBXBuildFile; fileRef = C943340264A74A2E93E4DB36 /* CDVDevice.m */; };
		520EA38A6F4842F6A99B6E8D /* CDVFile.m in Sources */ = {isa = PBXBuildFile; fileRef = 243214434D2C40BD80CED4A4 /* CDVFile.m */; };
		10110E80871043F9BE332C96 /* CDVLocalFilesystem.m in Sources */ = {isa = PBXBuildFile; fileRef = 0CD64D2F1A7742A8930B09BF /* CDVLocalFilesystem.m */; };
		1EF9C3D0337F40B48613D6DB /* CDVAssetLibraryFilesystem.m in Sources */ = {isa = PBXBuildFile; fileRef = 4EA5E33B8E6F471090A3FA0F /* CDVAssetLibraryFilesystem.m */; };
		4828BEC3DECB40CEAD5C2258 /* FileOpener2.m in Sources */ = {isa = PBXBuildFile; fileRef = 8DF1F0D9F1B241AFB8E8AF96 /* FileOpener2.m */; };
		0C5A96CCF2844816944C074B /* CDVFileTransfer.m in Sources */ = {isa = PBXBuildFile; fileRef = 85CF4C9BC09F41449C198D95 /* CDVFileTransfer.m */; };
		26CD5E0810C94021A1A6B387 /* CDVLocation.m in Sources */ = {isa = PBXBuildFile; fileRef = CB3A5775761E414796AFD427 /* CDVLocation.m */; };
		43166FA33BD34944AACB22A2 /* CDVConnection.m in Sources */ = {isa = PBXBuildFile; fileRef = FFCB5BDAA6F6495FA8AEF351 /* CDVConnection.m */; };
		056CAE87CE8A4D7F949B86EA /* CDVReachability.m in Sources */ = {isa = PBXBuildFile; fileRef = 0558F381901A4F27AC8B626A /* CDVReachability.m */; };
		45E6F6532823447F907AA444 /* SystemConfiguration.framework in Frameworks */ = {isa = PBXBuildFile; fileRef = 84DDD9D3BAEC43568F45ECCF /* SystemConfiguration.framework */; settings = {ATTRIBUTES = (Weak, ); }; };
		1EE42D92A2A04340892C93AF /* CoreTelephony.framework in Frameworks */ = {isa = PBXBuildFile; fileRef = BB7617FD81644027909C086D /* CoreTelephony.framework */; };
		34DE8CCA06F44E05B0222372 /* CDVSplashScreen.m in Sources */ = {isa = PBXBuildFile; fileRef = F3B84DC69AE04A0E8F9C36D5 /* CDVSplashScreen.m */; };
		C75758BBD5F54C208F55CC4D /* CDVViewController+SplashScreen.m in Sources */ = {isa = PBXBuildFile; fileRef = FAF73EB1C25941BBB85DB599 /* CDVViewController+SplashScreen.m */; };
		2251A9FCFEDD454297009D01 /* SSZipArchive.m in Sources */ = {isa = PBXBuildFile; fileRef = 2EAB14F1B98E4C6AB86A4A9F /* SSZipArchive.m */; };
		678B4A6DE76A4CEA819AE395 /* zip.c in Resources */ = {isa = PBXBuildFile; fileRef = 82E0B99AEF794EC19579081D /* zip.c */; };
		A7BF8C7E634243188BBFC701 /* unzip.c in Resources */ = {isa = PBXBuildFile; fileRef = AA5E698F51DB4E14BB8D4EBA /* unzip.c */; };
		0F77D29A6B9340C29D19014F /* ioapi.c in Resources */ = {isa = PBXBuildFile; fileRef = C5ADCD494A9644EC82D58BD8 /* ioapi.c */; };
		166B090705A54156A209FBC4 /* crypt.c in Resources */ = {isa = PBXBuildFile; fileRef = 37CC472F8D43439890C434D9 /* crypt.c */; };
		23DD489005934208BF9E97CE /* ioapi_buf.c in Resources */ = {isa = PBXBuildFile; fileRef = 9ED3AA66150A468C9EDD86D6 /* ioapi_buf.c */; };
		2943A22AD20E46BDB8F3D4D6 /* ioapi_mem.c in Resources */ = {isa = PBXBuildFile; fileRef = 3AFED09012D9499EB1D5074D /* ioapi_mem.c */; };
		D035309A744E47B49EB9E3DF /* minishared.c in Resources */ = {isa = PBXBuildFile; fileRef = C21DD356EB3C4312A5911AD7 /* minishared.c */; };
		0412834E9F124C8D9D8D459F /* aes_ni.c in Resources */ = {isa = PBXBuildFile; fileRef = 0D0C7EE4A84A4BFF866E9332 /* aes_ni.c */; };
		30A5DEEF9675410AA9C57DFE /* aescrypt.c in Resources */ = {isa = PBXBuildFile; fileRef = EE07DDF6874A49048B066B2F /* aescrypt.c */; };
		75C7BB02CEE242A686DAA177 /* aeskey.c in Resources */ = {isa = PBXBuildFile; fileRef = 73911031F9714BB79D0F0308 /* aeskey.c */; };
		2BACC35B23B44AFFBA9AAC1D /* aestab.c in Resources */ = {isa = PBXBuildFile; fileRef = 901AAE6C02BD41669124A08A /* aestab.c */; };
		CED6F026E3544360A7FE9EDC /* fileenc.c in Resources */ = {isa = PBXBuildFile; fileRef = 21F40697F5F946F6AC6C0AB0 /* fileenc.c */; };
		59A7DF3D0D11478AA6AC7022 /* hmac.c in Resources */ = {isa = PBXBuildFile; fileRef = 2E5A1B8DCB2842AF870E80F1 /* hmac.c */; };
		E748247EA7B44FCFBD4C36DE /* prng.c in Resources */ = {isa = PBXBuildFile; fileRef = 294AF0EFBA3541E3B4258B63 /* prng.c */; };
		7898FE35970F4F87ACD36A0D /* pwd2key.c in Resources */ = {isa = PBXBuildFile; fileRef = 8FE0D8C95A06426888F3E804 /* pwd2key.c */; };
		5328C576D6464FB3B77E9DC1 /* sha1.c in Resources */ = {isa = PBXBuildFile; fileRef = 866ABA5ABC00491BB414662F /* sha1.c */; };
		17E5058CF0E447D58EB9E188 /* libz.dylib in Frameworks */ = {isa = PBXBuildFile; fileRef = C8027B41DF344CB88CA2E7AD /* libz.dylib */; };
		21600E4F46EB4D51A6C4126B /* SQLitePlugin.m in Sources */ = {isa = PBXBuildFile; fileRef = DA3A1247B5F7422C99B4C05A /* SQLitePlugin.m */; };
		0AB521FC80AE4A82A849D8A1 /* PSPDFThreadSafeMutableDictionary.m in Sources */ = {isa = PBXBuildFile; fileRef = CD5E9AFC91E64F21AFC96146 /* PSPDFThreadSafeMutableDictionary.m */; settings = {COMPILER_FLAGS = "-w"; }; };
		20748A18B4814A199818BBEE /* sqlite3.c in Resources */ = {isa = PBXBuildFile; fileRef = C34207591D4741BDB6A217ED /* sqlite3.c */; settings = {COMPILER_FLAGS = "-w -DSQLITE_THREADSAFE=1 -DSQLITE_DEFAULT_SYNCHRONOUS=3 -DSQLITE_DEFAULT_MEMSTATUS=0 -DSQLITE_OMIT_DECLTYPE -DSQLITE_OMIT_DEPRECATED -DSQLITE_OMIT_PROGRESS_CALLBACK -DSQLITE_OMIT_SHARED_CACHE -DSQLITE_TEMP_STORE=2 -DSQLITE_OMIT_LOAD_EXTENSION -DSQLITE_ENABLE_FTS3 -DSQLITE_ENABLE_FTS3_PARENTHESIS -DSQLITE_ENABLE_FTS4 -DSQLITE_ENABLE_RTREE -DSQLITE_DEFAULT_PAGE_SIZE=1024 -DSQLITE_DEFAULT_CACHE_SIZE=2000"; }; };
/* End PBXBuildFile section */

/* Begin PBXContainerItemProxy section */
		301BF534109A57CC0062928A /* PBXContainerItemProxy */ = {
			isa = PBXContainerItemProxy;
			containerPortal = 301BF52D109A57CC0062928A /* CordovaLib.xcodeproj */;
			proxyType = 2;
			remoteGlobalIDString = D2AAC07E0554694100DB518D;
			remoteInfo = CordovaLib;
		};
		301BF550109A68C00062928A /* PBXContainerItemProxy */ = {
			isa = PBXContainerItemProxy;
			containerPortal = 301BF52D109A57CC0062928A /* CordovaLib.xcodeproj */;
			proxyType = 1;
			remoteGlobalIDString = D2AAC07D0554694100DB518D;
			remoteInfo = CordovaLib;
		};
/* End PBXContainerItemProxy section */

/* Begin PBXFileReference section */
		0207DA571B56EA530066E2B4 /* Images.xcassets */ = {isa = PBXFileReference; lastKnownFileType = folder.assetcatalog; name = Images.xcassets; path = "ESFA - Enterprise Surveillance Field App/Images.xcassets"; sourceTree = SOURCE_ROOT; };
		1D3623240D0F684500981E51 /* AppDelegate.h */ = {isa = PBXFileReference; fileEncoding = 4; lastKnownFileType = sourcecode.c.h; path = AppDelegate.h; sourceTree = "<group>"; };
		1D3623250D0F684500981E51 /* AppDelegate.m */ = {isa = PBXFileReference; fileEncoding = 4; lastKnownFileType = sourcecode.c.objc; path = AppDelegate.m; sourceTree = "<group>"; };
		1D6058910D05DD3D006BFB54 /* ESFA - Enterprise Surveillance Field App.app */ = {isa = PBXFileReference; explicitFileType = wrapper.application; includeInIndex = 0; path = "ESFA - Enterprise Surveillance Field App.app"; sourceTree = BUILT_PRODUCTS_DIR; };
		29B97316FDCFA39411CA2CEA /* main.m */ = {isa = PBXFileReference; fileEncoding = 4; lastKnownFileType = sourcecode.c.objc; path = main.m; sourceTree = "<group>"; };
		301BF52D109A57CC0062928A /* CordovaLib.xcodeproj */ = {isa = PBXFileReference; lastKnownFileType = "wrapper.pb-project"; name = CordovaLib.xcodeproj; path = CordovaLib/CordovaLib.xcodeproj; sourceTree = "<group>"; };
		301BF56E109A69640062928A /* www */ = {isa = PBXFileReference; lastKnownFileType = folder; path = www; sourceTree = SOURCE_ROOT; };
		302D95EE14D2391D003F00A1 /* MainViewController.h */ = {isa = PBXFileReference; fileEncoding = 4; lastKnownFileType = sourcecode.c.h; path = MainViewController.h; sourceTree = "<group>"; };
		302D95EF14D2391D003F00A1 /* MainViewController.m */ = {isa = PBXFileReference; fileEncoding = 4; lastKnownFileType = sourcecode.c.objc; path = MainViewController.m; sourceTree = "<group>"; };
		302D95F014D2391D003F00A1 /* MainViewController.xib */ = {isa = PBXFileReference; fileEncoding = 4; lastKnownFileType = file.xib; path = MainViewController.xib; sourceTree = "<group>"; };
		3047A50F1AB8059700498E2A /* build-debug.xcconfig */ = {isa = PBXFileReference; fileEncoding = 4; lastKnownFileType = text.xcconfig; name = "build-debug.xcconfig"; path = cordova/build-debug.xcconfig; sourceTree = SOURCE_ROOT; };
		3047A5101AB8059700498E2A /* build-release.xcconfig */ = {isa = PBXFileReference; fileEncoding = 4; lastKnownFileType = text.xcconfig; name = "build-release.xcconfig"; path = cordova/build-release.xcconfig; sourceTree = SOURCE_ROOT; };
		3047A5111AB8059700498E2A /* build.xcconfig */ = {isa = PBXFileReference; fileEncoding = 4; lastKnownFileType = text.xcconfig; name = build.xcconfig; path = cordova/build.xcconfig; sourceTree = SOURCE_ROOT; };
		32CA4F630368D1EE00C91783 /* ESFA - Enterprise Surveillance Field App-Prefix.pch */ = {isa = PBXFileReference; fileEncoding = 4; lastKnownFileType = sourcecode.c.h; path = "ESFA - Enterprise Surveillance Field App-Prefix.pch"; sourceTree = "<group>"; };
		8D1107310486CEB800E47090 /* ESFA - Enterprise Surveillance Field App-Info.plist */ = {isa = PBXFileReference; fileEncoding = 4; lastKnownFileType = text.plist.xml; name = "ESFA - Enterprise Surveillance Field App-Info.plist"; path = "ESFA - Enterprise Surveillance Field App/ESFA - Enterprise Surveillance Field App-Info.plist"; plistStructureDefinitionIdentifier = "com.apple.xcode.plist.structure-definition.iphone.info-plist"; sourceTree = SOURCE_ROOT; };
		EB87FDF31871DA8E0020F90C /* www */ = {isa = PBXFileReference; lastKnownFileType = folder; name = www; path = ../../www; sourceTree = "<group>"; };
		EB87FDF41871DAF40020F90C /* config.xml */ = {isa = PBXFileReference; lastKnownFileType = text.xml; name = config.xml; path = ../../config.xml; sourceTree = "<group>"; };
		F840E1F0165FE0F500CFE078 /* config.xml */ = {isa = PBXFileReference; lastKnownFileType = text.xml; name = config.xml; path = "ESFA - Enterprise Surveillance Field App/config.xml"; sourceTree = "<group>"; };
		ED33DF2A687741AEAF9F8254 /* Bridging-Header.h */ = {isa = PBXFileReference; fileEncoding = 4; lastKnownFileType = sourcecode.c.h; name = "Bridging-Header.h"; path = "Bridging-Header.h"; sourceTree = "<group>"; };
		9AFE7BDFCFE4435FA02E6C47 /* AppVersion.m */ = {isa = PBXFileReference; name = "AppVersion.m"; path = "cordova-plugin-app-version/AppVersion.m"; sourceTree = "<group>"; fileEncoding = 4; lastKnownFileType = sourcecode.c.objc; explicitFileType = undefined; includeInIndex = 0; };
		0AA0F247AB824DB4AC2C8B8E /* AppVersion.h */ = {isa = PBXFileReference; name = "AppVersion.h"; path = "cordova-plugin-app-version/AppVersion.h"; sourceTree = "<group>"; fileEncoding = 4; lastKnownFileType = sourcecode.c.h; explicitFileType = undefined; includeInIndex = 0; };
		56719B281BB94254A6581193 /* RareloopAppVersion.m */ = {isa = PBXFileReference; name = "RareloopAppVersion.m"; path = "cordova-plugin-appversion/RareloopAppVersion.m"; sourceTree = "<group>"; fileEncoding = 4; lastKnownFileType = sourcecode.c.objc; explicitFileType = undefined; includeInIndex = 0; };
		602C6594B9FE4FC3A75A82E0 /* RareloopAppVersion.h */ = {isa = PBXFileReference; name = "RareloopAppVersion.h"; path = "cordova-plugin-appversion/RareloopAppVersion.h"; sourceTree = "<group>"; fileEncoding = 4; lastKnownFileType = sourcecode.c.h; explicitFileType = undefined; includeInIndex = 0; };
		7D64C63BA18C409482FB6438 /* UIImage+CropScaleOrientation.m */ = {isa = PBXFileReference; name = "UIImage+CropScaleOrientation.m"; path = "cordova-plugin-camera/UIImage+CropScaleOrientation.m"; sourceTree = "<group>"; fileEncoding = 4; lastKnownFileType = sourcecode.c.objc; explicitFileType = undefined; includeInIndex = 0; };
		EB8814B005CB4F7E8A0B4D69 /* CDVCamera.m */ = {isa = PBXFileReference; name = "CDVCamera.m"; path = "cordova-plugin-camera/CDVCamera.m"; sourceTree = "<group>"; fileEncoding = 4; lastKnownFileType = sourcecode.c.objc; explicitFileType = undefined; includeInIndex = 0; };
		EBBA33CC94BE4301B1AFD714 /* CDVJpegHeaderWriter.m */ = {isa = PBXFileReference; name = "CDVJpegHeaderWriter.m"; path = "cordova-plugin-camera/CDVJpegHeaderWriter.m"; sourceTree = "<group>"; fileEncoding = 4; lastKnownFileType = sourcecode.c.objc; explicitFileType = undefined; includeInIndex = 0; };
		11B20070639B4895BFBF4DAF /* UIImage+CropScaleOrientation.h */ = {isa = PBXFileReference; name = "UIImage+CropScaleOrientation.h"; path = "cordova-plugin-camera/UIImage+CropScaleOrientation.h"; sourceTree = "<group>"; fileEncoding = 4; lastKnownFileType = sourcecode.c.h; explicitFileType = undefined; includeInIndex = 0; };
		F6708EA863D247DD9CFD480C /* CDVCamera.h */ = {isa = PBXFileReference; name = "CDVCamera.h"; path = "cordova-plugin-camera/CDVCamera.h"; sourceTree = "<group>"; fileEncoding = 4; lastKnownFileType = sourcecode.c.h; explicitFileType = undefined; includeInIndex = 0; };
		BD72093E5FFE40B1910EE5B2 /* CDVJpegHeaderWriter.h */ = {isa = PBXFileReference; name = "CDVJpegHeaderWriter.h"; path = "cordova-plugin-camera/CDVJpegHeaderWriter.h"; sourceTree = "<group>"; fileEncoding = 4; lastKnownFileType = sourcecode.c.h; explicitFileType = undefined; includeInIndex = 0; };
		BD5CFFD280064A5C83880507 /* CDVExif.h */ = {isa = PBXFileReference; name = "CDVExif.h"; path = "cordova-plugin-camera/CDVExif.h"; sourceTree = "<group>"; fileEncoding = 4; lastKnownFileType = sourcecode.c.h; explicitFileType = undefined; includeInIndex = 0; };
		7F53FBCA82F946E4B65AC382 /* ImageIO.framework */ = {isa = PBXFileReference; name = "ImageIO.framework"; path = "System/Library/Frameworks/ImageIO.framework"; sourceTree = SDKROOT; fileEncoding = undefined; lastKnownFileType = wrapper.framework; explicitFileType = undefined; includeInIndex = 0; };
		4C10E25B2B3B418AAB74FA16 /* CoreLocation.framework */ = {isa = PBXFileReference; name = "CoreLocation.framework"; path = "System/Library/Frameworks/CoreLocation.framework"; sourceTree = SDKROOT; fileEncoding = undefined; lastKnownFileType = wrapper.framework; explicitFileType = undefined; includeInIndex = 0; };
		920D9B7112FA42DC81BD8AA4 /* AVFoundation.framework */ = {isa = PBXFileReference; name = "AVFoundation.framework"; path = "System/Library/Frameworks/AVFoundation.framework"; sourceTree = SDKROOT; fileEncoding = undefined; lastKnownFileType = wrapper.framework; explicitFileType = undefined; includeInIndex = 0; };
		C943340264A74A2E93E4DB36 /* CDVDevice.m */ = {isa = PBXFileReference; name = "CDVDevice.m"; path = "cordova-plugin-device/CDVDevice.m"; sourceTree = "<group>"; fileEncoding = 4; lastKnownFileType = sourcecode.c.objc; explicitFileType = undefined; includeInIndex = 0; };
		3A6E3D048F874E609D823B40 /* CDVDevice.h */ = {isa = PBXFileReference; name = "CDVDevice.h"; path = "cordova-plugin-device/CDVDevice.h"; sourceTree = "<group>"; fileEncoding = 4; lastKnownFileType = sourcecode.c.h; explicitFileType = undefined; includeInIndex = 0; };
		243214434D2C40BD80CED4A4 /* CDVFile.m */ = {isa = PBXFileReference; name = "CDVFile.m"; path = "cordova-plugin-file/CDVFile.m"; sourceTree = "<group>"; fileEncoding = 4; lastKnownFileType = sourcecode.c.objc; explicitFileType = undefined; includeInIndex = 0; };
		0CD64D2F1A7742A8930B09BF /* CDVLocalFilesystem.m */ = {isa = PBXFileReference; name = "CDVLocalFilesystem.m"; path = "cordova-plugin-file/CDVLocalFilesystem.m"; sourceTree = "<group>"; fileEncoding = 4; lastKnownFileType = sourcecode.c.objc; explicitFileType = undefined; includeInIndex = 0; };
		4EA5E33B8E6F471090A3FA0F /* CDVAssetLibraryFilesystem.m */ = {isa = PBXFileReference; name = "CDVAssetLibraryFilesystem.m"; path = "cordova-plugin-file/CDVAssetLibraryFilesystem.m"; sourceTree = "<group>"; fileEncoding = 4; lastKnownFileType = sourcecode.c.objc; explicitFileType = undefined; includeInIndex = 0; };
		1560DE5A2D304769A7432778 /* CDVFile.h */ = {isa = PBXFileReference; name = "CDVFile.h"; path = "cordova-plugin-file/CDVFile.h"; sourceTree = "<group>"; fileEncoding = 4; lastKnownFileType = sourcecode.c.h; explicitFileType = undefined; includeInIndex = 0; };
		119D847798F7495F88EFA51B /* CDVLocalFilesystem.h */ = {isa = PBXFileReference; name = "CDVLocalFilesystem.h"; path = "cordova-plugin-file/CDVLocalFilesystem.h"; sourceTree = "<group>"; fileEncoding = 4; lastKnownFileType = sourcecode.c.h; explicitFileType = undefined; includeInIndex = 0; };
		22350AACB2204AD5874E69DE /* CDVAssetLibraryFilesystem.h */ = {isa = PBXFileReference; name = "CDVAssetLibraryFilesystem.h"; path = "cordova-plugin-file/CDVAssetLibraryFilesystem.h"; sourceTree = "<group>"; fileEncoding = 4; lastKnownFileType = sourcecode.c.h; explicitFileType = undefined; includeInIndex = 0; };
		8DF1F0D9F1B241AFB8E8AF96 /* FileOpener2.m */ = {isa = PBXFileReference; name = "FileOpener2.m"; path = "cordova-plugin-file-opener2/FileOpener2.m"; sourceTree = "<group>"; fileEncoding = 4; lastKnownFileType = sourcecode.c.objc; explicitFileType = undefined; includeInIndex = 0; };
		4774617859CD4176BD41AF9F /* FileOpener2.h */ = {isa = PBXFileReference; name = "FileOpener2.h"; path = "cordova-plugin-file-opener2/FileOpener2.h"; sourceTree = "<group>"; fileEncoding = 4; lastKnownFileType = sourcecode.c.h; explicitFileType = undefined; includeInIndex = 0; };
		85CF4C9BC09F41449C198D95 /* CDVFileTransfer.m */ = {isa = PBXFileReference; name = "CDVFileTransfer.m"; path = "cordova-plugin-file-transfer/CDVFileTransfer.m"; sourceTree = "<group>"; fileEncoding = 4; lastKnownFileType = sourcecode.c.objc; explicitFileType = undefined; includeInIndex = 0; };
		AA2B8DAB6381443CADE85DA9 /* CDVFileTransfer.h */ = {isa = PBXFileReference; name = "CDVFileTransfer.h"; path = "cordova-plugin-file-transfer/CDVFileTransfer.h"; sourceTree = "<group>"; fileEncoding = 4; lastKnownFileType = sourcecode.c.h; explicitFileType = undefined; includeInIndex = 0; };
		CB3A5775761E414796AFD427 /* CDVLocation.m */ = {isa = PBXFileReference; name = "CDVLocation.m"; path = "cordova-plugin-geolocation/CDVLocation.m"; sourceTree = "<group>"; fileEncoding = 4; lastKnownFileType = sourcecode.c.objc; explicitFileType = undefined; includeInIndex = 0; };
		DBABE02D0DAC4770AAEBDC16 /* CDVLocation.h */ = {isa = PBXFileReference; name = "CDVLocation.h"; path = "cordova-plugin-geolocation/CDVLocation.h"; sourceTree = "<group>"; fileEncoding = 4; lastKnownFileType = sourcecode.c.h; explicitFileType = undefined; includeInIndex = 0; };
		FFCB5BDAA6F6495FA8AEF351 /* CDVConnection.m */ = {isa = PBXFileReference; name = "CDVConnection.m"; path = "cordova-plugin-network-information/CDVConnection.m"; sourceTree = "<group>"; fileEncoding = 4; lastKnownFileType = sourcecode.c.objc; explicitFileType = undefined; includeInIndex = 0; };
		0558F381901A4F27AC8B626A /* CDVReachability.m */ = {isa = PBXFileReference; name = "CDVReachability.m"; path = "cordova-plugin-network-information/CDVReachability.m"; sourceTree = "<group>"; fileEncoding = 4; lastKnownFileType = sourcecode.c.objc; explicitFileType = undefined; includeInIndex = 0; };
		7E420C94549F4644AC7CE3CD /* CDVConnection.h */ = {isa = PBXFileReference; name = "CDVConnection.h"; path = "cordova-plugin-network-information/CDVConnection.h"; sourceTree = "<group>"; fileEncoding = 4; lastKnownFileType = sourcecode.c.h; explicitFileType = undefined; includeInIndex = 0; };
		5F98A325E5A24387AC73779A /* CDVReachability.h */ = {isa = PBXFileReference; name = "CDVReachability.h"; path = "cordova-plugin-network-information/CDVReachability.h"; sourceTree = "<group>"; fileEncoding = 4; lastKnownFileType = sourcecode.c.h; explicitFileType = undefined; includeInIndex = 0; };
		84DDD9D3BAEC43568F45ECCF /* SystemConfiguration.framework */ = {isa = PBXFileReference; name = "SystemConfiguration.framework"; path = "System/Library/Frameworks/SystemConfiguration.framework"; sourceTree = SDKROOT; fileEncoding = undefined; lastKnownFileType = wrapper.framework; explicitFileType = undefined; includeInIndex = 0; };
		BB7617FD81644027909C086D /* CoreTelephony.framework */ = {isa = PBXFileReference; name = "CoreTelephony.framework"; path = "System/Library/Frameworks/CoreTelephony.framework"; sourceTree = SDKROOT; fileEncoding = undefined; lastKnownFileType = wrapper.framework; explicitFileType = undefined; includeInIndex = 0; };
		F3B84DC69AE04A0E8F9C36D5 /* CDVSplashScreen.m */ = {isa = PBXFileReference; name = "CDVSplashScreen.m"; path = "cordova-plugin-splashscreen/CDVSplashScreen.m"; sourceTree = "<group>"; fileEncoding = 4; lastKnownFileType = sourcecode.c.objc; explicitFileType = undefined; includeInIndex = 0; };
		FAF73EB1C25941BBB85DB599 /* CDVViewController+SplashScreen.m */ = {isa = PBXFileReference; name = "CDVViewController+SplashScreen.m"; path = "cordova-plugin-splashscreen/CDVViewController+SplashScreen.m"; sourceTree = "<group>"; fileEncoding = 4; lastKnownFileType = sourcecode.c.objc; explicitFileType = undefined; includeInIndex = 0; };
		31144F0AB2A74CB5B55EBEC7 /* CDVSplashScreen.h */ = {isa = PBXFileReference; name = "CDVSplashScreen.h"; path = "cordova-plugin-splashscreen/CDVSplashScreen.h"; sourceTree = "<group>"; fileEncoding = 4; lastKnownFileType = sourcecode.c.h; explicitFileType = undefined; includeInIndex = 0; };
		57EAC207625A42B9B603B715 /* CDVViewController+SplashScreen.h */ = {isa = PBXFileReference; name = "CDVViewController+SplashScreen.h"; path = "cordova-plugin-splashscreen/CDVViewController+SplashScreen.h"; sourceTree = "<group>"; fileEncoding = 4; lastKnownFileType = sourcecode.c.h; explicitFileType = undefined; includeInIndex = 0; };
		2EAB14F1B98E4C6AB86A4A9F /* SSZipArchive.m */ = {isa = PBXFileReference; name = "SSZipArchive.m"; path = "cordova-plugin-zip/SSZipArchive.m"; sourceTree = "<group>"; fileEncoding = 4; lastKnownFileType = sourcecode.c.objc; explicitFileType = undefined; includeInIndex = 0; };
		82E0B99AEF794EC19579081D /* zip.c */ = {isa = PBXFileReference; name = "zip.c"; path = "cordova-plugin-zip/Plugins/minizip/zip.c"; sourceTree = "<group>"; fileEncoding = undefined; lastKnownFileType = unknown; explicitFileType = undefined; includeInIndex = 0; };
		AA5E698F51DB4E14BB8D4EBA /* unzip.c */ = {isa = PBXFileReference; name = "unzip.c"; path = "cordova-plugin-zip/Plugins/minizip/unzip.c"; sourceTree = "<group>"; fileEncoding = undefined; lastKnownFileType = unknown; explicitFileType = undefined; includeInIndex = 0; };
		C5ADCD494A9644EC82D58BD8 /* ioapi.c */ = {isa = PBXFileReference; name = "ioapi.c"; path = "cordova-plugin-zip/Plugins/minizip/ioapi.c"; sourceTree = "<group>"; fileEncoding = undefined; lastKnownFileType = unknown; explicitFileType = undefined; includeInIndex = 0; };
		37CC472F8D43439890C434D9 /* crypt.c */ = {isa = PBXFileReference; name = "crypt.c"; path = "cordova-plugin-zip/Plugins/minizip/crypt.c"; sourceTree = "<group>"; fileEncoding = undefined; lastKnownFileType = unknown; explicitFileType = undefined; includeInIndex = 0; };
		9ED3AA66150A468C9EDD86D6 /* ioapi_buf.c */ = {isa = PBXFileReference; name = "ioapi_buf.c"; path = "cordova-plugin-zip/Plugins/minizip/ioapi_buf.c"; sourceTree = "<group>"; fileEncoding = undefined; lastKnownFileType = unknown; explicitFileType = undefined; includeInIndex = 0; };
		3AFED09012D9499EB1D5074D /* ioapi_mem.c */ = {isa = PBXFileReference; name = "ioapi_mem.c"; path = "cordova-plugin-zip/Plugins/minizip/ioapi_mem.c"; sourceTree = "<group>"; fileEncoding = undefined; lastKnownFileType = unknown; explicitFileType = undefined; includeInIndex = 0; };
		C21DD356EB3C4312A5911AD7 /* minishared.c */ = {isa = PBXFileReference; name = "minishared.c"; path = "cordova-plugin-zip/Plugins/minizip/minishared.c"; sourceTree = "<group>"; fileEncoding = undefined; lastKnownFileType = unknown; explicitFileType = undefined; includeInIndex = 0; };
		0D0C7EE4A84A4BFF866E9332 /* aes_ni.c */ = {isa = PBXFileReference; name = "aes_ni.c"; path = "cordova-plugin-zip/Plugins/aes/aes_ni.c"; sourceTree = "<group>"; fileEncoding = undefined; lastKnownFileType = unknown; explicitFileType = undefined; includeInIndex = 0; };
		EE07DDF6874A49048B066B2F /* aescrypt.c */ = {isa = PBXFileReference; name = "aescrypt.c"; path = "cordova-plugin-zip/Plugins/aes/aescrypt.c"; sourceTree = "<group>"; fileEncoding = undefined; lastKnownFileType = unknown; explicitFileType = undefined; includeInIndex = 0; };
		73911031F9714BB79D0F0308 /* aeskey.c */ = {isa = PBXFileReference; name = "aeskey.c"; path = "cordova-plugin-zip/Plugins/aes/aeskey.c"; sourceTree = "<group>"; fileEncoding = undefined; lastKnownFileType = unknown; explicitFileType = undefined; includeInIndex = 0; };
		901AAE6C02BD41669124A08A /* aestab.c */ = {isa = PBXFileReference; name = "aestab.c"; path = "cordova-plugin-zip/Plugins/aes/aestab.c"; sourceTree = "<group>"; fileEncoding = undefined; lastKnownFileType = unknown; explicitFileType = undefined; includeInIndex = 0; };
		21F40697F5F946F6AC6C0AB0 /* fileenc.c */ = {isa = PBXFileReference; name = "fileenc.c"; path = "cordova-plugin-zip/Plugins/aes/fileenc.c"; sourceTree = "<group>"; fileEncoding = undefined; lastKnownFileType = unknown; explicitFileType = undefined; includeInIndex = 0; };
		2E5A1B8DCB2842AF870E80F1 /* hmac.c */ = {isa = PBXFileReference; name = "hmac.c"; path = "cordova-plugin-zip/Plugins/aes/hmac.c"; sourceTree = "<group>"; fileEncoding = undefined; lastKnownFileType = unknown; explicitFileType = undefined; includeInIndex = 0; };
		294AF0EFBA3541E3B4258B63 /* prng.c */ = {isa = PBXFileReference; name = "prng.c"; path = "cordova-plugin-zip/Plugins/aes/prng.c"; sourceTree = "<group>"; fileEncoding = undefined; lastKnownFileType = unknown; explicitFileType = undefined; includeInIndex = 0; };
		8FE0D8C95A06426888F3E804 /* pwd2key.c */ = {isa = PBXFileReference; name = "pwd2key.c"; path = "cordova-plugin-zip/Plugins/aes/pwd2key.c"; sourceTree = "<group>"; fileEncoding = undefined; lastKnownFileType = unknown; explicitFileType = undefined; includeInIndex = 0; };
		866ABA5ABC00491BB414662F /* sha1.c */ = {isa = PBXFileReference; name = "sha1.c"; path = "cordova-plugin-zip/Plugins/aes/sha1.c"; sourceTree = "<group>"; fileEncoding = undefined; lastKnownFileType = unknown; explicitFileType = undefined; includeInIndex = 0; };
		E6C9FE233D384B6BB704C98F /* SSZipArchive.h */ = {isa = PBXFileReference; name = "SSZipArchive.h"; path = "cordova-plugin-zip/SSZipArchive.h"; sourceTree = "<group>"; fileEncoding = 4; lastKnownFileType = sourcecode.c.h; explicitFileType = undefined; includeInIndex = 0; };
		C1753322EA48427ABD1E01B9 /* SSZipCommon.h */ = {isa = PBXFileReference; name = "SSZipCommon.h"; path = "cordova-plugin-zip/SSZipCommon.h"; sourceTree = "<group>"; fileEncoding = 4; lastKnownFileType = sourcecode.c.h; explicitFileType = undefined; includeInIndex = 0; };
		536A6093CD32424D9BE9B47F /* ZipArchive.h */ = {isa = PBXFileReference; name = "ZipArchive.h"; path = "cordova-plugin-zip/ZipArchive.h"; sourceTree = "<group>"; fileEncoding = 4; lastKnownFileType = sourcecode.c.h; explicitFileType = undefined; includeInIndex = 0; };
		AA8424324B734224B09154EC /* zip.h */ = {isa = PBXFileReference; name = "zip.h"; path = "cordova-plugin-zip/Plugins/minizip/zip.h"; sourceTree = "<group>"; fileEncoding = 4; lastKnownFileType = sourcecode.c.h; explicitFileType = undefined; includeInIndex = 0; };
		2C06AB091DF54FF1891F5B15 /* unzip.h */ = {isa = PBXFileReference; name = "unzip.h"; path = "cordova-plugin-zip/Plugins/minizip/unzip.h"; sourceTree = "<group>"; fileEncoding = 4; lastKnownFileType = sourcecode.c.h; explicitFileType = undefined; includeInIndex = 0; };
		BBB4781791474B8597CD4899 /* ioapi.h */ = {isa = PBXFileReference; name = "ioapi.h"; path = "cordova-plugin-zip/Plugins/minizip/ioapi.h"; sourceTree = "<group>"; fileEncoding = 4; lastKnownFileType = sourcecode.c.h; explicitFileType = undefined; includeInIndex = 0; };
		46DBA6BAAEE44983BA12C338 /* crypt.h */ = {isa = PBXFileReference; name = "crypt.h"; path = "cordova-plugin-zip/Plugins/minizip/crypt.h"; sourceTree = "<group>"; fileEncoding = 4; lastKnownFileType = sourcecode.c.h; explicitFileType = undefined; includeInIndex = 0; };
		1E31802CE0C8445A97C8F88F /* ioapi_buf.h */ = {isa = PBXFileReference; name = "ioapi_buf.h"; path = "cordova-plugin-zip/Plugins/minizip/ioapi_buf.h"; sourceTree = "<group>"; fileEncoding = 4; lastKnownFileType = sourcecode.c.h; explicitFileType = undefined; includeInIndex = 0; };
		B29F1DBDEB6A4CD4A7FDB3A6 /* ioapi_mem.h */ = {isa = PBXFileReference; name = "ioapi_mem.h"; path = "cordova-plugin-zip/Plugins/minizip/ioapi_mem.h"; sourceTree = "<group>"; fileEncoding = 4; lastKnownFileType = sourcecode.c.h; explicitFileType = undefined; includeInIndex = 0; };
		2AB82EC4F1F64BC3ACE0C04C /* minishared.h */ = {isa = PBXFileReference; name = "minishared.h"; path = "cordova-plugin-zip/Plugins/minizip/minishared.h"; sourceTree = "<group>"; fileEncoding = 4; lastKnownFileType = sourcecode.c.h; explicitFileType = undefined; includeInIndex = 0; };
		F03F1EAA52FC450C8D91C105 /* aes.h */ = {isa = PBXFileReference; name = "aes.h"; path = "cordova-plugin-zip/Plugins/aes/aes.h"; sourceTree = "<group>"; fileEncoding = 4; lastKnownFileType = sourcecode.c.h; explicitFileType = undefined; includeInIndex = 0; };
		45486957B94C4BF0B06DCFFF /* aes_ni.h */ = {isa = PBXFileReference; name = "aes_ni.h"; path = "cordova-plugin-zip/Plugins/aes/aes_ni.h"; sourceTree = "<group>"; fileEncoding = 4; lastKnownFileType = sourcecode.c.h; explicitFileType = undefined; includeInIndex = 0; };
		705588E6896F49C08F21A2E4 /* aesopt.h */ = {isa = PBXFileReference; name = "aesopt.h"; path = "cordova-plugin-zip/Plugins/aes/aesopt.h"; sourceTree = "<group>"; fileEncoding = 4; lastKnownFileType = sourcecode.c.h; explicitFileType = undefined; includeInIndex = 0; };
		7462FF8ACF6F415BA81B0F9D /* aestab.h */ = {isa = PBXFileReference; name = "aestab.h"; path = "cordova-plugin-zip/Plugins/aes/aestab.h"; sourceTree = "<group>"; fileEncoding = 4; lastKnownFileType = sourcecode.c.h; explicitFileType = undefined; includeInIndex = 0; };
		58E90327B7FB43099051A7B6 /* brg_endian.h */ = {isa = PBXFileReference; name = "brg_endian.h"; path = "cordova-plugin-zip/Plugins/aes/brg_endian.h"; sourceTree = "<group>"; fileEncoding = 4; lastKnownFileType = sourcecode.c.h; explicitFileType = undefined; includeInIndex = 0; };
		A1968A9BE1DD4950952D8C78 /* brg_types.h */ = {isa = PBXFileReference; name = "brg_types.h"; path = "cordova-plugin-zip/Plugins/aes/brg_types.h"; sourceTree = "<group>"; fileEncoding = 4; lastKnownFileType = sourcecode.c.h; explicitFileType = undefined; includeInIndex = 0; };
		0722E1A25AFE4FC9918EE8B4 /* fileenc.h */ = {isa = PBXFileReference; name = "fileenc.h"; path = "cordova-plugin-zip/Plugins/aes/fileenc.h"; sourceTree = "<group>"; fileEncoding = 4; lastKnownFileType = sourcecode.c.h; explicitFileType = undefined; includeInIndex = 0; };
		C7E3EFC645BE4589BF747675 /* hmac.h */ = {isa = PBXFileReference; name = "hmac.h"; path = "cordova-plugin-zip/Plugins/aes/hmac.h"; sourceTree = "<group>"; fileEncoding = 4; lastKnownFileType = sourcecode.c.h; explicitFileType = undefined; includeInIndex = 0; };
		3867694E986A4A5C9A23254F /* prng.h */ = {isa = PBXFileReference; name = "prng.h"; path = "cordova-plugin-zip/Plugins/aes/prng.h"; sourceTree = "<group>"; fileEncoding = 4; lastKnownFileType = sourcecode.c.h; explicitFileType = undefined; includeInIndex = 0; };
		803E4B1E13AD43DBA165BA87 /* pwd2key.h */ = {isa = PBXFileReference; name = "pwd2key.h"; path = "cordova-plugin-zip/Plugins/aes/pwd2key.h"; sourceTree = "<group>"; fileEncoding = 4; lastKnownFileType = sourcecode.c.h; explicitFileType = undefined; includeInIndex = 0; };
		BA263D7458E04C67B0F582F8 /* sha1.h */ = {isa = PBXFileReference; name = "sha1.h"; path = "cordova-plugin-zip/Plugins/aes/sha1.h"; sourceTree = "<group>"; fileEncoding = 4; lastKnownFileType = sourcecode.c.h; explicitFileType = undefined; includeInIndex = 0; };
		C8027B41DF344CB88CA2E7AD /* libz.dylib */ = {isa = PBXFileReference; name = "libz.dylib"; path = "usr/lib/libz.dylib"; sourceTree = SDKROOT; fileEncoding = undefined; lastKnownFileType = compiled.mach-o.dylib; explicitFileType = undefined; includeInIndex = 0; };
		DA3A1247B5F7422C99B4C05A /* SQLitePlugin.m */ = {isa = PBXFileReference; name = "SQLitePlugin.m"; path = "cordova-sqlite-storage/SQLitePlugin.m"; sourceTree = "<group>"; fileEncoding = 4; lastKnownFileType = sourcecode.c.objc; explicitFileType = undefined; includeInIndex = 0; };
		CD5E9AFC91E64F21AFC96146 /* PSPDFThreadSafeMutableDictionary.m */ = {isa = PBXFileReference; name = "PSPDFThreadSafeMutableDictionary.m"; path = "cordova-sqlite-storage/PSPDFThreadSafeMutableDictionary.m"; sourceTree = "<group>"; fileEncoding = 4; lastKnownFileType = sourcecode.c.objc; explicitFileType = undefined; includeInIndex = 0; };
		C34207591D4741BDB6A217ED /* sqlite3.c */ = {isa = PBXFileReference; name = "sqlite3.c"; path = "cordova-sqlite-storage/sqlite3.c"; sourceTree = "<group>"; fileEncoding = undefined; lastKnownFileType = unknown; explicitFileType = undefined; includeInIndex = 0; };
		654686B5B3584C8DB8E4FB71 /* SQLitePlugin.h */ = {isa = PBXFileReference; name = "SQLitePlugin.h"; path = "cordova-sqlite-storage/SQLitePlugin.h"; sourceTree = "<group>"; fileEncoding = 4; lastKnownFileType = sourcecode.c.h; explicitFileType = undefined; includeInIndex = 0; };
		B27D3A390FF44BE59CBA4616 /* PSPDFThreadSafeMutableDictionary.h */ = {isa = PBXFileReference; name = "PSPDFThreadSafeMutableDictionary.h"; path = "cordova-sqlite-storage/PSPDFThreadSafeMutableDictionary.h"; sourceTree = "<group>"; fileEncoding = 4; lastKnownFileType = sourcecode.c.h; explicitFileType = undefined; includeInIndex = 0; };
		5CE5DE592632471584D61C3B /* sqlite3.h */ = {isa = PBXFileReference; name = "sqlite3.h"; path = "cordova-sqlite-storage/sqlite3.h"; sourceTree = "<group>"; fileEncoding = 4; lastKnownFileType = sourcecode.c.h; explicitFileType = undefined; includeInIndex = 0; };
/* End PBXFileReference section */

/* Begin PBXFrameworksBuildPhase section */
		1D60588F0D05DD3D006BFB54 /* Frameworks */ = {
			isa = PBXFrameworksBuildPhase;
			buildActionMask = 2147483647;
			files = (
				301BF552109A68D80062928A /* libCordova.a in Frameworks */,
				94809C54CF9449A180B117C4 /* ImageIO.framework in Frameworks */,
				D38B959C98DE435D9EA01CCE /* CoreLocation.framework in Frameworks */,
				61AF871AB489478FBC098AD7 /* AVFoundation.framework in Frameworks */,
				45E6F6532823447F907AA444 /* SystemConfiguration.framework in Frameworks */,
				1EE42D92A2A04340892C93AF /* CoreTelephony.framework in Frameworks */,
				17E5058CF0E447D58EB9E188 /* libz.dylib in Frameworks */,
			);
			runOnlyForDeploymentPostprocessing = 0;
		};
/* End PBXFrameworksBuildPhase section */

/* Begin PBXGroup section */
		080E96DDFE201D6D7F000001 /* Classes */ = {
			isa = PBXGroup;
			children = (
				302D95EE14D2391D003F00A1 /* MainViewController.h */,
				302D95EF14D2391D003F00A1 /* MainViewController.m */,
				302D95F014D2391D003F00A1 /* MainViewController.xib */,
				1D3623240D0F684500981E51 /* AppDelegate.h */,
				1D3623250D0F684500981E51 /* AppDelegate.m */,
			);
			name = Classes;
			path = "ESFA - Enterprise Surveillance Field App/Classes";
			sourceTree = SOURCE_ROOT;
		};
		19C28FACFE9D520D11CA2CBB /* Products */ = {
			isa = PBXGroup;
			children = (
				1D6058910D05DD3D006BFB54 /* ESFA - Enterprise Surveillance Field App.app */,
			);
			name = Products;
			sourceTree = "<group>";
		};
		29B97314FDCFA39411CA2CEA /* CustomTemplate */ = {
			isa = PBXGroup;
			children = (
				EB87FDF41871DAF40020F90C /* config.xml */,
				EB87FDF31871DA8E0020F90C /* www */,
				EB87FDF11871DA420020F90C /* Staging */,
				301BF52D109A57CC0062928A /* CordovaLib.xcodeproj */,
				080E96DDFE201D6D7F000001 /* Classes */,
				307C750510C5A3420062BCA9 /* Plugins */,
				29B97315FDCFA39411CA2CEA /* Other Sources */,
				29B97317FDCFA39411CA2CEA /* Resources */,
				29B97323FDCFA39411CA2CEA /* Frameworks */,
				19C28FACFE9D520D11CA2CBB /* Products */,
			);
			name = CustomTemplate;
			sourceTree = "<group>";
		};
		29B97315FDCFA39411CA2CEA /* Other Sources */ = {
			isa = PBXGroup;
			children = (
				32CA4F630368D1EE00C91783 /* ESFA - Enterprise Surveillance Field App-Prefix.pch */,
				29B97316FDCFA39411CA2CEA /* main.m */,
				ED33DF2A687741AEAF9F8254 /* Bridging-Header.h */,
			);
			name = "Other Sources";
			path = "ESFA - Enterprise Surveillance Field App";
			sourceTree = "<group>";
		};
		29B97317FDCFA39411CA2CEA /* Resources */ = {
			isa = PBXGroup;
			children = (
				0207DA571B56EA530066E2B4 /* Images.xcassets */,
				3047A50E1AB8057F00498E2A /* config */,
				8D1107310486CEB800E47090 /* ESFA - Enterprise Surveillance Field App-Info.plist */,
			);
			name = Resources;
			path = "ESFA - Enterprise Surveillance Field App/Resources";
			sourceTree = "<group>";
		};
		29B97323FDCFA39411CA2CEA /* Frameworks */ = {
			isa = PBXGroup;
			children = (
				7F53FBCA82F946E4B65AC382 /* ImageIO.framework */,
				4C10E25B2B3B418AAB74FA16 /* CoreLocation.framework */,
				920D9B7112FA42DC81BD8AA4 /* AVFoundation.framework */,
				84DDD9D3BAEC43568F45ECCF /* SystemConfiguration.framework */,
				BB7617FD81644027909C086D /* CoreTelephony.framework */,
				C8027B41DF344CB88CA2E7AD /* libz.dylib */,
			);
			name = Frameworks;
			sourceTree = "<group>";
		};
		301BF52E109A57CC0062928A /* Products */ = {
			isa = PBXGroup;
			children = (
				301BF535109A57CC0062928A /* libCordova.a */,
			);
			name = Products;
			sourceTree = "<group>";
		};
		3047A50E1AB8057F00498E2A /* config */ = {
			isa = PBXGroup;
			children = (
				3047A50F1AB8059700498E2A /* build-debug.xcconfig */,
				3047A5101AB8059700498E2A /* build-release.xcconfig */,
				3047A5111AB8059700498E2A /* build.xcconfig */,
			);
			name = config;
			sourceTree = "<group>";
		};
		307C750510C5A3420062BCA9 /* Plugins */ = {
			isa = PBXGroup;
			children = (
				9AFE7BDFCFE4435FA02E6C47 /* AppVersion.m */,
				0AA0F247AB824DB4AC2C8B8E /* AppVersion.h */,
				56719B281BB94254A6581193 /* RareloopAppVersion.m */,
				602C6594B9FE4FC3A75A82E0 /* RareloopAppVersion.h */,
				7D64C63BA18C409482FB6438 /* UIImage+CropScaleOrientation.m */,
				EB8814B005CB4F7E8A0B4D69 /* CDVCamera.m */,
				EBBA33CC94BE4301B1AFD714 /* CDVJpegHeaderWriter.m */,
				11B20070639B4895BFBF4DAF /* UIImage+CropScaleOrientation.h */,
				F6708EA863D247DD9CFD480C /* CDVCamera.h */,
				BD72093E5FFE40B1910EE5B2 /* CDVJpegHeaderWriter.h */,
				BD5CFFD280064A5C83880507 /* CDVExif.h */,
				C943340264A74A2E93E4DB36 /* CDVDevice.m */,
				3A6E3D048F874E609D823B40 /* CDVDevice.h */,
				243214434D2C40BD80CED4A4 /* CDVFile.m */,
				0CD64D2F1A7742A8930B09BF /* CDVLocalFilesystem.m */,
				4EA5E33B8E6F471090A3FA0F /* CDVAssetLibraryFilesystem.m */,
				1560DE5A2D304769A7432778 /* CDVFile.h */,
				119D847798F7495F88EFA51B /* CDVLocalFilesystem.h */,
				22350AACB2204AD5874E69DE /* CDVAssetLibraryFilesystem.h */,
				8DF1F0D9F1B241AFB8E8AF96 /* FileOpener2.m */,
				4774617859CD4176BD41AF9F /* FileOpener2.h */,
				85CF4C9BC09F41449C198D95 /* CDVFileTransfer.m */,
				AA2B8DAB6381443CADE85DA9 /* CDVFileTransfer.h */,
				CB3A5775761E414796AFD427 /* CDVLocation.m */,
				DBABE02D0DAC4770AAEBDC16 /* CDVLocation.h */,
				FFCB5BDAA6F6495FA8AEF351 /* CDVConnection.m */,
				0558F381901A4F27AC8B626A /* CDVReachability.m */,
				7E420C94549F4644AC7CE3CD /* CDVConnection.h */,
				5F98A325E5A24387AC73779A /* CDVReachability.h */,
				F3B84DC69AE04A0E8F9C36D5 /* CDVSplashScreen.m */,
				FAF73EB1C25941BBB85DB599 /* CDVViewController+SplashScreen.m */,
				31144F0AB2A74CB5B55EBEC7 /* CDVSplashScreen.h */,
				57EAC207625A42B9B603B715 /* CDVViewController+SplashScreen.h */,
				2EAB14F1B98E4C6AB86A4A9F /* SSZipArchive.m */,
				82E0B99AEF794EC19579081D /* zip.c */,
				AA5E698F51DB4E14BB8D4EBA /* unzip.c */,
				C5ADCD494A9644EC82D58BD8 /* ioapi.c */,
				37CC472F8D43439890C434D9 /* crypt.c */,
				9ED3AA66150A468C9EDD86D6 /* ioapi_buf.c */,
				3AFED09012D9499EB1D5074D /* ioapi_mem.c */,
				C21DD356EB3C4312A5911AD7 /* minishared.c */,
				0D0C7EE4A84A4BFF866E9332 /* aes_ni.c */,
				EE07DDF6874A49048B066B2F /* aescrypt.c */,
				73911031F9714BB79D0F0308 /* aeskey.c */,
				901AAE6C02BD41669124A08A /* aestab.c */,
				21F40697F5F946F6AC6C0AB0 /* fileenc.c */,
				2E5A1B8DCB2842AF870E80F1 /* hmac.c */,
				294AF0EFBA3541E3B4258B63 /* prng.c */,
				8FE0D8C95A06426888F3E804 /* pwd2key.c */,
				866ABA5ABC00491BB414662F /* sha1.c */,
				E6C9FE233D384B6BB704C98F /* SSZipArchive.h */,
				C1753322EA48427ABD1E01B9 /* SSZipCommon.h */,
				536A6093CD32424D9BE9B47F /* ZipArchive.h */,
				AA8424324B734224B09154EC /* zip.h */,
				2C06AB091DF54FF1891F5B15 /* unzip.h */,
				BBB4781791474B8597CD4899 /* ioapi.h */,
				46DBA6BAAEE44983BA12C338 /* crypt.h */,
				1E31802CE0C8445A97C8F88F /* ioapi_buf.h */,
				B29F1DBDEB6A4CD4A7FDB3A6 /* ioapi_mem.h */,
				2AB82EC4F1F64BC3ACE0C04C /* minishared.h */,
				F03F1EAA52FC450C8D91C105 /* aes.h */,
				45486957B94C4BF0B06DCFFF /* aes_ni.h */,
				705588E6896F49C08F21A2E4 /* aesopt.h */,
				7462FF8ACF6F415BA81B0F9D /* aestab.h */,
				58E90327B7FB43099051A7B6 /* brg_endian.h */,
				A1968A9BE1DD4950952D8C78 /* brg_types.h */,
				0722E1A25AFE4FC9918EE8B4 /* fileenc.h */,
				C7E3EFC645BE4589BF747675 /* hmac.h */,
				3867694E986A4A5C9A23254F /* prng.h */,
				803E4B1E13AD43DBA165BA87 /* pwd2key.h */,
				BA263D7458E04C67B0F582F8 /* sha1.h */,
				DA3A1247B5F7422C99B4C05A /* SQLitePlugin.m */,
				CD5E9AFC91E64F21AFC96146 /* PSPDFThreadSafeMutableDictionary.m */,
				C34207591D4741BDB6A217ED /* sqlite3.c */,
				654686B5B3584C8DB8E4FB71 /* SQLitePlugin.h */,
				B27D3A390FF44BE59CBA4616 /* PSPDFThreadSafeMutableDictionary.h */,
				5CE5DE592632471584D61C3B /* sqlite3.h */,
			);
			name = Plugins;
			path = "ESFA - Enterprise Surveillance Field App/Plugins";
			sourceTree = SOURCE_ROOT;
		};
		EB87FDF11871DA420020F90C /* Staging */ = {
			isa = PBXGroup;
			children = (
				F840E1F0165FE0F500CFE078 /* config.xml */,
				301BF56E109A69640062928A /* www */,
			);
			name = Staging;
			sourceTree = "<group>";
		};
/* End PBXGroup section */

/* Begin PBXNativeTarget section */
		1D6058900D05DD3D006BFB54 /* ESFA - Enterprise Surveillance Field App */ = {
			isa = PBXNativeTarget;
			buildConfigurationList = 1D6058960D05DD3E006BFB54 /* Build configuration list for PBXNativeTarget "ESFA - Enterprise Surveillance Field App" */;
			buildPhases = (
				304B58A110DAC018002A0835 /* Copy www directory */,
				1D60588D0D05DD3D006BFB54 /* Resources */,
				1D60588E0D05DD3D006BFB54 /* Sources */,
				1D60588F0D05DD3D006BFB54 /* Frameworks */,
			);
			buildRules = (
			);
			dependencies = (
				301BF551109A68C00062928A /* PBXTargetDependency */,
			);
			name = "ESFA - Enterprise Surveillance Field App";
			productName = "ESFA - Enterprise Surveillance Field App";
			productReference = 1D6058910D05DD3D006BFB54 /* ESFA - Enterprise Surveillance Field App.app */;
			productType = "com.apple.product-type.application";
		};
/* End PBXNativeTarget section */

/* Begin PBXProject section */
		29B97313FDCFA39411CA2CEA /* Project object */ = {
			isa = PBXProject;
			attributes = {
				LastUpgradeCheck = 510;
			};
			buildConfigurationList = C01FCF4E08A954540054247B /* Build configuration list for PBXProject "__NON-CLI__" */;
			compatibilityVersion = "Xcode 3.2";
			developmentRegion = English;
			hasScannedForEncodings = 1;
			mainGroup = 29B97314FDCFA39411CA2CEA /* CustomTemplate */;
			projectDirPath = "";
			projectReferences = (
				{
					ProductGroup = 301BF52E109A57CC0062928A /* Products */;
					ProjectRef = 301BF52D109A57CC0062928A /* CordovaLib.xcodeproj */;
				},
			);
			projectRoot = "";
			targets = (
				1D6058900D05DD3D006BFB54 /* ESFA - Enterprise Surveillance Field App */,
			);
		};
/* End PBXProject section */

/* Begin PBXReferenceProxy section */
		301BF535109A57CC0062928A /* libCordova.a */ = {
			isa = PBXReferenceProxy;
			fileType = archive.ar;
			path = libCordova.a;
			remoteRef = 301BF534109A57CC0062928A /* PBXContainerItemProxy */;
			sourceTree = BUILT_PRODUCTS_DIR;
		};
/* End PBXReferenceProxy section */

/* Begin PBXResourcesBuildPhase section */
		1D60588D0D05DD3D006BFB54 /* Resources */ = {
			isa = PBXResourcesBuildPhase;
			buildActionMask = 2147483647;
			files = (
				302D95F214D2391D003F00A1 /* MainViewController.xib in Resources */,
				0207DA581B56EA530066E2B4 /* Images.xcassets in Resources */,
			);
			runOnlyForDeploymentPostprocessing = 0;
		};
/* End PBXResourcesBuildPhase section */

/* Begin PBXShellScriptBuildPhase section */
		304B58A110DAC018002A0835 /* Copy www directory */ = {
			isa = PBXShellScriptBuildPhase;
			buildActionMask = 2147483647;
			files = (
			);
			inputPaths = (
			);
			name = "Copy www directory";
			outputPaths = (
			);
			runOnlyForDeploymentPostprocessing = 0;
			shellPath = /bin/sh;
			shellScript = "NODEJS_PATH=/usr/local/bin; NVM_NODE_PATH=~/.nvm/versions/node/`nvm version 2>/dev/null`/bin; N_NODE_PATH=`find /usr/local/n/versions/node/* -maxdepth 0 -type d 2>/dev/null | tail -1`/bin; XCODE_NODE_PATH=`xcode-select --print-path`/usr/share/xcs/Node/bin; PATH=$NODEJS_PATH:$NVM_NODE_PATH:$N_NODE_PATH:$XCODE_NODE_PATH:$PATH && node cordova/lib/copy-www-build-step.js";
			showEnvVarsInLog = 0;
		};
/* End PBXShellScriptBuildPhase section */

/* Begin PBXSourcesBuildPhase section */
		1D60588E0D05DD3D006BFB54 /* Sources */ = {
			isa = PBXSourcesBuildPhase;
			buildActionMask = 2147483647;
			files = (
				1D60589B0D05DD56006BFB54 /* main.m in Sources */,
				1D3623260D0F684500981E51 /* AppDelegate.m in Sources */,
				302D95F114D2391D003F00A1 /* MainViewController.m in Sources */,
				09D9F4CEA41E42528C002C3B /* AppVersion.m in Sources */,
				154BEAD066F443ABA2E72AB2 /* RareloopAppVersion.m in Sources */,
				8F2DBA354B4D4C368AF3AE0D /* UIImage+CropScaleOrientation.m in Sources */,
				DDF1FC71AC1E46FDBA5751C4 /* CDVCamera.m in Sources */,
				406F3B68040D4987B27F217B /* CDVJpegHeaderWriter.m in Sources */,
				8D6E6FEE01074345BAF2C762 /* CDVDevice.m in Sources */,
				520EA38A6F4842F6A99B6E8D /* CDVFile.m in Sources */,
				10110E80871043F9BE332C96 /* CDVLocalFilesystem.m in Sources */,
				1EF9C3D0337F40B48613D6DB /* CDVAssetLibraryFilesystem.m in Sources */,
				4828BEC3DECB40CEAD5C2258 /* FileOpener2.m in Sources */,
				0C5A96CCF2844816944C074B /* CDVFileTransfer.m in Sources */,
				26CD5E0810C94021A1A6B387 /* CDVLocation.m in Sources */,
				43166FA33BD34944AACB22A2 /* CDVConnection.m in Sources */,
				056CAE87CE8A4D7F949B86EA /* CDVReachability.m in Sources */,
				34DE8CCA06F44E05B0222372 /* CDVSplashScreen.m in Sources */,
				C75758BBD5F54C208F55CC4D /* CDVViewController+SplashScreen.m in Sources */,
				2251A9FCFEDD454297009D01 /* SSZipArchive.m in Sources */,
				678B4A6DE76A4CEA819AE395 /* zip.c in Resources */,
				A7BF8C7E634243188BBFC701 /* unzip.c in Resources */,
				0F77D29A6B9340C29D19014F /* ioapi.c in Resources */,
				166B090705A54156A209FBC4 /* crypt.c in Resources */,
				23DD489005934208BF9E97CE /* ioapi_buf.c in Resources */,
				2943A22AD20E46BDB8F3D4D6 /* ioapi_mem.c in Resources */,
				D035309A744E47B49EB9E3DF /* minishared.c in Resources */,
				0412834E9F124C8D9D8D459F /* aes_ni.c in Resources */,
				30A5DEEF9675410AA9C57DFE /* aescrypt.c in Resources */,
				75C7BB02CEE242A686DAA177 /* aeskey.c in Resources */,
				2BACC35B23B44AFFBA9AAC1D /* aestab.c in Resources */,
				CED6F026E3544360A7FE9EDC /* fileenc.c in Resources */,
				59A7DF3D0D11478AA6AC7022 /* hmac.c in Resources */,
				E748247EA7B44FCFBD4C36DE /* prng.c in Resources */,
				7898FE35970F4F87ACD36A0D /* pwd2key.c in Resources */,
				5328C576D6464FB3B77E9DC1 /* sha1.c in Resources */,
				21600E4F46EB4D51A6C4126B /* SQLitePlugin.m in Sources */,
				0AB521FC80AE4A82A849D8A1 /* PSPDFThreadSafeMutableDictionary.m in Sources */,
				20748A18B4814A199818BBEE /* sqlite3.c in Resources */,
			);
			runOnlyForDeploymentPostprocessing = 0;
		};
/* End PBXSourcesBuildPhase section */

/* Begin PBXTargetDependency section */
		301BF551109A68C00062928A /* PBXTargetDependency */ = {
			isa = PBXTargetDependency;
			name = CordovaLib;
			targetProxy = 301BF550109A68C00062928A /* PBXContainerItemProxy */;
		};
/* End PBXTargetDependency section */

/* Begin XCBuildConfiguration section */
		1D6058940D05DD3E006BFB54 /* Debug */ = {
			isa = XCBuildConfiguration;
			baseConfigurationReference = 3047A50F1AB8059700498E2A /* build-debug.xcconfig */;
			buildSettings = {
				ALWAYS_SEARCH_USER_PATHS = NO;
				ASSETCATALOG_COMPILER_APPICON_NAME = AppIcon;
				ASSETCATALOG_COMPILER_LAUNCHIMAGE_NAME = LaunchImage;
				CLANG_ENABLE_MODULES = YES;
				CLANG_ENABLE_OBJC_ARC = YES;
				COPY_PHASE_STRIP = NO;
				GCC_DYNAMIC_NO_PIC = NO;
				GCC_OPTIMIZATION_LEVEL = 0;
				GCC_PRECOMPILE_PREFIX_HEADER = YES;
				GCC_PREFIX_HEADER = "ESFA - Enterprise Surveillance Field App/ESFA - Enterprise Surveillance Field App-Prefix.pch";
				GCC_THUMB_SUPPORT = NO;
				GCC_VERSION = "";
				INFOPLIST_FILE = "ESFA - Enterprise Surveillance Field App/ESFA - Enterprise Surveillance Field App-Info.plist";
				LD_RUNPATH_SEARCH_PATHS = "@executable_path/Frameworks";
				PRODUCT_NAME = "ESFA - Enterprise Surveillance Field App";
				IPHONEOS_DEPLOYMENT_TARGET = 11.4;
			};
			name = Debug;
		};
		1D6058950D05DD3E006BFB54 /* Release */ = {
			isa = XCBuildConfiguration;
			baseConfigurationReference = 3047A5101AB8059700498E2A /* build-release.xcconfig */;
			buildSettings = {
				ALWAYS_SEARCH_USER_PATHS = NO;
				ASSETCATALOG_COMPILER_APPICON_NAME = AppIcon;
				ASSETCATALOG_COMPILER_LAUNCHIMAGE_NAME = LaunchImage;
				CLANG_ENABLE_MODULES = YES;
				CLANG_ENABLE_OBJC_ARC = YES;
				COPY_PHASE_STRIP = YES;
				GCC_PRECOMPILE_PREFIX_HEADER = YES;
				GCC_PREFIX_HEADER = "ESFA - Enterprise Surveillance Field App/ESFA - Enterprise Surveillance Field App-Prefix.pch";
				GCC_THUMB_SUPPORT = NO;
				GCC_VERSION = "";
				INFOPLIST_FILE = "ESFA - Enterprise Surveillance Field App/ESFA - Enterprise Surveillance Field App-Info.plist";
				PRODUCT_NAME = "ESFA - Enterprise Surveillance Field App";
				IPHONEOS_DEPLOYMENT_TARGET = 11.4;
			};
			name = Release;
		};
		C01FCF4F08A954540054247B /* Debug */ = {
			isa = XCBuildConfiguration;
			baseConfigurationReference = 3047A5111AB8059700498E2A /* build.xcconfig */;
			buildSettings = {
				CLANG_ENABLE_MODULES = YES;
				CLANG_ENABLE_OBJC_ARC = YES;
				CLANG_WARN_BOOL_CONVERSION = YES;
				CLANG_WARN_CONSTANT_CONVERSION = YES;
				CLANG_WARN_EMPTY_BODY = YES;
				CLANG_WARN_ENUM_CONVERSION = YES;
				CLANG_WARN_INT_CONVERSION = YES;
				CLANG_WARN__DUPLICATE_METHOD_MATCH = YES;
				GCC_C_LANGUAGE_STANDARD = c99;
				GCC_THUMB_SUPPORT = NO;
				GCC_VERSION = "";
				GCC_WARN_ABOUT_RETURN_TYPE = YES;
				GCC_WARN_UNDECLARED_SELECTOR = YES;
				GCC_WARN_UNINITIALIZED_AUTOS = YES;
				GCC_WARN_UNUSED_FUNCTION = YES;
				GCC_WARN_UNUSED_VARIABLE = YES;
				ONLY_ACTIVE_ARCH = YES;
				SDKROOT = iphoneos;
				SKIP_INSTALL = NO;
				IPHONEOS_DEPLOYMENT_TARGET = 11.4;
			};
			name = Debug;
		};
		C01FCF5008A954540054247B /* Release */ = {
			isa = XCBuildConfiguration;
			baseConfigurationReference = 3047A5111AB8059700498E2A /* build.xcconfig */;
			buildSettings = {
				CLANG_ENABLE_MODULES = YES;
				CLANG_ENABLE_OBJC_ARC = YES;
				CLANG_WARN_BOOL_CONVERSION = YES;
				CLANG_WARN_CONSTANT_CONVERSION = YES;
				CLANG_WARN_EMPTY_BODY = YES;
				CLANG_WARN_ENUM_CONVERSION = YES;
				CLANG_WARN_INT_CONVERSION = YES;
				CLANG_WARN__DUPLICATE_METHOD_MATCH = YES;
				GCC_C_LANGUAGE_STANDARD = c99;
				GCC_THUMB_SUPPORT = NO;
				GCC_VERSION = "";
				GCC_WARN_ABOUT_RETURN_TYPE = YES;
				GCC_WARN_UNDECLARED_SELECTOR = YES;
				GCC_WARN_UNINITIALIZED_AUTOS = YES;
				GCC_WARN_UNUSED_FUNCTION = YES;
				GCC_WARN_UNUSED_VARIABLE = YES;
				SDKROOT = iphoneos;
				SKIP_INSTALL = NO;
				IPHONEOS_DEPLOYMENT_TARGET = 11.4;
			};
			name = Release;
		};
/* End XCBuildConfiguration section */

/* Begin XCConfigurationList section */
		1D6058960D05DD3E006BFB54 /* Build configuration list for PBXNativeTarget "ESFA - Enterprise Surveillance Field App" */ = {
			isa = XCConfigurationList;
			buildConfigurations = (
				1D6058940D05DD3E006BFB54 /* Debug */,
				1D6058950D05DD3E006BFB54 /* Release */,
			);
			defaultConfigurationIsVisible = 0;
			defaultConfigurationName = Release;
		};
		C01FCF4E08A954540054247B /* Build configuration list for PBXProject "__NON-CLI__" */ = {
			isa = XCConfigurationList;
			buildConfigurations = (
				C01FCF4F08A954540054247B /* Debug */,
				C01FCF5008A954540054247B /* Release */,
			);
			defaultConfigurationIsVisible = 0;
			defaultConfigurationName = Release;
		};
/* End XCConfigurationList section */
	};
	rootObject = 29B97313FDCFA39411CA2CEA /* Project object */;
}
